// !$*UTF8*$!
{
	archiveVersion = 1;
	classes = {
	};
	objectVersion = 46;
	objects = {

/* Begin PBXBuildFile section */
		521D95641B19C615007C6661 /* SYModel.m in Sources */ = {isa = PBXBuildFile; fileRef = 521D95631B19C615007C6661 /* SYModel.m */; };
		521F02501B1404360098928E /* NSString+Tools.m in Sources */ = {isa = PBXBuildFile; fileRef = 521F02401B1404360098928E /* NSString+Tools.m */; };
		521F02511B1404360098928E /* UIImage+MIB.m in Sources */ = {isa = PBXBuildFile; fileRef = 521F02421B1404360098928E /* UIImage+MIB.m */; };
		521F02521B1404360098928E /* libGDTMobSDK_v3.3.a in Frameworks */ = {isa = PBXBuildFile; fileRef = 521F02471B1404360098928E /* libGDTMobSDK_v3.3.a */; };
		521F02531B1404360098928E /* MIBServer.m in Sources */ = {isa = PBXBuildFile; fileRef = 521F024A1B1404360098928E /* MIBServer.m */; };
		521F02541B1404360098928E /* MKDownloader.m in Sources */ = {isa = PBXBuildFile; fileRef = 521F024C1B1404360098928E /* MKDownloader.m */; };
		521F02551B1404360098928E /* libMobClickLibrary.a in Frameworks */ = {isa = PBXBuildFile; fileRef = 521F024E1B1404360098928E /* libMobClickLibrary.a */; };
		521F02591B1404FC0098928E /* EVCircularProgressView.m in Sources */ = {isa = PBXBuildFile; fileRef = 521F02581B1404FC0098928E /* EVCircularProgressView.m */; };
		521F02671B14056C0098928E /* SYRootViewController.m in Sources */ = {isa = PBXBuildFile; fileRef = 521F025D1B14056C0098928E /* SYRootViewController.m */; };
		521F02681B14056C0098928E /* SYCircleModel.m in Sources */ = {isa = PBXBuildFile; fileRef = 521F02601B14056C0098928E /* SYCircleModel.m */; };
		521F02691B14056C0098928E /* VolumeList.plist in Resources */ = {isa = PBXBuildFile; fileRef = 521F02611B14056C0098928E /* VolumeList.plist */; };
		521F026A1B14056C0098928E /* SYCircleCell.m in Sources */ = {isa = PBXBuildFile; fileRef = 521F02641B14056C0098928E /* SYCircleCell.m */; };
		521F026B1B14056C0098928E /* SYCollectionViewLayout.m in Sources */ = {isa = PBXBuildFile; fileRef = 521F02661B14056C0098928E /* SYCollectionViewLayout.m */; };
		521F02921B1406600098928E /* SYAudioController.m in Sources */ = {isa = PBXBuildFile; fileRef = 521F026F1B1406600098928E /* SYAudioController.m */; };
		521F02931B1406600098928E /* SYPlayingViewController.m in Sources */ = {isa = PBXBuildFile; fileRef = 521F02711B1406600098928E /* SYPlayingViewController.m */; };
		521F02941B1406600098928E /* SYMediaInfo.m in Sources */ = {isa = PBXBuildFile; fileRef = 521F02741B1406600098928E /* SYMediaInfo.m */; };
		521F02951B1406600098928E /* SYAlbum.m in Sources */ = {isa = PBXBuildFile; fileRef = 521F02761B1406600098928E /* SYAlbum.m */; };
		521F02961B1406600098928E /* SYAuthor.m in Sources */ = {isa = PBXBuildFile; fileRef = 521F02781B1406600098928E /* SYAuthor.m */; };
		521F02971B1406600098928E /* SYSong.m in Sources */ = {isa = PBXBuildFile; fileRef = 521F027A1B1406600098928E /* SYSong.m */; };
		521F02981B1406600098928E /* SYGradientView.m in Sources */ = {isa = PBXBuildFile; fileRef = 521F027E1B1406600098928E /* SYGradientView.m */; };
		521F02991B1406600098928E /* SYLrcMaskLayer.m in Sources */ = {isa = PBXBuildFile; fileRef = 521F02801B1406600098928E /* SYLrcMaskLayer.m */; };
		521F029A1B1406600098928E /* SYLrcMaskView.m in Sources */ = {isa = PBXBuildFile; fileRef = 521F02821B1406600098928E /* SYLrcMaskView.m */; };
		521F029B1B1406600098928E /* SYLrcView.m in Sources */ = {isa = PBXBuildFile; fileRef = 521F02841B1406600098928E /* SYLrcView.m */; };
		521F029C1B1406600098928E /* SYBackGroundScroll.m in Sources */ = {isa = PBXBuildFile; fileRef = 521F02861B1406600098928E /* SYBackGroundScroll.m */; };
		521F029D1B1406600098928E /* SYPlayerConsole.m in Sources */ = {isa = PBXBuildFile; fileRef = 521F02881B1406600098928E /* SYPlayerConsole.m */; };
		521F029E1B1406600098928E /* SYPlayerConsole.xib in Resources */ = {isa = PBXBuildFile; fileRef = 521F02891B1406600098928E /* SYPlayerConsole.xib */; };
		521F029F1B1406600098928E /* SYAlbumTableView.m in Sources */ = {isa = PBXBuildFile; fileRef = 521F028B1B1406600098928E /* SYAlbumTableView.m */; };
		521F02A01B1406600098928E /* SYRecordView.m in Sources */ = {isa = PBXBuildFile; fileRef = 521F028D1B1406600098928E /* SYRecordView.m */; };
		521F02A11B1406600098928E /* SYSongCell.m in Sources */ = {isa = PBXBuildFile; fileRef = 521F028F1B1406600098928E /* SYSongCell.m */; };
		521F02A21B1406600098928E /* SYTitleButton.m in Sources */ = {isa = PBXBuildFile; fileRef = 521F02911B1406600098928E /* SYTitleButton.m */; };
		521F02E91B1407640098928E /* AppDelegate.m in Sources */ = {isa = PBXBuildFile; fileRef = 521F02A51B1407640098928E /* AppDelegate.m */; };
		521F02EA1B1407640098928E /* Gloable.c in Sources */ = {isa = PBXBuildFile; fileRef = 521F02A61B1407640098928E /* Gloable.c */; };
		521F02EB1B1407640098928E /* LaunchScreen.xib in Resources */ = {isa = PBXBuildFile; fileRef = 521F02A81B1407640098928E /* LaunchScreen.xib */; };
		521F02EC1B1407640098928E /* Main.storyboard in Resources */ = {isa = PBXBuildFile; fileRef = 521F02A91B1407640098928E /* Main.storyboard */; };
		521F03061B1407640098928E /* nec_mp3_file_list.txt in Resources */ = {isa = PBXBuildFile; fileRef = 521F02C41B1407640098928E /* nec_mp3_file_list.txt */; };
		521F03071B1407640098928E /* plan.txt in Resources */ = {isa = PBXBuildFile; fileRef = 521F02C51B1407640098928E /* plan.txt */; };
		521F035A1B1437CA0098928E /* SYDropdownAlert.m in Sources */ = {isa = PBXBuildFile; fileRef = 521F03591B1437CA0098928E /* SYDropdownAlert.m */; };
		521F057B1B1476F40098928E /* 第二册 in Resources */ = {isa = PBXBuildFile; fileRef = 521F05771B1476F40098928E /* 第二册 */; };
		521F057C1B1476F40098928E /* 第三册 in Resources */ = {isa = PBXBuildFile; fileRef = 521F05781B1476F40098928E /* 第三册 */; };
		521F057D1B1476F40098928E /* 第四册 in Resources */ = {isa = PBXBuildFile; fileRef = 521F05791B1476F40098928E /* 第四册 */; };
		521F057E1B1476F40098928E /* 第一册 in Resources */ = {isa = PBXBuildFile; fileRef = 521F057A1B1476F40098928E /* 第一册 */; };
		522424041AE5B91200795868 /* AdSupport.framework in Frameworks */ = {isa = PBXBuildFile; fileRef = 522424031AE5B91200795868 /* AdSupport.framework */; settings = {ATTRIBUTES = (Weak, ); }; };
		522424061AE5B92E00795868 /* CoreLocation.framework in Frameworks */ = {isa = PBXBuildFile; fileRef = 522424051AE5B92E00795868 /* CoreLocation.framework */; };
		522424081AE5B94000795868 /* QuartzCore.framework in Frameworks */ = {isa = PBXBuildFile; fileRef = 522424071AE5B94000795868 /* QuartzCore.framework */; };
		5224240A1AE5B94C00795868 /* SystemConfiguration.framework in Frameworks */ = {isa = PBXBuildFile; fileRef = 522424091AE5B94C00795868 /* SystemConfiguration.framework */; };
		5224240C1AE5B95500795868 /* CoreTelephony.framework in Frameworks */ = {isa = PBXBuildFile; fileRef = 5224240B1AE5B95500795868 /* CoreTelephony.framework */; };
		5224240E1AE5B96200795868 /* Security.framework in Frameworks */ = {isa = PBXBuildFile; fileRef = 5224240D1AE5B96200795868 /* Security.framework */; };
		522424101AE5B96A00795868 /* StoreKit.framework in Frameworks */ = {isa = PBXBuildFile; fileRef = 5224240F1AE5B96A00795868 /* StoreKit.framework */; };
		524037D11AE539DE00E12A96 /* libz.dylib in Frameworks */ = {isa = PBXBuildFile; fileRef = 524037D01AE539DE00E12A96 /* libz.dylib */; };
		52B523DC1B17F74E00C76E35 /* mic in Resources */ = {isa = PBXBuildFile; fileRef = 52B523DB1B17F74E00C76E35 /* mic */; };
		52B59A6A1B15DE20000F0816 /* nce_root.plist in Resources */ = {isa = PBXBuildFile; fileRef = 52B59A691B15DE20000F0816 /* nce_root.plist */; };
		52B6CC4D1A9BF53D00E043C0 /* main.m in Sources */ = {isa = PBXBuildFile; fileRef = 52B6CC4C1A9BF53D00E043C0 /* main.m */; };
		52B6CC581A9BF53D00E043C0 /* Images.xcassets in Resources */ = {isa = PBXBuildFile; fileRef = 52B6CC571A9BF53D00E043C0 /* Images.xcassets */; };
		52B6CC671A9BF53D00E043C0 /* SYPlayerTests.m in Sources */ = {isa = PBXBuildFile; fileRef = 52B6CC661A9BF53D00E043C0 /* SYPlayerTests.m */; };
		52B9DF6F1B187D2E0092B75E /* sound in Resources */ = {isa = PBXBuildFile; fileRef = 52B9DF6E1B187D2E0092B75E /* sound */; };
		52E4C7EE1B19615D00071FE8 /* SYCatcheTool.m in Sources */ = {isa = PBXBuildFile; fileRef = 52E4C7EC1B19615D00071FE8 /* SYCatcheTool.m */; };
		CA50C99333C41E2EBAF497B9 /* libPods.a in Frameworks */ = {isa = PBXBuildFile; fileRef = 6782EEA4628A06A5D583C063 /* libPods.a */; };
/* End PBXBuildFile section */

/* Begin PBXContainerItemProxy section */
		52B6CC611A9BF53D00E043C0 /* PBXContainerItemProxy */ = {
			isa = PBXContainerItemProxy;
			containerPortal = 52B6CC3F1A9BF53D00E043C0 /* Project object */;
			proxyType = 1;
			remoteGlobalIDString = 52B6CC461A9BF53D00E043C0;
			remoteInfo = SYPlayer;
		};
/* End PBXContainerItemProxy section */

/* Begin PBXFileReference section */
		3E6801AC50639668D3115AA8 /* Pods.debug.xcconfig */ = {isa = PBXFileReference; includeInIndex = 1; lastKnownFileType = text.xcconfig; name = Pods.debug.xcconfig; path = "Pods/Target Support Files/Pods/Pods.debug.xcconfig"; sourceTree = "<group>"; };
		521D95621B19C615007C6661 /* SYModel.h */ = {isa = PBXFileReference; fileEncoding = 4; lastKnownFileType = sourcecode.c.h; path = SYModel.h; sourceTree = "<group>"; };
		521D95631B19C615007C6661 /* SYModel.m */ = {isa = PBXFileReference; fileEncoding = 4; lastKnownFileType = sourcecode.c.objc; path = SYModel.m; sourceTree = "<group>"; };
		521F023F1B1404360098928E /* NSString+Tools.h */ = {isa = PBXFileReference; fileEncoding = 4; lastKnownFileType = sourcecode.c.h; path = "NSString+Tools.h"; sourceTree = "<group>"; };
		521F02401B1404360098928E /* NSString+Tools.m */ = {isa = PBXFileReference; fileEncoding = 4; lastKnownFileType = sourcecode.c.objc; path = "NSString+Tools.m"; sourceTree = "<group>"; };
		521F02411B1404360098928E /* UIImage+MIB.h */ = {isa = PBXFileReference; fileEncoding = 4; lastKnownFileType = sourcecode.c.h; path = "UIImage+MIB.h"; sourceTree = "<group>"; };
		521F02421B1404360098928E /* UIImage+MIB.m */ = {isa = PBXFileReference; fileEncoding = 4; lastKnownFileType = sourcecode.c.objc; path = "UIImage+MIB.m"; sourceTree = "<group>"; };
		521F02441B1404360098928E /* GDTMobBannerView.h */ = {isa = PBXFileReference; fileEncoding = 4; lastKnownFileType = sourcecode.c.h; path = GDTMobBannerView.h; sourceTree = "<group>"; };
		521F02451B1404360098928E /* GDTMobInterstitial.h */ = {isa = PBXFileReference; fileEncoding = 4; lastKnownFileType = sourcecode.c.h; path = GDTMobInterstitial.h; sourceTree = "<group>"; };
		521F02461B1404360098928E /* GDTNativeAd.h */ = {isa = PBXFileReference; fileEncoding = 4; lastKnownFileType = sourcecode.c.h; path = GDTNativeAd.h; sourceTree = "<group>"; };
		521F02471B1404360098928E /* libGDTMobSDK_v3.3.a */ = {isa = PBXFileReference; lastKnownFileType = archive.ar; path = libGDTMobSDK_v3.3.a; sourceTree = "<group>"; };
		521F02491B1404360098928E /* MIBServer.h */ = {isa = PBXFileReference; fileEncoding = 4; lastKnownFileType = sourcecode.c.h; path = MIBServer.h; sourceTree = "<group>"; };
		521F024A1B1404360098928E /* MIBServer.m */ = {isa = PBXFileReference; fileEncoding = 4; lastKnownFileType = sourcecode.c.objc; path = MIBServer.m; sourceTree = "<group>"; };
		521F024B1B1404360098928E /* MKDownloader.h */ = {isa = PBXFileReference; fileEncoding = 4; lastKnownFileType = sourcecode.c.h; path = MKDownloader.h; sourceTree = "<group>"; };
		521F024C1B1404360098928E /* MKDownloader.m */ = {isa = PBXFileReference; fileEncoding = 4; lastKnownFileType = sourcecode.c.objc; path = MKDownloader.m; sourceTree = "<group>"; };
		521F024E1B1404360098928E /* libMobClickLibrary.a */ = {isa = PBXFileReference; lastKnownFileType = archive.ar; path = libMobClickLibrary.a; sourceTree = "<group>"; };
		521F024F1B1404360098928E /* MobClick.h */ = {isa = PBXFileReference; fileEncoding = 4; lastKnownFileType = sourcecode.c.h; path = MobClick.h; sourceTree = "<group>"; };
		521F02571B1404FC0098928E /* EVCircularProgressView.h */ = {isa = PBXFileReference; fileEncoding = 4; lastKnownFileType = sourcecode.c.h; path = EVCircularProgressView.h; sourceTree = "<group>"; };
		521F02581B1404FC0098928E /* EVCircularProgressView.m */ = {isa = PBXFileReference; fileEncoding = 4; lastKnownFileType = sourcecode.c.objc; path = EVCircularProgressView.m; sourceTree = "<group>"; };
		521F025C1B14056C0098928E /* SYRootViewController.h */ = {isa = PBXFileReference; fileEncoding = 4; lastKnownFileType = sourcecode.c.h; path = SYRootViewController.h; sourceTree = "<group>"; };
		521F025D1B14056C0098928E /* SYRootViewController.m */ = {isa = PBXFileReference; fileEncoding = 4; lastKnownFileType = sourcecode.c.objc; path = SYRootViewController.m; sourceTree = "<group>"; };
		521F025F1B14056C0098928E /* SYCircleModel.h */ = {isa = PBXFileReference; fileEncoding = 4; lastKnownFileType = sourcecode.c.h; path = SYCircleModel.h; sourceTree = "<group>"; };
		521F02601B14056C0098928E /* SYCircleModel.m */ = {isa = PBXFileReference; fileEncoding = 4; lastKnownFileType = sourcecode.c.objc; path = SYCircleModel.m; sourceTree = "<group>"; };
		521F02611B14056C0098928E /* VolumeList.plist */ = {isa = PBXFileReference; fileEncoding = 4; lastKnownFileType = text.plist.xml; path = VolumeList.plist; sourceTree = "<group>"; };
		521F02631B14056C0098928E /* SYCircleCell.h */ = {isa = PBXFileReference; fileEncoding = 4; lastKnownFileType = sourcecode.c.h; path = SYCircleCell.h; sourceTree = "<group>"; };
		521F02641B14056C0098928E /* SYCircleCell.m */ = {isa = PBXFileReference; fileEncoding = 4; lastKnownFileType = sourcecode.c.objc; path = SYCircleCell.m; sourceTree = "<group>"; };
		521F02651B14056C0098928E /* SYCollectionViewLayout.h */ = {isa = PBXFileReference; fileEncoding = 4; lastKnownFileType = sourcecode.c.h; path = SYCollectionViewLayout.h; sourceTree = "<group>"; };
		521F02661B14056C0098928E /* SYCollectionViewLayout.m */ = {isa = PBXFileReference; fileEncoding = 4; lastKnownFileType = sourcecode.c.objc; path = SYCollectionViewLayout.m; sourceTree = "<group>"; };
		521F026E1B1406600098928E /* SYAudioController.h */ = {isa = PBXFileReference; fileEncoding = 4; lastKnownFileType = sourcecode.c.h; path = SYAudioController.h; sourceTree = "<group>"; };
		521F026F1B1406600098928E /* SYAudioController.m */ = {isa = PBXFileReference; fileEncoding = 4; lastKnownFileType = sourcecode.c.objc; path = SYAudioController.m; sourceTree = "<group>"; };
		521F02701B1406600098928E /* SYPlayingViewController.h */ = {isa = PBXFileReference; fileEncoding = 4; lastKnownFileType = sourcecode.c.h; path = SYPlayingViewController.h; sourceTree = "<group>"; };
		521F02711B1406600098928E /* SYPlayingViewController.m */ = {isa = PBXFileReference; fileEncoding = 4; lastKnownFileType = sourcecode.c.objc; path = SYPlayingViewController.m; sourceTree = "<group>"; };
		521F02731B1406600098928E /* SYMediaInfo.h */ = {isa = PBXFileReference; fileEncoding = 4; lastKnownFileType = sourcecode.c.h; path = SYMediaInfo.h; sourceTree = "<group>"; };
		521F02741B1406600098928E /* SYMediaInfo.m */ = {isa = PBXFileReference; fileEncoding = 4; lastKnownFileType = sourcecode.c.objc; path = SYMediaInfo.m; sourceTree = "<group>"; };
		521F02751B1406600098928E /* SYAlbum.h */ = {isa = PBXFileReference; fileEncoding = 4; lastKnownFileType = sourcecode.c.h; path = SYAlbum.h; sourceTree = "<group>"; };
		521F02761B1406600098928E /* SYAlbum.m */ = {isa = PBXFileReference; fileEncoding = 4; lastKnownFileType = sourcecode.c.objc; path = SYAlbum.m; sourceTree = "<group>"; };
		521F02771B1406600098928E /* SYAuthor.h */ = {isa = PBXFileReference; fileEncoding = 4; lastKnownFileType = sourcecode.c.h; path = SYAuthor.h; sourceTree = "<group>"; };
		521F02781B1406600098928E /* SYAuthor.m */ = {isa = PBXFileReference; fileEncoding = 4; lastKnownFileType = sourcecode.c.objc; path = SYAuthor.m; sourceTree = "<group>"; };
		521F02791B1406600098928E /* SYSong.h */ = {isa = PBXFileReference; fileEncoding = 4; lastKnownFileType = sourcecode.c.h; path = SYSong.h; sourceTree = "<group>"; };
		521F027A1B1406600098928E /* SYSong.m */ = {isa = PBXFileReference; fileEncoding = 4; lastKnownFileType = sourcecode.c.objc; path = SYSong.m; sourceTree = "<group>"; };
		521F027D1B1406600098928E /* SYGradientView.h */ = {isa = PBXFileReference; fileEncoding = 4; lastKnownFileType = sourcecode.c.h; path = SYGradientView.h; sourceTree = "<group>"; };
		521F027E1B1406600098928E /* SYGradientView.m */ = {isa = PBXFileReference; fileEncoding = 4; lastKnownFileType = sourcecode.c.objc; path = SYGradientView.m; sourceTree = "<group>"; };
		521F027F1B1406600098928E /* SYLrcMaskLayer.h */ = {isa = PBXFileReference; fileEncoding = 4; lastKnownFileType = sourcecode.c.h; path = SYLrcMaskLayer.h; sourceTree = "<group>"; };
		521F02801B1406600098928E /* SYLrcMaskLayer.m */ = {isa = PBXFileReference; fileEncoding = 4; lastKnownFileType = sourcecode.c.objc; path = SYLrcMaskLayer.m; sourceTree = "<group>"; };
		521F02811B1406600098928E /* SYLrcMaskView.h */ = {isa = PBXFileReference; fileEncoding = 4; lastKnownFileType = sourcecode.c.h; path = SYLrcMaskView.h; sourceTree = "<group>"; };
		521F02821B1406600098928E /* SYLrcMaskView.m */ = {isa = PBXFileReference; fileEncoding = 4; lastKnownFileType = sourcecode.c.objc; path = SYLrcMaskView.m; sourceTree = "<group>"; };
		521F02831B1406600098928E /* SYLrcView.h */ = {isa = PBXFileReference; fileEncoding = 4; lastKnownFileType = sourcecode.c.h; path = SYLrcView.h; sourceTree = "<group>"; };
		521F02841B1406600098928E /* SYLrcView.m */ = {isa = PBXFileReference; fileEncoding = 4; lastKnownFileType = sourcecode.c.objc; path = SYLrcView.m; sourceTree = "<group>"; };
		521F02851B1406600098928E /* SYBackGroundScroll.h */ = {isa = PBXFileReference; fileEncoding = 4; lastKnownFileType = sourcecode.c.h; path = SYBackGroundScroll.h; sourceTree = "<group>"; };
		521F02861B1406600098928E /* SYBackGroundScroll.m */ = {isa = PBXFileReference; fileEncoding = 4; lastKnownFileType = sourcecode.c.objc; path = SYBackGroundScroll.m; sourceTree = "<group>"; };
		521F02871B1406600098928E /* SYPlayerConsole.h */ = {isa = PBXFileReference; fileEncoding = 4; lastKnownFileType = sourcecode.c.h; path = SYPlayerConsole.h; sourceTree = "<group>"; };
		521F02881B1406600098928E /* SYPlayerConsole.m */ = {isa = PBXFileReference; fileEncoding = 4; lastKnownFileType = sourcecode.c.objc; path = SYPlayerConsole.m; sourceTree = "<group>"; };
		521F02891B1406600098928E /* SYPlayerConsole.xib */ = {isa = PBXFileReference; fileEncoding = 4; lastKnownFileType = file.xib; path = SYPlayerConsole.xib; sourceTree = "<group>"; };
		521F028A1B1406600098928E /* SYAlbumTableView.h */ = {isa = PBXFileReference; fileEncoding = 4; lastKnownFileType = sourcecode.c.h; path = SYAlbumTableView.h; sourceTree = "<group>"; };
		521F028B1B1406600098928E /* SYAlbumTableView.m */ = {isa = PBXFileReference; fileEncoding = 4; lastKnownFileType = sourcecode.c.objc; path = SYAlbumTableView.m; sourceTree = "<group>"; };
		521F028C1B1406600098928E /* SYRecordView.h */ = {isa = PBXFileReference; fileEncoding = 4; lastKnownFileType = sourcecode.c.h; path = SYRecordView.h; sourceTree = "<group>"; };
		521F028D1B1406600098928E /* SYRecordView.m */ = {isa = PBXFileReference; fileEncoding = 4; lastKnownFileType = sourcecode.c.objc; path = SYRecordView.m; sourceTree = "<group>"; };
		521F028E1B1406600098928E /* SYSongCell.h */ = {isa = PBXFileReference; fileEncoding = 4; lastKnownFileType = sourcecode.c.h; path = SYSongCell.h; sourceTree = "<group>"; };
		521F028F1B1406600098928E /* SYSongCell.m */ = {isa = PBXFileReference; fileEncoding = 4; lastKnownFileType = sourcecode.c.objc; path = SYSongCell.m; sourceTree = "<group>"; };
		521F02901B1406600098928E /* SYTitleButton.h */ = {isa = PBXFileReference; fileEncoding = 4; lastKnownFileType = sourcecode.c.h; path = SYTitleButton.h; sourceTree = "<group>"; };
		521F02911B1406600098928E /* SYTitleButton.m */ = {isa = PBXFileReference; fileEncoding = 4; lastKnownFileType = sourcecode.c.objc; path = SYTitleButton.m; sourceTree = "<group>"; };
		521F02A41B1407640098928E /* AppDelegate.h */ = {isa = PBXFileReference; fileEncoding = 4; lastKnownFileType = sourcecode.c.h; path = AppDelegate.h; sourceTree = "<group>"; };
		521F02A51B1407640098928E /* AppDelegate.m */ = {isa = PBXFileReference; fileEncoding = 4; lastKnownFileType = sourcecode.c.objc; path = AppDelegate.m; sourceTree = "<group>"; };
		521F02A61B1407640098928E /* Gloable.c */ = {isa = PBXFileReference; fileEncoding = 4; lastKnownFileType = sourcecode.c.c; path = Gloable.c; sourceTree = "<group>"; };
		521F02A71B1407640098928E /* Gloable.h */ = {isa = PBXFileReference; fileEncoding = 4; lastKnownFileType = sourcecode.c.h; path = Gloable.h; sourceTree = "<group>"; };
		521F02A81B1407640098928E /* LaunchScreen.xib */ = {isa = PBXFileReference; fileEncoding = 4; lastKnownFileType = file.xib; path = LaunchScreen.xib; sourceTree = "<group>"; };
		521F02A91B1407640098928E /* Main.storyboard */ = {isa = PBXFileReference; fileEncoding = 4; lastKnownFileType = file.storyboard; path = Main.storyboard; sourceTree = "<group>"; };
		521F02C41B1407640098928E /* nec_mp3_file_list.txt */ = {isa = PBXFileReference; fileEncoding = 4; lastKnownFileType = text; path = nec_mp3_file_list.txt; sourceTree = "<group>"; };
		521F02C51B1407640098928E /* plan.txt */ = {isa = PBXFileReference; fileEncoding = 4; lastKnownFileType = text; path = plan.txt; sourceTree = "<group>"; };
		521F03581B1437CA0098928E /* SYDropdownAlert.h */ = {isa = PBXFileReference; fileEncoding = 4; lastKnownFileType = sourcecode.c.h; path = SYDropdownAlert.h; sourceTree = "<group>"; };
		521F03591B1437CA0098928E /* SYDropdownAlert.m */ = {isa = PBXFileReference; fileEncoding = 4; lastKnownFileType = sourcecode.c.objc; path = SYDropdownAlert.m; sourceTree = "<group>"; };
		521F05771B1476F40098928E /* 第二册 */ = {isa = PBXFileReference; lastKnownFileType = folder; path = "第二册"; sourceTree = "<group>"; };
		521F05781B1476F40098928E /* 第三册 */ = {isa = PBXFileReference; lastKnownFileType = folder; path = "第三册"; sourceTree = "<group>"; };
		521F05791B1476F40098928E /* 第四册 */ = {isa = PBXFileReference; lastKnownFileType = folder; path = "第四册"; sourceTree = "<group>"; };
		521F057A1B1476F40098928E /* 第一册 */ = {isa = PBXFileReference; lastKnownFileType = folder; path = "第一册"; sourceTree = "<group>"; };
		522424031AE5B91200795868 /* AdSupport.framework */ = {isa = PBXFileReference; lastKnownFileType = wrapper.framework; name = AdSupport.framework; path = System/Library/Frameworks/AdSupport.framework; sourceTree = SDKROOT; };
		522424051AE5B92E00795868 /* CoreLocation.framework */ = {isa = PBXFileReference; lastKnownFileType = wrapper.framework; name = CoreLocation.framework; path = System/Library/Frameworks/CoreLocation.framework; sourceTree = SDKROOT; };
		522424071AE5B94000795868 /* QuartzCore.framework */ = {isa = PBXFileReference; lastKnownFileType = wrapper.framework; name = QuartzCore.framework; path = System/Library/Frameworks/QuartzCore.framework; sourceTree = SDKROOT; };
		522424091AE5B94C00795868 /* SystemConfiguration.framework */ = {isa = PBXFileReference; lastKnownFileType = wrapper.framework; name = SystemConfiguration.framework; path = System/Library/Frameworks/SystemConfiguration.framework; sourceTree = SDKROOT; };
		5224240B1AE5B95500795868 /* CoreTelephony.framework */ = {isa = PBXFileReference; lastKnownFileType = wrapper.framework; name = CoreTelephony.framework; path = System/Library/Frameworks/CoreTelephony.framework; sourceTree = SDKROOT; };
		5224240D1AE5B96200795868 /* Security.framework */ = {isa = PBXFileReference; lastKnownFileType = wrapper.framework; name = Security.framework; path = System/Library/Frameworks/Security.framework; sourceTree = SDKROOT; };
		5224240F1AE5B96A00795868 /* StoreKit.framework */ = {isa = PBXFileReference; lastKnownFileType = wrapper.framework; name = StoreKit.framework; path = System/Library/Frameworks/StoreKit.framework; sourceTree = SDKROOT; };
		524037D01AE539DE00E12A96 /* libz.dylib */ = {isa = PBXFileReference; lastKnownFileType = "compiled.mach-o.dylib"; name = libz.dylib; path = usr/lib/libz.dylib; sourceTree = SDKROOT; };
		52B523DB1B17F74E00C76E35 /* mic */ = {isa = PBXFileReference; lastKnownFileType = folder; path = mic; sourceTree = "<group>"; };
		52B59A691B15DE20000F0816 /* nce_root.plist */ = {isa = PBXFileReference; fileEncoding = 4; lastKnownFileType = text.plist.xml; path = nce_root.plist; sourceTree = "<group>"; };
		52B6CC471A9BF53D00E043C0 /* SYPlayer.app */ = {isa = PBXFileReference; explicitFileType = wrapper.application; includeInIndex = 0; path = SYPlayer.app; sourceTree = BUILT_PRODUCTS_DIR; };
		52B6CC4B1A9BF53D00E043C0 /* Info.plist */ = {isa = PBXFileReference; lastKnownFileType = text.plist.xml; path = Info.plist; sourceTree = "<group>"; };
		52B6CC4C1A9BF53D00E043C0 /* main.m */ = {isa = PBXFileReference; lastKnownFileType = sourcecode.c.objc; path = main.m; sourceTree = "<group>"; };
		52B6CC571A9BF53D00E043C0 /* Images.xcassets */ = {isa = PBXFileReference; lastKnownFileType = folder.assetcatalog; path = Images.xcassets; sourceTree = "<group>"; };
		52B6CC601A9BF53D00E043C0 /* SYPlayerTests.xctest */ = {isa = PBXFileReference; explicitFileType = wrapper.cfbundle; includeInIndex = 0; path = SYPlayerTests.xctest; sourceTree = BUILT_PRODUCTS_DIR; };
		52B6CC651A9BF53D00E043C0 /* Info.plist */ = {isa = PBXFileReference; lastKnownFileType = text.plist.xml; path = Info.plist; sourceTree = "<group>"; };
		52B6CC661A9BF53D00E043C0 /* SYPlayerTests.m */ = {isa = PBXFileReference; lastKnownFileType = sourcecode.c.objc; path = SYPlayerTests.m; sourceTree = "<group>"; };
		52B9DF6E1B187D2E0092B75E /* sound */ = {isa = PBXFileReference; lastKnownFileType = folder; path = sound; sourceTree = "<group>"; };
		52E4C7EC1B19615D00071FE8 /* SYCatcheTool.m */ = {isa = PBXFileReference; fileEncoding = 4; lastKnownFileType = sourcecode.c.objc; path = SYCatcheTool.m; sourceTree = "<group>"; };
		52E4C7ED1B19615D00071FE8 /* SYCatcheTool.h */ = {isa = PBXFileReference; fileEncoding = 4; lastKnownFileType = sourcecode.c.h; path = SYCatcheTool.h; sourceTree = "<group>"; };
		6782EEA4628A06A5D583C063 /* libPods.a */ = {isa = PBXFileReference; explicitFileType = archive.ar; includeInIndex = 0; path = libPods.a; sourceTree = BUILT_PRODUCTS_DIR; };
		C1BA314FB55BFFFFDDB77F2E /* Pods.release.xcconfig */ = {isa = PBXFileReference; includeInIndex = 1; lastKnownFileType = text.xcconfig; name = Pods.release.xcconfig; path = "Pods/Target Support Files/Pods/Pods.release.xcconfig"; sourceTree = "<group>"; };
/* End PBXFileReference section */

/* Begin PBXFrameworksBuildPhase section */
		52B6CC441A9BF53D00E043C0 /* Frameworks */ = {
			isa = PBXFrameworksBuildPhase;
			buildActionMask = 2147483647;
			files = (
				522424101AE5B96A00795868 /* StoreKit.framework in Frameworks */,
				5224240E1AE5B96200795868 /* Security.framework in Frameworks */,
				5224240C1AE5B95500795868 /* CoreTelephony.framework in Frameworks */,
				521F02521B1404360098928E /* libGDTMobSDK_v3.3.a in Frameworks */,
				5224240A1AE5B94C00795868 /* SystemConfiguration.framework in Frameworks */,
				522424081AE5B94000795868 /* QuartzCore.framework in Frameworks */,
				522424061AE5B92E00795868 /* CoreLocation.framework in Frameworks */,
				522424041AE5B91200795868 /* AdSupport.framework in Frameworks */,
				524037D11AE539DE00E12A96 /* libz.dylib in Frameworks */,
				521F02551B1404360098928E /* libMobClickLibrary.a in Frameworks */,
				CA50C99333C41E2EBAF497B9 /* libPods.a in Frameworks */,
			);
			runOnlyForDeploymentPostprocessing = 0;
		};
		52B6CC5D1A9BF53D00E043C0 /* Frameworks */ = {
			isa = PBXFrameworksBuildPhase;
			buildActionMask = 2147483647;
			files = (
			);
			runOnlyForDeploymentPostprocessing = 0;
		};
/* End PBXFrameworksBuildPhase section */

/* Begin PBXGroup section */
		3F552767449B30BC6171A30D /* Pods */ = {
			isa = PBXGroup;
			children = (
				3E6801AC50639668D3115AA8 /* Pods.debug.xcconfig */,
				C1BA314FB55BFFFFDDB77F2E /* Pods.release.xcconfig */,
			);
			name = Pods;
			sourceTree = "<group>";
		};
		4729069209311C9BC55374BD /* Frameworks */ = {
			isa = PBXGroup;
			children = (
				5224240F1AE5B96A00795868 /* StoreKit.framework */,
				5224240D1AE5B96200795868 /* Security.framework */,
				5224240B1AE5B95500795868 /* CoreTelephony.framework */,
				522424091AE5B94C00795868 /* SystemConfiguration.framework */,
				522424071AE5B94000795868 /* QuartzCore.framework */,
				522424051AE5B92E00795868 /* CoreLocation.framework */,
				522424031AE5B91200795868 /* AdSupport.framework */,
				524037D01AE539DE00E12A96 /* libz.dylib */,
				6782EEA4628A06A5D583C063 /* libPods.a */,
			);
			name = Frameworks;
			sourceTree = "<group>";
		};
		521F023D1B1404360098928E /* Other */ = {
			isa = PBXGroup;
			children = (
				521F02561B1404FC0098928E /* EVCircularProgressView */,
				521F023E1B1404360098928E /* Categorys */,
				521F02431B1404360098928E /* GDT */,
				521F02481B1404360098928E /* tools */,
				521F024D1B1404360098928E /* UMENG */,
			);
			path = Other;
			sourceTree = "<group>";
		};
		521F023E1B1404360098928E /* Categorys */ = {
			isa = PBXGroup;
			children = (
				521F023F1B1404360098928E /* NSString+Tools.h */,
				521F02401B1404360098928E /* NSString+Tools.m */,
				521F02411B1404360098928E /* UIImage+MIB.h */,
				521F02421B1404360098928E /* UIImage+MIB.m */,
			);
			path = Categorys;
			sourceTree = "<group>";
		};
		521F02431B1404360098928E /* GDT */ = {
			isa = PBXGroup;
			children = (
				521F02441B1404360098928E /* GDTMobBannerView.h */,
				521F02451B1404360098928E /* GDTMobInterstitial.h */,
				521F02461B1404360098928E /* GDTNativeAd.h */,
				521F02471B1404360098928E /* libGDTMobSDK_v3.3.a */,
			);
			path = GDT;
			sourceTree = "<group>";
		};
		521F02481B1404360098928E /* tools */ = {
			isa = PBXGroup;
			children = (
				521F02491B1404360098928E /* MIBServer.h */,
				521F024A1B1404360098928E /* MIBServer.m */,
				521F024B1B1404360098928E /* MKDownloader.h */,
				521F024C1B1404360098928E /* MKDownloader.m */,
				521F03581B1437CA0098928E /* SYDropdownAlert.h */,
				521F03591B1437CA0098928E /* SYDropdownAlert.m */,
			);
			path = tools;
			sourceTree = "<group>";
		};
		521F024D1B1404360098928E /* UMENG */ = {
			isa = PBXGroup;
			children = (
				521F024E1B1404360098928E /* libMobClickLibrary.a */,
				521F024F1B1404360098928E /* MobClick.h */,
			);
			path = UMENG;
			sourceTree = "<group>";
		};
		521F02561B1404FC0098928E /* EVCircularProgressView */ = {
			isa = PBXGroup;
			children = (
				521F02571B1404FC0098928E /* EVCircularProgressView.h */,
				521F02581B1404FC0098928E /* EVCircularProgressView.m */,
			);
			path = EVCircularProgressView;
			sourceTree = "<group>";
		};
		521F025A1B14056C0098928E /* RootController */ = {
			isa = PBXGroup;
			children = (
				521F025B1B14056C0098928E /* Controller */,
				521F025E1B14056C0098928E /* Model */,
				521F02621B14056C0098928E /* View */,
			);
			path = RootController;
			sourceTree = "<group>";
		};
		521F025B1B14056C0098928E /* Controller */ = {
			isa = PBXGroup;
			children = (
				521F025C1B14056C0098928E /* SYRootViewController.h */,
				521F025D1B14056C0098928E /* SYRootViewController.m */,
			);
			path = Controller;
			sourceTree = "<group>";
		};
		521F025E1B14056C0098928E /* Model */ = {
			isa = PBXGroup;
			children = (
				521F025F1B14056C0098928E /* SYCircleModel.h */,
				521F02601B14056C0098928E /* SYCircleModel.m */,
				521F02611B14056C0098928E /* VolumeList.plist */,
			);
			path = Model;
			sourceTree = "<group>";
		};
		521F02621B14056C0098928E /* View */ = {
			isa = PBXGroup;
			children = (
				521F02631B14056C0098928E /* SYCircleCell.h */,
				521F02641B14056C0098928E /* SYCircleCell.m */,
				521F02651B14056C0098928E /* SYCollectionViewLayout.h */,
				521F02661B14056C0098928E /* SYCollectionViewLayout.m */,
			);
			path = View;
			sourceTree = "<group>";
		};
		521F026C1B1406600098928E /* PlayingViewController */ = {
			isa = PBXGroup;
			children = (
				521F026D1B1406600098928E /* Controller */,
				521F02721B1406600098928E /* Model */,
				521F027B1B1406600098928E /* View */,
			);
			path = PlayingViewController;
			sourceTree = "<group>";
		};
		521F026D1B1406600098928E /* Controller */ = {
			isa = PBXGroup;
			children = (
				521F026E1B1406600098928E /* SYAudioController.h */,
				521F026F1B1406600098928E /* SYAudioController.m */,
				521F02701B1406600098928E /* SYPlayingViewController.h */,
				521F02711B1406600098928E /* SYPlayingViewController.m */,
			);
			path = Controller;
			sourceTree = "<group>";
		};
		521F02721B1406600098928E /* Model */ = {
			isa = PBXGroup;
			children = (
				521F02731B1406600098928E /* SYMediaInfo.h */,
				521F02741B1406600098928E /* SYMediaInfo.m */,
				521F02771B1406600098928E /* SYAuthor.h */,
				521F02781B1406600098928E /* SYAuthor.m */,
				521F02751B1406600098928E /* SYAlbum.h */,
				521F02761B1406600098928E /* SYAlbum.m */,
				521F02791B1406600098928E /* SYSong.h */,
				521F027A1B1406600098928E /* SYSong.m */,
				521D95621B19C615007C6661 /* SYModel.h */,
				521D95631B19C615007C6661 /* SYModel.m */,
			);
			path = Model;
			sourceTree = "<group>";
		};
		521F027B1B1406600098928E /* View */ = {
			isa = PBXGroup;
			children = (
				521F027C1B1406600098928E /* LRC */,
				521F02851B1406600098928E /* SYBackGroundScroll.h */,
				521F02861B1406600098928E /* SYBackGroundScroll.m */,
				521F02871B1406600098928E /* SYPlayerConsole.h */,
				521F02881B1406600098928E /* SYPlayerConsole.m */,
				521F02891B1406600098928E /* SYPlayerConsole.xib */,
				521F028A1B1406600098928E /* SYAlbumTableView.h */,
				521F028B1B1406600098928E /* SYAlbumTableView.m */,
				521F028C1B1406600098928E /* SYRecordView.h */,
				521F028D1B1406600098928E /* SYRecordView.m */,
				521F028E1B1406600098928E /* SYSongCell.h */,
				521F028F1B1406600098928E /* SYSongCell.m */,
				521F02901B1406600098928E /* SYTitleButton.h */,
				521F02911B1406600098928E /* SYTitleButton.m */,
			);
			path = View;
			sourceTree = "<group>";
		};
		521F027C1B1406600098928E /* LRC */ = {
			isa = PBXGroup;
			children = (
				521F027D1B1406600098928E /* SYGradientView.h */,
				521F027E1B1406600098928E /* SYGradientView.m */,
				521F027F1B1406600098928E /* SYLrcMaskLayer.h */,
				521F02801B1406600098928E /* SYLrcMaskLayer.m */,
				521F02811B1406600098928E /* SYLrcMaskView.h */,
				521F02821B1406600098928E /* SYLrcMaskView.m */,
				521F02831B1406600098928E /* SYLrcView.h */,
				521F02841B1406600098928E /* SYLrcView.m */,
			);
			path = LRC;
			sourceTree = "<group>";
		};
		521F02A31B1407640098928E /* Supporting Files */ = {
			isa = PBXGroup;
			children = (
				52B9DF6E1B187D2E0092B75E /* sound */,
				52B523DB1B17F74E00C76E35 /* mic */,
				521F05771B1476F40098928E /* 第二册 */,
				521F05781B1476F40098928E /* 第三册 */,
				521F05791B1476F40098928E /* 第四册 */,
				521F057A1B1476F40098928E /* 第一册 */,
				521F02A41B1407640098928E /* AppDelegate.h */,
				521F02A51B1407640098928E /* AppDelegate.m */,
				521F02A61B1407640098928E /* Gloable.c */,
				521F02A71B1407640098928E /* Gloable.h */,
				521F02A81B1407640098928E /* LaunchScreen.xib */,
				521F02A91B1407640098928E /* Main.storyboard */,
				52B59A691B15DE20000F0816 /* nce_root.plist */,
				521F02C41B1407640098928E /* nec_mp3_file_list.txt */,
				521F02C51B1407640098928E /* plan.txt */,
			);
			path = "Supporting Files";
			sourceTree = "<group>";
		};
		52B6CC3E1A9BF53D00E043C0 = {
			isa = PBXGroup;
			children = (
				52B6CC491A9BF53D00E043C0 /* SYPlayer */,
				52B6CC631A9BF53D00E043C0 /* SYPlayerTests */,
				52B6CC481A9BF53D00E043C0 /* Products */,
				3F552767449B30BC6171A30D /* Pods */,
				4729069209311C9BC55374BD /* Frameworks */,
			);
			sourceTree = "<group>";
		};
		52B6CC481A9BF53D00E043C0 /* Products */ = {
			isa = PBXGroup;
			children = (
				52B6CC471A9BF53D00E043C0 /* SYPlayer.app */,
				52B6CC601A9BF53D00E043C0 /* SYPlayerTests.xctest */,
			);
			name = Products;
			sourceTree = "<group>";
		};
		52B6CC491A9BF53D00E043C0 /* SYPlayer */ = {
			isa = PBXGroup;
			children = (
				52E4C7EB1B19614900071FE8 /* tools */,
				521F02A31B1407640098928E /* Supporting Files */,
				521F026C1B1406600098928E /* PlayingViewController */,
				521F025A1B14056C0098928E /* RootController */,
				521F023D1B1404360098928E /* Other */,
				52B6CC4A1A9BF53D00E043C0 /* Supporting Files */,
			);
			path = SYPlayer;
			sourceTree = "<group>";
		};
		52B6CC4A1A9BF53D00E043C0 /* Supporting Files */ = {
			isa = PBXGroup;
			children = (
				52B6CC571A9BF53D00E043C0 /* Images.xcassets */,
				52B6CC4B1A9BF53D00E043C0 /* Info.plist */,
				52B6CC4C1A9BF53D00E043C0 /* main.m */,
			);
			name = "Supporting Files";
			sourceTree = "<group>";
		};
		52B6CC631A9BF53D00E043C0 /* SYPlayerTests */ = {
			isa = PBXGroup;
			children = (
				52B6CC661A9BF53D00E043C0 /* SYPlayerTests.m */,
				52B6CC641A9BF53D00E043C0 /* Supporting Files */,
			);
			path = SYPlayerTests;
			sourceTree = "<group>";
		};
		52B6CC641A9BF53D00E043C0 /* Supporting Files */ = {
			isa = PBXGroup;
			children = (
				52B6CC651A9BF53D00E043C0 /* Info.plist */,
			);
			name = "Supporting Files";
			sourceTree = "<group>";
		};
		52E4C7EB1B19614900071FE8 /* tools */ = {
			isa = PBXGroup;
			children = (
				52E4C7ED1B19615D00071FE8 /* SYCatcheTool.h */,
				52E4C7EC1B19615D00071FE8 /* SYCatcheTool.m */,
			);
			name = tools;
			sourceTree = "<group>";
		};
/* End PBXGroup section */

/* Begin PBXNativeTarget section */
		52B6CC461A9BF53D00E043C0 /* SYPlayer */ = {
			isa = PBXNativeTarget;
			buildConfigurationList = 52B6CC6A1A9BF53D00E043C0 /* Build configuration list for PBXNativeTarget "SYPlayer" */;
			buildPhases = (
				FDB37D870962FD8E7B77DC77 /* Check Pods Manifest.lock */,
				52B6CC431A9BF53D00E043C0 /* Sources */,
				52B6CC441A9BF53D00E043C0 /* Frameworks */,
				52B6CC451A9BF53D00E043C0 /* Resources */,
				20D16346E64CA0B13F9B6235 /* Copy Pods Resources */,
			);
			buildRules = (
			);
			dependencies = (
			);
			name = SYPlayer;
			productName = SYPlayer;
			productReference = 52B6CC471A9BF53D00E043C0 /* SYPlayer.app */;
			productType = "com.apple.product-type.application";
		};
		52B6CC5F1A9BF53D00E043C0 /* SYPlayerTests */ = {
			isa = PBXNativeTarget;
			buildConfigurationList = 52B6CC6D1A9BF53D00E043C0 /* Build configuration list for PBXNativeTarget "SYPlayerTests" */;
			buildPhases = (
				52B6CC5C1A9BF53D00E043C0 /* Sources */,
				52B6CC5D1A9BF53D00E043C0 /* Frameworks */,
				52B6CC5E1A9BF53D00E043C0 /* Resources */,
			);
			buildRules = (
			);
			dependencies = (
				52B6CC621A9BF53D00E043C0 /* PBXTargetDependency */,
			);
			name = SYPlayerTests;
			productName = SYPlayerTests;
			productReference = 52B6CC601A9BF53D00E043C0 /* SYPlayerTests.xctest */;
			productType = "com.apple.product-type.bundle.unit-test";
		};
/* End PBXNativeTarget section */

/* Begin PBXProject section */
		52B6CC3F1A9BF53D00E043C0 /* Project object */ = {
			isa = PBXProject;
			attributes = {
				LastUpgradeCheck = 0600;
				ORGANIZATIONNAME = YinYanhui;
				TargetAttributes = {
					52B6CC461A9BF53D00E043C0 = {
						CreatedOnToolsVersion = 6.0.1;
						DevelopmentTeam = P9E9N47422;
					};
					52B6CC5F1A9BF53D00E043C0 = {
						CreatedOnToolsVersion = 6.0.1;
						TestTargetID = 52B6CC461A9BF53D00E043C0;
					};
				};
			};
			buildConfigurationList = 52B6CC421A9BF53D00E043C0 /* Build configuration list for PBXProject "SYPlayer" */;
			compatibilityVersion = "Xcode 3.2";
			developmentRegion = English;
			hasScannedForEncodings = 0;
			knownRegions = (
				en,
				Base,
			);
			mainGroup = 52B6CC3E1A9BF53D00E043C0;
			productRefGroup = 52B6CC481A9BF53D00E043C0 /* Products */;
			projectDirPath = "";
			projectRoot = "";
			targets = (
				52B6CC461A9BF53D00E043C0 /* SYPlayer */,
				52B6CC5F1A9BF53D00E043C0 /* SYPlayerTests */,
			);
		};
/* End PBXProject section */

/* Begin PBXResourcesBuildPhase section */
		52B6CC451A9BF53D00E043C0 /* Resources */ = {
			isa = PBXResourcesBuildPhase;
			buildActionMask = 2147483647;
			files = (
				521F02EB1B1407640098928E /* LaunchScreen.xib in Resources */,
				521F057B1B1476F40098928E /* 第二册 in Resources */,
				521F03071B1407640098928E /* plan.txt in Resources */,
				521F02EC1B1407640098928E /* Main.storyboard in Resources */,
				521F057D1B1476F40098928E /* 第四册 in Resources */,
				52B523DC1B17F74E00C76E35 /* mic in Resources */,
				52B9DF6F1B187D2E0092B75E /* sound in Resources */,
				521F03061B1407640098928E /* nec_mp3_file_list.txt in Resources */,
				521F057C1B1476F40098928E /* 第三册 in Resources */,
				521F02691B14056C0098928E /* VolumeList.plist in Resources */,
				52B6CC581A9BF53D00E043C0 /* Images.xcassets in Resources */,
				521F057E1B1476F40098928E /* 第一册 in Resources */,
				521F029E1B1406600098928E /* SYPlayerConsole.xib in Resources */,
				52B59A6A1B15DE20000F0816 /* nce_root.plist in Resources */,
			);
			runOnlyForDeploymentPostprocessing = 0;
		};
		52B6CC5E1A9BF53D00E043C0 /* Resources */ = {
			isa = PBXResourcesBuildPhase;
			buildActionMask = 2147483647;
			files = (
			);
			runOnlyForDeploymentPostprocessing = 0;
		};
/* End PBXResourcesBuildPhase section */

/* Begin PBXShellScriptBuildPhase section */
		20D16346E64CA0B13F9B6235 /* Copy Pods Resources */ = {
			isa = PBXShellScriptBuildPhase;
			buildActionMask = 2147483647;
			files = (
			);
			inputPaths = (
			);
			name = "Copy Pods Resources";
			outputPaths = (
			);
			runOnlyForDeploymentPostprocessing = 0;
			shellPath = /bin/sh;
			shellScript = "\"${SRCROOT}/Pods/Target Support Files/Pods/Pods-resources.sh\"\n";
			showEnvVarsInLog = 0;
		};
		FDB37D870962FD8E7B77DC77 /* Check Pods Manifest.lock */ = {
			isa = PBXShellScriptBuildPhase;
			buildActionMask = 2147483647;
			files = (
			);
			inputPaths = (
			);
			name = "Check Pods Manifest.lock";
			outputPaths = (
			);
			runOnlyForDeploymentPostprocessing = 0;
			shellPath = /bin/sh;
			shellScript = "diff \"${PODS_ROOT}/../Podfile.lock\" \"${PODS_ROOT}/Manifest.lock\" > /dev/null\nif [[ $? != 0 ]] ; then\n    cat << EOM\nerror: The sandbox is not in sync with the Podfile.lock. Run 'pod install' or update your CocoaPods installation.\nEOM\n    exit 1\nfi\n";
			showEnvVarsInLog = 0;
		};
/* End PBXShellScriptBuildPhase section */

/* Begin PBXSourcesBuildPhase section */
		52B6CC431A9BF53D00E043C0 /* Sources */ = {
			isa = PBXSourcesBuildPhase;
			buildActionMask = 2147483647;
			files = (
				521F02A21B1406600098928E /* SYTitleButton.m in Sources */,
				521F029B1B1406600098928E /* SYLrcView.m in Sources */,
				521F02E91B1407640098928E /* AppDelegate.m in Sources */,
				521F02971B1406600098928E /* SYSong.m in Sources */,
				521F02541B1404360098928E /* MKDownloader.m in Sources */,
				521F02931B1406600098928E /* SYPlayingViewController.m in Sources */,
				521F02A11B1406600098928E /* SYSongCell.m in Sources */,
				521F02921B1406600098928E /* SYAudioController.m in Sources */,
				521F02941B1406600098928E /* SYMediaInfo.m in Sources */,
				521F02981B1406600098928E /* SYGradientView.m in Sources */,
				521F026B1B14056C0098928E /* SYCollectionViewLayout.m in Sources */,
				521F02951B1406600098928E /* SYAlbum.m in Sources */,
				521F029A1B1406600098928E /* SYLrcMaskView.m in Sources */,
				521F02961B1406600098928E /* SYAuthor.m in Sources */,
				521F029C1B1406600098928E /* SYBackGroundScroll.m in Sources */,
				521F035A1B1437CA0098928E /* SYDropdownAlert.m in Sources */,
				521F02501B1404360098928E /* NSString+Tools.m in Sources */,
				521F029F1B1406600098928E /* SYAlbumTableView.m in Sources */,
				52B6CC4D1A9BF53D00E043C0 /* main.m in Sources */,
				521F026A1B14056C0098928E /* SYCircleCell.m in Sources */,
				521F029D1B1406600098928E /* SYPlayerConsole.m in Sources */,
				521F02EA1B1407640098928E /* Gloable.c in Sources */,
				521F02681B14056C0098928E /* SYCircleModel.m in Sources */,
				521F02591B1404FC0098928E /* EVCircularProgressView.m in Sources */,
				521F02511B1404360098928E /* UIImage+MIB.m in Sources */,
				521F02531B1404360098928E /* MIBServer.m in Sources */,
				521F02991B1406600098928E /* SYLrcMaskLayer.m in Sources */,
				521D95641B19C615007C6661 /* SYModel.m in Sources */,
				52E4C7EE1B19615D00071FE8 /* SYCatcheTool.m in Sources */,
				521F02671B14056C0098928E /* SYRootViewController.m in Sources */,
				521F02A01B1406600098928E /* SYRecordView.m in Sources */,
			);
			runOnlyForDeploymentPostprocessing = 0;
		};
		52B6CC5C1A9BF53D00E043C0 /* Sources */ = {
			isa = PBXSourcesBuildPhase;
			buildActionMask = 2147483647;
			files = (
				52B6CC671A9BF53D00E043C0 /* SYPlayerTests.m in Sources */,
			);
			runOnlyForDeploymentPostprocessing = 0;
		};
/* End PBXSourcesBuildPhase section */

/* Begin PBXTargetDependency section */
		52B6CC621A9BF53D00E043C0 /* PBXTargetDependency */ = {
			isa = PBXTargetDependency;
			target = 52B6CC461A9BF53D00E043C0 /* SYPlayer */;
			targetProxy = 52B6CC611A9BF53D00E043C0 /* PBXContainerItemProxy */;
		};
/* End PBXTargetDependency section */

/* Begin XCBuildConfiguration section */
		52B6CC681A9BF53D00E043C0 /* Debug */ = {
			isa = XCBuildConfiguration;
			buildSettings = {
				ALWAYS_SEARCH_USER_PATHS = NO;
				CLANG_CXX_LANGUAGE_STANDARD = "gnu++0x";
				CLANG_CXX_LIBRARY = "libc++";
				CLANG_ENABLE_MODULES = YES;
				CLANG_ENABLE_OBJC_ARC = YES;
				CLANG_WARN_BOOL_CONVERSION = YES;
				CLANG_WARN_CONSTANT_CONVERSION = YES;
				CLANG_WARN_DIRECT_OBJC_ISA_USAGE = YES_ERROR;
				CLANG_WARN_EMPTY_BODY = YES;
				CLANG_WARN_ENUM_CONVERSION = YES;
				CLANG_WARN_INT_CONVERSION = YES;
				CLANG_WARN_OBJC_ROOT_CLASS = YES_ERROR;
				CLANG_WARN_UNREACHABLE_CODE = YES;
				CLANG_WARN__DUPLICATE_METHOD_MATCH = YES;
				"CODE_SIGN_IDENTITY[sdk=iphoneos*]" = "iPhone Developer";
				COPY_PHASE_STRIP = NO;
				ENABLE_STRICT_OBJC_MSGSEND = YES;
				GCC_C_LANGUAGE_STANDARD = gnu99;
				GCC_DYNAMIC_NO_PIC = NO;
				GCC_OPTIMIZATION_LEVEL = 0;
				GCC_PREPROCESSOR_DEFINITIONS = (
					"DEBUG=1",
					"$(inherited)",
				);
				GCC_SYMBOLS_PRIVATE_EXTERN = NO;
				GCC_WARN_64_TO_32_BIT_CONVERSION = YES;
				GCC_WARN_ABOUT_RETURN_TYPE = YES_ERROR;
				GCC_WARN_UNDECLARED_SELECTOR = YES;
				GCC_WARN_UNINITIALIZED_AUTOS = YES_AGGRESSIVE;
				GCC_WARN_UNUSED_FUNCTION = YES;
				GCC_WARN_UNUSED_VARIABLE = YES;
				IPHONEOS_DEPLOYMENT_TARGET = 8.0;
				MTL_ENABLE_DEBUG_INFO = YES;
				ONLY_ACTIVE_ARCH = YES;
				SDKROOT = iphoneos;
				TARGETED_DEVICE_FAMILY = "1,2";
			};
			name = Debug;
		};
		52B6CC691A9BF53D00E043C0 /* Release */ = {
			isa = XCBuildConfiguration;
			buildSettings = {
				ALWAYS_SEARCH_USER_PATHS = NO;
				CLANG_CXX_LANGUAGE_STANDARD = "gnu++0x";
				CLANG_CXX_LIBRARY = "libc++";
				CLANG_ENABLE_MODULES = YES;
				CLANG_ENABLE_OBJC_ARC = YES;
				CLANG_WARN_BOOL_CONVERSION = YES;
				CLANG_WARN_CONSTANT_CONVERSION = YES;
				CLANG_WARN_DIRECT_OBJC_ISA_USAGE = YES_ERROR;
				CLANG_WARN_EMPTY_BODY = YES;
				CLANG_WARN_ENUM_CONVERSION = YES;
				CLANG_WARN_INT_CONVERSION = YES;
				CLANG_WARN_OBJC_ROOT_CLASS = YES_ERROR;
				CLANG_WARN_UNREACHABLE_CODE = YES;
				CLANG_WARN__DUPLICATE_METHOD_MATCH = YES;
				"CODE_SIGN_IDENTITY[sdk=iphoneos*]" = "iPhone Developer";
				COPY_PHASE_STRIP = YES;
				ENABLE_NS_ASSERTIONS = NO;
				ENABLE_STRICT_OBJC_MSGSEND = YES;
				GCC_C_LANGUAGE_STANDARD = gnu99;
				GCC_WARN_64_TO_32_BIT_CONVERSION = YES;
				GCC_WARN_ABOUT_RETURN_TYPE = YES_ERROR;
				GCC_WARN_UNDECLARED_SELECTOR = YES;
				GCC_WARN_UNINITIALIZED_AUTOS = YES_AGGRESSIVE;
				GCC_WARN_UNUSED_FUNCTION = YES;
				GCC_WARN_UNUSED_VARIABLE = YES;
				IPHONEOS_DEPLOYMENT_TARGET = 8.0;
				MTL_ENABLE_DEBUG_INFO = NO;
				SDKROOT = iphoneos;
				TARGETED_DEVICE_FAMILY = "1,2";
				VALIDATE_PRODUCT = YES;
			};
			name = Release;
		};
		52B6CC6B1A9BF53D00E043C0 /* Debug */ = {
			isa = XCBuildConfiguration;
			baseConfigurationReference = 3E6801AC50639668D3115AA8 /* Pods.debug.xcconfig */;
			buildSettings = {
				ASSETCATALOG_COMPILER_APPICON_NAME = AppIcon;
				ASSETCATALOG_COMPILER_LAUNCHIMAGE_NAME = LaunchImage;
				CODE_SIGN_IDENTITY = "iPhone Developer: Yanhui Yin (HYB6X7HE9X)";
				INFOPLIST_FILE = SYPlayer/Info.plist;
				IPHONEOS_DEPLOYMENT_TARGET = 7.0;
				LD_RUNPATH_SEARCH_PATHS = "$(inherited) @executable_path/Frameworks";
				LIBRARY_SEARCH_PATHS = (
					"$(inherited)",
					"$(PROJECT_DIR)/SYPlayer",
					"$(PROJECT_DIR)/SYPlayer/Other/GDT",
					"$(PROJECT_DIR)/SYPlayer/Other/UMENG",
				);
				PRODUCT_NAME = "$(TARGET_NAME)";
				PROVISIONING_PROFILE = "b2459d30-91d9-46fc-acc7-24f5153fb672";
				TARGETED_DEVICE_FAMILY = 1;
			};
			name = Debug;
		};
		52B6CC6C1A9BF53D00E043C0 /* Release */ = {
			isa = XCBuildConfiguration;
			baseConfigurationReference = C1BA314FB55BFFFFDDB77F2E /* Pods.release.xcconfig */;
			buildSettings = {
				ASSETCATALOG_COMPILER_APPICON_NAME = AppIcon;
				ASSETCATALOG_COMPILER_LAUNCHIMAGE_NAME = LaunchImage;
				CODE_SIGN_IDENTITY = "iPhone Distribution: Yanhui Yin (P9E9N47422)";
				INFOPLIST_FILE = SYPlayer/Info.plist;
				IPHONEOS_DEPLOYMENT_TARGET = 7.0;
				LD_RUNPATH_SEARCH_PATHS = "$(inherited) @executable_path/Frameworks";
				LIBRARY_SEARCH_PATHS = (
					"$(inherited)",
					"$(PROJECT_DIR)/SYPlayer",
					"$(PROJECT_DIR)/SYPlayer/Other/GDT",
					"$(PROJECT_DIR)/SYPlayer/Other/UMENG",
				);
				PRODUCT_NAME = "$(TARGET_NAME)";
				PROVISIONING_PROFILE = "d471ccd5-0e25-46bf-b428-c5debcd054ee";
				TARGETED_DEVICE_FAMILY = 1;
			};
			name = Release;
		};
		52B6CC6E1A9BF53D00E043C0 /* Debug */ = {
			isa = XCBuildConfiguration;
			buildSettings = {
				BUNDLE_LOADER = "$(TEST_HOST)";
				FRAMEWORK_SEARCH_PATHS = (
					"$(SDKROOT)/Developer/Library/Frameworks",
					"$(inherited)",
				);
				GCC_PREPROCESSOR_DEFINITIONS = (
					"DEBUG=1",
					"$(inherited)",
				);
				INFOPLIST_FILE = SYPlayerTests/Info.plist;
				LD_RUNPATH_SEARCH_PATHS = "$(inherited) @executable_path/Frameworks @loader_path/Frameworks";
				PRODUCT_NAME = "$(TARGET_NAME)";
				TEST_HOST = "$(BUILT_PRODUCTS_DIR)/SYPlayer.app/SYPlayer";
			};
			name = Debug;
		};
		52B6CC6F1A9BF53D00E043C0 /* Release */ = {
			isa = XCBuildConfiguration;
			buildSettings = {
				BUNDLE_LOADER = "$(TEST_HOST)";
				FRAMEWORK_SEARCH_PATHS = (
					"$(SDKROOT)/Developer/Library/Frameworks",
					"$(inherited)",
				);
				INFOPLIST_FILE = SYPlayerTests/Info.plist;
				LD_RUNPATH_SEARCH_PATHS = "$(inherited) @executable_path/Frameworks @loader_path/Frameworks";
				PRODUCT_NAME = "$(TARGET_NAME)";
				TEST_HOST = "$(BUILT_PRODUCTS_DIR)/SYPlayer.app/SYPlayer";
			};
			name = Release;
		};
/* End XCBuildConfiguration section */

/* Begin XCConfigurationList section */
		52B6CC421A9BF53D00E043C0 /* Build configuration list for PBXProject "SYPlayer" */ = {
			isa = XCConfigurationList;
			buildConfigurations = (
				52B6CC681A9BF53D00E043C0 /* Debug */,
				52B6CC691A9BF53D00E043C0 /* Release */,
			);
			defaultConfigurationIsVisible = 0;
			defaultConfigurationName = Release;
		};
		52B6CC6A1A9BF53D00E043C0 /* Build configuration list for PBXNativeTarget "SYPlayer" */ = {
			isa = XCConfigurationList;
			buildConfigurations = (
				52B6CC6B1A9BF53D00E043C0 /* Debug */,
				52B6CC6C1A9BF53D00E043C0 /* Release */,
			);
			defaultConfigurationIsVisible = 0;
			defaultConfigurationName = Release;
		};
		52B6CC6D1A9BF53D00E043C0 /* Build configuration list for PBXNativeTarget "SYPlayerTests" */ = {
			isa = XCConfigurationList;
			buildConfigurations = (
				52B6CC6E1A9BF53D00E043C0 /* Debug */,
				52B6CC6F1A9BF53D00E043C0 /* Release */,
			);
			defaultConfigurationIsVisible = 0;
			defaultConfigurationName = Release;
		};
/* End XCConfigurationList section */
	};
	rootObject = 52B6CC3F1A9BF53D00E043C0 /* Project object */;
}
