// !$*UTF8*$!
{
	archiveVersion = 1;
	classes = {
	};
	objectVersion = 46;
	objects = {

/* Begin PBXBuildFile section */
		521F15351AD4042C0049E225 /* MIBServer.m in Sources */ = {isa = PBXBuildFile; fileRef = 521F15341AD4042C0049E225 /* MIBServer.m */; };
		521F28521B0D6226005921AA /* SYLrcMaskLayer.m in Sources */ = {isa = PBXBuildFile; fileRef = 521F28511B0D6226005921AA /* SYLrcMaskLayer.m */; };
		521F73261AF4F16100700BBC /* sound in Resources */ = {isa = PBXBuildFile; fileRef = 521F73251AF4F16100700BBC /* sound */; };
		521F73281AF7091600700BBC /* mic in Resources */ = {isa = PBXBuildFile; fileRef = 521F73271AF7091600700BBC /* mic */; };
		521F73311AF7130E00700BBC /* SYRecordView.m in Sources */ = {isa = PBXBuildFile; fileRef = 521F73301AF7130E00700BBC /* SYRecordView.m */; };
		522174F91B0C83E7004ADAE3 /* SYBackGroundScroll.m in Sources */ = {isa = PBXBuildFile; fileRef = 522174F81B0C83E7004ADAE3 /* SYBackGroundScroll.m */; };
		522306AD1B0960D4000BA9D3 /* SYGradientView.m in Sources */ = {isa = PBXBuildFile; fileRef = 522306AC1B0960D4000BA9D3 /* SYGradientView.m */; };
		522424021AE5B74800795868 /* libGDTMobSDK_v3.3.a in Frameworks */ = {isa = PBXBuildFile; fileRef = 522423FF1AE5B74800795868 /* libGDTMobSDK_v3.3.a */; };
		522424041AE5B91200795868 /* AdSupport.framework in Frameworks */ = {isa = PBXBuildFile; fileRef = 522424031AE5B91200795868 /* AdSupport.framework */; settings = {ATTRIBUTES = (Weak, ); }; };
		522424061AE5B92E00795868 /* CoreLocation.framework in Frameworks */ = {isa = PBXBuildFile; fileRef = 522424051AE5B92E00795868 /* CoreLocation.framework */; };
		522424081AE5B94000795868 /* QuartzCore.framework in Frameworks */ = {isa = PBXBuildFile; fileRef = 522424071AE5B94000795868 /* QuartzCore.framework */; };
		5224240A1AE5B94C00795868 /* SystemConfiguration.framework in Frameworks */ = {isa = PBXBuildFile; fileRef = 522424091AE5B94C00795868 /* SystemConfiguration.framework */; };
		5224240C1AE5B95500795868 /* CoreTelephony.framework in Frameworks */ = {isa = PBXBuildFile; fileRef = 5224240B1AE5B95500795868 /* CoreTelephony.framework */; };
		5224240E1AE5B96200795868 /* Security.framework in Frameworks */ = {isa = PBXBuildFile; fileRef = 5224240D1AE5B96200795868 /* Security.framework */; };
		522424101AE5B96A00795868 /* StoreKit.framework in Frameworks */ = {isa = PBXBuildFile; fileRef = 5224240F1AE5B96A00795868 /* StoreKit.framework */; };
		522694C31AD54373003C2EFF /* root.plist in Resources */ = {isa = PBXBuildFile; fileRef = 522694C11AD54373003C2EFF /* root.plist */; };
		522694C91AD79065003C2EFF /* song_list_第二册.plist in Resources */ = {isa = PBXBuildFile; fileRef = 522694C51AD79065003C2EFF /* song_list_第二册.plist */; };
		522694CA1AD79065003C2EFF /* song_list_第三册.plist in Resources */ = {isa = PBXBuildFile; fileRef = 522694C61AD79065003C2EFF /* song_list_第三册.plist */; };
		522694CB1AD79065003C2EFF /* song_list_第四册.plist in Resources */ = {isa = PBXBuildFile; fileRef = 522694C71AD79065003C2EFF /* song_list_第四册.plist */; };
		522694CC1AD79065003C2EFF /* song_list_第一册.plist in Resources */ = {isa = PBXBuildFile; fileRef = 522694C81AD79065003C2EFF /* song_list_第一册.plist */; };
		52276C781B0B555B00049815 /* SYLrcMaskView.m in Sources */ = {isa = PBXBuildFile; fileRef = 52276C771B0B555B00049815 /* SYLrcMaskView.m */; };
		522902491AFF503E00A6DDD0 /* SYCollectionViewLayout.m in Sources */ = {isa = PBXBuildFile; fileRef = 522902481AFF503E00A6DDD0 /* SYCollectionViewLayout.m */; };
		522ACD581ADA1D3100F12819 /* plan.txt in Resources */ = {isa = PBXBuildFile; fileRef = 522ACD571ADA1D3100F12819 /* plan.txt */; };
		522ACD5B1ADAA45700F12819 /* Gloable.c in Sources */ = {isa = PBXBuildFile; fileRef = 522ACD591ADAA45700F12819 /* Gloable.c */; };
		522ACD5E1ADAA5AF00F12819 /* MKDownloader.m in Sources */ = {isa = PBXBuildFile; fileRef = 522ACD5D1ADAA5AF00F12819 /* MKDownloader.m */; };
		522BB7191ACD321A00E834A4 /* nec_mp3_file_list.txt in Resources */ = {isa = PBXBuildFile; fileRef = 522BB7181ACD321A00E834A4 /* nec_mp3_file_list.txt */; };
		522BB71C1ACD393300E834A4 /* SYPlayListModel.m in Sources */ = {isa = PBXBuildFile; fileRef = 522BB71B1ACD393300E834A4 /* SYPlayListModel.m */; };
		522BB89F1ACD6A1100E834A4 /* 第二册 in Resources */ = {isa = PBXBuildFile; fileRef = 522BB89E1ACD6A1100E834A4 /* 第二册 */; };
		522C058F1AFB67C60032BA84 /* VolumeList.plist in Resources */ = {isa = PBXBuildFile; fileRef = 522C058E1AFB67C60032BA84 /* VolumeList.plist */; };
		524037CF1AE539B800E12A96 /* libMobClickLibrary.a in Frameworks */ = {isa = PBXBuildFile; fileRef = 524037CD1AE539B800E12A96 /* libMobClickLibrary.a */; };
		524037D11AE539DE00E12A96 /* libz.dylib in Frameworks */ = {isa = PBXBuildFile; fileRef = 524037D01AE539DE00E12A96 /* libz.dylib */; };
		524B019F1ABD072E00E183CB /* SYPlayingViewController.m in Sources */ = {isa = PBXBuildFile; fileRef = 524B019E1ABD072E00E183CB /* SYPlayingViewController.m */; };
		524B01AC1ABD194800E183CB /* SYTitleButton.m in Sources */ = {isa = PBXBuildFile; fileRef = 524B01AB1ABD194800E183CB /* SYTitleButton.m */; };
		524B01B31ABD299700E183CB /* NSString+Tools.m in Sources */ = {isa = PBXBuildFile; fileRef = 524B01B21ABD299700E183CB /* NSString+Tools.m */; };
		524B01B61ABD442600E183CB /* SYPlayerConsole.m in Sources */ = {isa = PBXBuildFile; fileRef = 524B01B51ABD442600E183CB /* SYPlayerConsole.m */; };
		524B01B81ABD444F00E183CB /* SYPlayerConsole.xib in Resources */ = {isa = PBXBuildFile; fileRef = 524B01B71ABD444F00E183CB /* SYPlayerConsole.xib */; };
		52B0B21A1AFAF44900B39977 /* SYCircleCell.m in Sources */ = {isa = PBXBuildFile; fileRef = 52B0B2191AFAF44900B39977 /* SYCircleCell.m */; };
		52B0B21E1AFAFA1500B39977 /* SYCircleModel.m in Sources */ = {isa = PBXBuildFile; fileRef = 52B0B21D1AFAFA1500B39977 /* SYCircleModel.m */; };
		52B14C741AE11CA9006F5F35 /* SYAudioController.m in Sources */ = {isa = PBXBuildFile; fileRef = 52B14C731AE11CA9006F5F35 /* SYAudioController.m */; };
		52B1B4021AE71AD70044C796 /* 第三册 in Resources */ = {isa = PBXBuildFile; fileRef = 52B1B3FF1AE71AD70044C796 /* 第三册 */; };
		52B1B4031AE71AD70044C796 /* 第四册 in Resources */ = {isa = PBXBuildFile; fileRef = 52B1B4001AE71AD70044C796 /* 第四册 */; };
		52B1B4041AE71AD70044C796 /* 第一册 in Resources */ = {isa = PBXBuildFile; fileRef = 52B1B4011AE71AD70044C796 /* 第一册 */; };
		52B3B3671ABE3CBD00C574A8 /* SYLrcView.m in Sources */ = {isa = PBXBuildFile; fileRef = 52B3B3661ABE3CBD00C574A8 /* SYLrcView.m */; };
		52B3B36F1ABF881B00C574A8 /* SYSongCell.m in Sources */ = {isa = PBXBuildFile; fileRef = 52B3B36D1ABF881B00C574A8 /* SYSongCell.m */; };
		52B3B3701ABF881B00C574A8 /* SYSongCell.xib in Resources */ = {isa = PBXBuildFile; fileRef = 52B3B36E1ABF881B00C574A8 /* SYSongCell.xib */; };
		52B3B3731ABFB79D00C574A8 /* SYSongModel.m in Sources */ = {isa = PBXBuildFile; fileRef = 52B3B3721ABFB79D00C574A8 /* SYSongModel.m */; };
		52B463E21B08D6C400AE40AC /* UIImage+MIB.m in Sources */ = {isa = PBXBuildFile; fileRef = 52B463E11B08D6C400AE40AC /* UIImage+MIB.m */; };
		52B6B4031ABC5E9B000461BF /* MIBRootViewController.m in Sources */ = {isa = PBXBuildFile; fileRef = 52B6B4021ABC5E9B000461BF /* MIBRootViewController.m */; };
		52B6CC4D1A9BF53D00E043C0 /* main.m in Sources */ = {isa = PBXBuildFile; fileRef = 52B6CC4C1A9BF53D00E043C0 /* main.m */; };
		52B6CC501A9BF53D00E043C0 /* AppDelegate.m in Sources */ = {isa = PBXBuildFile; fileRef = 52B6CC4F1A9BF53D00E043C0 /* AppDelegate.m */; };
		52B6CC561A9BF53D00E043C0 /* Main.storyboard in Resources */ = {isa = PBXBuildFile; fileRef = 52B6CC541A9BF53D00E043C0 /* Main.storyboard */; };
		52B6CC581A9BF53D00E043C0 /* Images.xcassets in Resources */ = {isa = PBXBuildFile; fileRef = 52B6CC571A9BF53D00E043C0 /* Images.xcassets */; };
		52B6CC5B1A9BF53D00E043C0 /* LaunchScreen.xib in Resources */ = {isa = PBXBuildFile; fileRef = 52B6CC591A9BF53D00E043C0 /* LaunchScreen.xib */; };
		52B6CC671A9BF53D00E043C0 /* SYPlayerTests.m in Sources */ = {isa = PBXBuildFile; fileRef = 52B6CC661A9BF53D00E043C0 /* SYPlayerTests.m */; };
		52BA15661AEA0529004D5B55 /* EVCircularProgressView.m in Sources */ = {isa = PBXBuildFile; fileRef = 52BA15651AEA0529004D5B55 /* EVCircularProgressView.m */; };
		CA50C99333C41E2EBAF497B9 /* libPods.a in Frameworks */ = {isa = PBXBuildFile; fileRef = 6782EEA4628A06A5D583C063 /* libPods.a */; };
/* End PBXBuildFile section */

/* Begin PBXContainerItemProxy section */
		52B6CC611A9BF53D00E043C0 /* PBXContainerItemProxy */ = {
			isa = PBXContainerItemProxy;
			containerPortal = 52B6CC3F1A9BF53D00E043C0 /* Project object */;
			proxyType = 1;
			remoteGlobalIDString = 52B6CC461A9BF53D00E043C0;
			remoteInfo = SYPlayer;
		};
/* End PBXContainerItemProxy section */

/* Begin PBXFileReference section */
		3E6801AC50639668D3115AA8 /* Pods.debug.xcconfig */ = {isa = PBXFileReference; includeInIndex = 1; lastKnownFileType = text.xcconfig; name = Pods.debug.xcconfig; path = "Pods/Target Support Files/Pods/Pods.debug.xcconfig"; sourceTree = "<group>"; };
		521F15331AD4042C0049E225 /* MIBServer.h */ = {isa = PBXFileReference; fileEncoding = 4; lastKnownFileType = sourcecode.c.h; path = MIBServer.h; sourceTree = "<group>"; };
		521F15341AD4042C0049E225 /* MIBServer.m */ = {isa = PBXFileReference; fileEncoding = 4; lastKnownFileType = sourcecode.c.objc; path = MIBServer.m; sourceTree = "<group>"; };
		521F28501B0D6226005921AA /* SYLrcMaskLayer.h */ = {isa = PBXFileReference; fileEncoding = 4; lastKnownFileType = sourcecode.c.h; path = SYLrcMaskLayer.h; sourceTree = "<group>"; };
		521F28511B0D6226005921AA /* SYLrcMaskLayer.m */ = {isa = PBXFileReference; fileEncoding = 4; lastKnownFileType = sourcecode.c.objc; path = SYLrcMaskLayer.m; sourceTree = "<group>"; };
		521F73251AF4F16100700BBC /* sound */ = {isa = PBXFileReference; lastKnownFileType = folder; path = sound; sourceTree = "<group>"; };
		521F73271AF7091600700BBC /* mic */ = {isa = PBXFileReference; lastKnownFileType = folder; name = mic; path = icon/mic; sourceTree = "<group>"; };
		521F732F1AF7130E00700BBC /* SYRecordView.h */ = {isa = PBXFileReference; fileEncoding = 4; lastKnownFileType = sourcecode.c.h; path = SYRecordView.h; sourceTree = "<group>"; };
		521F73301AF7130E00700BBC /* SYRecordView.m */ = {isa = PBXFileReference; fileEncoding = 4; lastKnownFileType = sourcecode.c.objc; path = SYRecordView.m; sourceTree = "<group>"; };
		522174F71B0C83E7004ADAE3 /* SYBackGroundScroll.h */ = {isa = PBXFileReference; fileEncoding = 4; lastKnownFileType = sourcecode.c.h; path = SYBackGroundScroll.h; sourceTree = "<group>"; };
		522174F81B0C83E7004ADAE3 /* SYBackGroundScroll.m */ = {isa = PBXFileReference; fileEncoding = 4; lastKnownFileType = sourcecode.c.objc; path = SYBackGroundScroll.m; sourceTree = "<group>"; };
		522306AB1B0960D4000BA9D3 /* SYGradientView.h */ = {isa = PBXFileReference; fileEncoding = 4; lastKnownFileType = sourcecode.c.h; path = SYGradientView.h; sourceTree = "<group>"; };
		522306AC1B0960D4000BA9D3 /* SYGradientView.m */ = {isa = PBXFileReference; fileEncoding = 4; lastKnownFileType = sourcecode.c.objc; path = SYGradientView.m; sourceTree = "<group>"; };
		522423FE1AE5B74800795868 /* GDTNativeAd.h */ = {isa = PBXFileReference; fileEncoding = 4; lastKnownFileType = sourcecode.c.h; path = GDTNativeAd.h; sourceTree = "<group>"; };
		522423FF1AE5B74800795868 /* libGDTMobSDK_v3.3.a */ = {isa = PBXFileReference; lastKnownFileType = archive.ar; path = libGDTMobSDK_v3.3.a; sourceTree = "<group>"; };
		522424001AE5B74800795868 /* GDTMobBannerView.h */ = {isa = PBXFileReference; fileEncoding = 4; lastKnownFileType = sourcecode.c.h; path = GDTMobBannerView.h; sourceTree = "<group>"; };
		522424011AE5B74800795868 /* GDTMobInterstitial.h */ = {isa = PBXFileReference; fileEncoding = 4; lastKnownFileType = sourcecode.c.h; path = GDTMobInterstitial.h; sourceTree = "<group>"; };
		522424031AE5B91200795868 /* AdSupport.framework */ = {isa = PBXFileReference; lastKnownFileType = wrapper.framework; name = AdSupport.framework; path = System/Library/Frameworks/AdSupport.framework; sourceTree = SDKROOT; };
		522424051AE5B92E00795868 /* CoreLocation.framework */ = {isa = PBXFileReference; lastKnownFileType = wrapper.framework; name = CoreLocation.framework; path = System/Library/Frameworks/CoreLocation.framework; sourceTree = SDKROOT; };
		522424071AE5B94000795868 /* QuartzCore.framework */ = {isa = PBXFileReference; lastKnownFileType = wrapper.framework; name = QuartzCore.framework; path = System/Library/Frameworks/QuartzCore.framework; sourceTree = SDKROOT; };
		522424091AE5B94C00795868 /* SystemConfiguration.framework */ = {isa = PBXFileReference; lastKnownFileType = wrapper.framework; name = SystemConfiguration.framework; path = System/Library/Frameworks/SystemConfiguration.framework; sourceTree = SDKROOT; };
		5224240B1AE5B95500795868 /* CoreTelephony.framework */ = {isa = PBXFileReference; lastKnownFileType = wrapper.framework; name = CoreTelephony.framework; path = System/Library/Frameworks/CoreTelephony.framework; sourceTree = SDKROOT; };
		5224240D1AE5B96200795868 /* Security.framework */ = {isa = PBXFileReference; lastKnownFileType = wrapper.framework; name = Security.framework; path = System/Library/Frameworks/Security.framework; sourceTree = SDKROOT; };
		5224240F1AE5B96A00795868 /* StoreKit.framework */ = {isa = PBXFileReference; lastKnownFileType = wrapper.framework; name = StoreKit.framework; path = System/Library/Frameworks/StoreKit.framework; sourceTree = SDKROOT; };
		522694C11AD54373003C2EFF /* root.plist */ = {isa = PBXFileReference; fileEncoding = 4; lastKnownFileType = text.plist.xml; path = root.plist; sourceTree = "<group>"; };
		522694C51AD79065003C2EFF /* song_list_第二册.plist */ = {isa = PBXFileReference; fileEncoding = 4; lastKnownFileType = text.plist.xml; path = "song_list_第二册.plist"; sourceTree = "<group>"; };
		522694C61AD79065003C2EFF /* song_list_第三册.plist */ = {isa = PBXFileReference; fileEncoding = 4; lastKnownFileType = text.plist.xml; path = "song_list_第三册.plist"; sourceTree = "<group>"; };
		522694C71AD79065003C2EFF /* song_list_第四册.plist */ = {isa = PBXFileReference; fileEncoding = 4; lastKnownFileType = text.plist.xml; path = "song_list_第四册.plist"; sourceTree = "<group>"; };
		522694C81AD79065003C2EFF /* song_list_第一册.plist */ = {isa = PBXFileReference; fileEncoding = 4; lastKnownFileType = text.plist.xml; path = "song_list_第一册.plist"; sourceTree = "<group>"; };
		52276C761B0B555B00049815 /* SYLrcMaskView.h */ = {isa = PBXFileReference; fileEncoding = 4; lastKnownFileType = sourcecode.c.h; path = SYLrcMaskView.h; sourceTree = "<group>"; };
		52276C771B0B555B00049815 /* SYLrcMaskView.m */ = {isa = PBXFileReference; fileEncoding = 4; lastKnownFileType = sourcecode.c.objc; path = SYLrcMaskView.m; sourceTree = "<group>"; };
		522902471AFF503E00A6DDD0 /* SYCollectionViewLayout.h */ = {isa = PBXFileReference; fileEncoding = 4; lastKnownFileType = sourcecode.c.h; path = SYCollectionViewLayout.h; sourceTree = "<group>"; };
		522902481AFF503E00A6DDD0 /* SYCollectionViewLayout.m */ = {isa = PBXFileReference; fileEncoding = 4; lastKnownFileType = sourcecode.c.objc; path = SYCollectionViewLayout.m; sourceTree = "<group>"; };
		522ACD571ADA1D3100F12819 /* plan.txt */ = {isa = PBXFileReference; fileEncoding = 4; lastKnownFileType = text; path = plan.txt; sourceTree = "<group>"; };
		522ACD591ADAA45700F12819 /* Gloable.c */ = {isa = PBXFileReference; fileEncoding = 4; lastKnownFileType = sourcecode.c.c; path = Gloable.c; sourceTree = "<group>"; };
		522ACD5A1ADAA45700F12819 /* Gloable.h */ = {isa = PBXFileReference; fileEncoding = 4; lastKnownFileType = sourcecode.c.h; path = Gloable.h; sourceTree = "<group>"; };
		522ACD5C1ADAA5AF00F12819 /* MKDownloader.h */ = {isa = PBXFileReference; fileEncoding = 4; lastKnownFileType = sourcecode.c.h; path = MKDownloader.h; sourceTree = "<group>"; };
		522ACD5D1ADAA5AF00F12819 /* MKDownloader.m */ = {isa = PBXFileReference; fileEncoding = 4; lastKnownFileType = sourcecode.c.objc; path = MKDownloader.m; sourceTree = "<group>"; };
		522BB7181ACD321A00E834A4 /* nec_mp3_file_list.txt */ = {isa = PBXFileReference; fileEncoding = 4; lastKnownFileType = text; path = nec_mp3_file_list.txt; sourceTree = "<group>"; };
		522BB71A1ACD393300E834A4 /* SYPlayListModel.h */ = {isa = PBXFileReference; fileEncoding = 4; lastKnownFileType = sourcecode.c.h; path = SYPlayListModel.h; sourceTree = "<group>"; };
		522BB71B1ACD393300E834A4 /* SYPlayListModel.m */ = {isa = PBXFileReference; fileEncoding = 4; lastKnownFileType = sourcecode.c.objc; path = SYPlayListModel.m; sourceTree = "<group>"; };
		522BB89E1ACD6A1100E834A4 /* 第二册 */ = {isa = PBXFileReference; lastKnownFileType = folder; path = "第二册"; sourceTree = "<group>"; };
		522C058E1AFB67C60032BA84 /* VolumeList.plist */ = {isa = PBXFileReference; fileEncoding = 4; lastKnownFileType = text.plist.xml; path = VolumeList.plist; sourceTree = "<group>"; };
		524037CD1AE539B800E12A96 /* libMobClickLibrary.a */ = {isa = PBXFileReference; lastKnownFileType = archive.ar; path = libMobClickLibrary.a; sourceTree = "<group>"; };
		524037CE1AE539B800E12A96 /* MobClick.h */ = {isa = PBXFileReference; fileEncoding = 4; lastKnownFileType = sourcecode.c.h; path = MobClick.h; sourceTree = "<group>"; };
		524037D01AE539DE00E12A96 /* libz.dylib */ = {isa = PBXFileReference; lastKnownFileType = "compiled.mach-o.dylib"; name = libz.dylib; path = usr/lib/libz.dylib; sourceTree = SDKROOT; };
		524B019D1ABD072E00E183CB /* SYPlayingViewController.h */ = {isa = PBXFileReference; fileEncoding = 4; lastKnownFileType = sourcecode.c.h; name = SYPlayingViewController.h; path = ../SYPlayingViewController.h; sourceTree = "<group>"; };
		524B019E1ABD072E00E183CB /* SYPlayingViewController.m */ = {isa = PBXFileReference; fileEncoding = 4; lastKnownFileType = sourcecode.c.objc; name = SYPlayingViewController.m; path = ../SYPlayingViewController.m; sourceTree = "<group>"; };
		524B01AA1ABD194800E183CB /* SYTitleButton.h */ = {isa = PBXFileReference; fileEncoding = 4; lastKnownFileType = sourcecode.c.h; path = SYTitleButton.h; sourceTree = "<group>"; };
		524B01AB1ABD194800E183CB /* SYTitleButton.m */ = {isa = PBXFileReference; fileEncoding = 4; lastKnownFileType = sourcecode.c.objc; path = SYTitleButton.m; sourceTree = "<group>"; };
		524B01B11ABD299700E183CB /* NSString+Tools.h */ = {isa = PBXFileReference; fileEncoding = 4; lastKnownFileType = sourcecode.c.h; path = "NSString+Tools.h"; sourceTree = "<group>"; };
		524B01B21ABD299700E183CB /* NSString+Tools.m */ = {isa = PBXFileReference; fileEncoding = 4; lastKnownFileType = sourcecode.c.objc; path = "NSString+Tools.m"; sourceTree = "<group>"; };
		524B01B41ABD442600E183CB /* SYPlayerConsole.h */ = {isa = PBXFileReference; fileEncoding = 4; lastKnownFileType = sourcecode.c.h; path = SYPlayerConsole.h; sourceTree = "<group>"; };
		524B01B51ABD442600E183CB /* SYPlayerConsole.m */ = {isa = PBXFileReference; fileEncoding = 4; lastKnownFileType = sourcecode.c.objc; path = SYPlayerConsole.m; sourceTree = "<group>"; };
		524B01B71ABD444F00E183CB /* SYPlayerConsole.xib */ = {isa = PBXFileReference; fileEncoding = 4; lastKnownFileType = file.xib; path = SYPlayerConsole.xib; sourceTree = "<group>"; };
		52B0B2181AFAF44900B39977 /* SYCircleCell.h */ = {isa = PBXFileReference; fileEncoding = 4; lastKnownFileType = sourcecode.c.h; path = SYCircleCell.h; sourceTree = "<group>"; };
		52B0B2191AFAF44900B39977 /* SYCircleCell.m */ = {isa = PBXFileReference; fileEncoding = 4; lastKnownFileType = sourcecode.c.objc; path = SYCircleCell.m; sourceTree = "<group>"; };
		52B0B21C1AFAFA1500B39977 /* SYCircleModel.h */ = {isa = PBXFileReference; fileEncoding = 4; lastKnownFileType = sourcecode.c.h; path = SYCircleModel.h; sourceTree = "<group>"; };
		52B0B21D1AFAFA1500B39977 /* SYCircleModel.m */ = {isa = PBXFileReference; fileEncoding = 4; lastKnownFileType = sourcecode.c.objc; path = SYCircleModel.m; sourceTree = "<group>"; };
		52B14C721AE11CA9006F5F35 /* SYAudioController.h */ = {isa = PBXFileReference; fileEncoding = 4; lastKnownFileType = sourcecode.c.h; path = SYAudioController.h; sourceTree = "<group>"; };
		52B14C731AE11CA9006F5F35 /* SYAudioController.m */ = {isa = PBXFileReference; fileEncoding = 4; lastKnownFileType = sourcecode.c.objc; path = SYAudioController.m; sourceTree = "<group>"; };
		52B1B3FF1AE71AD70044C796 /* 第三册 */ = {isa = PBXFileReference; lastKnownFileType = folder; path = "第三册"; sourceTree = "<group>"; };
		52B1B4001AE71AD70044C796 /* 第四册 */ = {isa = PBXFileReference; lastKnownFileType = folder; path = "第四册"; sourceTree = "<group>"; };
		52B1B4011AE71AD70044C796 /* 第一册 */ = {isa = PBXFileReference; lastKnownFileType = folder; path = "第一册"; sourceTree = "<group>"; };
		52B3B3651ABE3CBD00C574A8 /* SYLrcView.h */ = {isa = PBXFileReference; fileEncoding = 4; lastKnownFileType = sourcecode.c.h; path = SYLrcView.h; sourceTree = "<group>"; };
		52B3B3661ABE3CBD00C574A8 /* SYLrcView.m */ = {isa = PBXFileReference; fileEncoding = 4; lastKnownFileType = sourcecode.c.objc; path = SYLrcView.m; sourceTree = "<group>"; };
		52B3B36C1ABF881B00C574A8 /* SYSongCell.h */ = {isa = PBXFileReference; fileEncoding = 4; lastKnownFileType = sourcecode.c.h; path = SYSongCell.h; sourceTree = "<group>"; };
		52B3B36D1ABF881B00C574A8 /* SYSongCell.m */ = {isa = PBXFileReference; fileEncoding = 4; lastKnownFileType = sourcecode.c.objc; path = SYSongCell.m; sourceTree = "<group>"; };
		52B3B36E1ABF881B00C574A8 /* SYSongCell.xib */ = {isa = PBXFileReference; fileEncoding = 4; lastKnownFileType = file.xib; path = SYSongCell.xib; sourceTree = "<group>"; };
		52B3B3711ABFB79D00C574A8 /* SYSongModel.h */ = {isa = PBXFileReference; fileEncoding = 4; lastKnownFileType = sourcecode.c.h; path = SYSongModel.h; sourceTree = "<group>"; };
		52B3B3721ABFB79D00C574A8 /* SYSongModel.m */ = {isa = PBXFileReference; fileEncoding = 4; lastKnownFileType = sourcecode.c.objc; path = SYSongModel.m; sourceTree = "<group>"; };
		52B463E01B08D6C400AE40AC /* UIImage+MIB.h */ = {isa = PBXFileReference; fileEncoding = 4; lastKnownFileType = sourcecode.c.h; path = "UIImage+MIB.h"; sourceTree = "<group>"; };
		52B463E11B08D6C400AE40AC /* UIImage+MIB.m */ = {isa = PBXFileReference; fileEncoding = 4; lastKnownFileType = sourcecode.c.objc; path = "UIImage+MIB.m"; sourceTree = "<group>"; };
		52B6B4011ABC5E9B000461BF /* MIBRootViewController.h */ = {isa = PBXFileReference; fileEncoding = 4; lastKnownFileType = sourcecode.c.h; path = MIBRootViewController.h; sourceTree = "<group>"; };
		52B6B4021ABC5E9B000461BF /* MIBRootViewController.m */ = {isa = PBXFileReference; fileEncoding = 4; lastKnownFileType = sourcecode.c.objc; path = MIBRootViewController.m; sourceTree = "<group>"; };
		52B6CC471A9BF53D00E043C0 /* SYPlayer.app */ = {isa = PBXFileReference; explicitFileType = wrapper.application; includeInIndex = 0; path = SYPlayer.app; sourceTree = BUILT_PRODUCTS_DIR; };
		52B6CC4B1A9BF53D00E043C0 /* Info.plist */ = {isa = PBXFileReference; lastKnownFileType = text.plist.xml; path = Info.plist; sourceTree = "<group>"; };
		52B6CC4C1A9BF53D00E043C0 /* main.m */ = {isa = PBXFileReference; lastKnownFileType = sourcecode.c.objc; path = main.m; sourceTree = "<group>"; };
		52B6CC4E1A9BF53D00E043C0 /* AppDelegate.h */ = {isa = PBXFileReference; lastKnownFileType = sourcecode.c.h; path = AppDelegate.h; sourceTree = "<group>"; };
		52B6CC4F1A9BF53D00E043C0 /* AppDelegate.m */ = {isa = PBXFileReference; lastKnownFileType = sourcecode.c.objc; path = AppDelegate.m; sourceTree = "<group>"; };
		52B6CC551A9BF53D00E043C0 /* Base */ = {isa = PBXFileReference; lastKnownFileType = file.storyboard; name = Base; path = Base.lproj/Main.storyboard; sourceTree = "<group>"; };
		52B6CC571A9BF53D00E043C0 /* Images.xcassets */ = {isa = PBXFileReference; lastKnownFileType = folder.assetcatalog; path = Images.xcassets; sourceTree = "<group>"; };
		52B6CC5A1A9BF53D00E043C0 /* Base */ = {isa = PBXFileReference; lastKnownFileType = file.xib; name = Base; path = Base.lproj/LaunchScreen.xib; sourceTree = "<group>"; };
		52B6CC601A9BF53D00E043C0 /* SYPlayerTests.xctest */ = {isa = PBXFileReference; explicitFileType = wrapper.cfbundle; includeInIndex = 0; path = SYPlayerTests.xctest; sourceTree = BUILT_PRODUCTS_DIR; };
		52B6CC651A9BF53D00E043C0 /* Info.plist */ = {isa = PBXFileReference; lastKnownFileType = text.plist.xml; path = Info.plist; sourceTree = "<group>"; };
		52B6CC661A9BF53D00E043C0 /* SYPlayerTests.m */ = {isa = PBXFileReference; lastKnownFileType = sourcecode.c.objc; path = SYPlayerTests.m; sourceTree = "<group>"; };
		52BA15641AEA0529004D5B55 /* EVCircularProgressView.h */ = {isa = PBXFileReference; fileEncoding = 4; lastKnownFileType = sourcecode.c.h; path = EVCircularProgressView.h; sourceTree = "<group>"; };
		52BA15651AEA0529004D5B55 /* EVCircularProgressView.m */ = {isa = PBXFileReference; fileEncoding = 4; lastKnownFileType = sourcecode.c.objc; path = EVCircularProgressView.m; sourceTree = "<group>"; };
		6782EEA4628A06A5D583C063 /* libPods.a */ = {isa = PBXFileReference; explicitFileType = archive.ar; includeInIndex = 0; path = libPods.a; sourceTree = BUILT_PRODUCTS_DIR; };
		C1BA314FB55BFFFFDDB77F2E /* Pods.release.xcconfig */ = {isa = PBXFileReference; includeInIndex = 1; lastKnownFileType = text.xcconfig; name = Pods.release.xcconfig; path = "Pods/Target Support Files/Pods/Pods.release.xcconfig"; sourceTree = "<group>"; };
/* End PBXFileReference section */

/* Begin PBXFrameworksBuildPhase section */
		52B6CC441A9BF53D00E043C0 /* Frameworks */ = {
			isa = PBXFrameworksBuildPhase;
			buildActionMask = 2147483647;
			files = (
				522424101AE5B96A00795868 /* StoreKit.framework in Frameworks */,
				5224240E1AE5B96200795868 /* Security.framework in Frameworks */,
				5224240C1AE5B95500795868 /* CoreTelephony.framework in Frameworks */,
				5224240A1AE5B94C00795868 /* SystemConfiguration.framework in Frameworks */,
				522424081AE5B94000795868 /* QuartzCore.framework in Frameworks */,
				522424061AE5B92E00795868 /* CoreLocation.framework in Frameworks */,
				522424041AE5B91200795868 /* AdSupport.framework in Frameworks */,
				524037D11AE539DE00E12A96 /* libz.dylib in Frameworks */,
				522424021AE5B74800795868 /* libGDTMobSDK_v3.3.a in Frameworks */,
				CA50C99333C41E2EBAF497B9 /* libPods.a in Frameworks */,
				524037CF1AE539B800E12A96 /* libMobClickLibrary.a in Frameworks */,
			);
			runOnlyForDeploymentPostprocessing = 0;
		};
		52B6CC5D1A9BF53D00E043C0 /* Frameworks */ = {
			isa = PBXFrameworksBuildPhase;
			buildActionMask = 2147483647;
			files = (
			);
			runOnlyForDeploymentPostprocessing = 0;
		};
/* End PBXFrameworksBuildPhase section */

/* Begin PBXGroup section */
		3F552767449B30BC6171A30D /* Pods */ = {
			isa = PBXGroup;
			children = (
				3E6801AC50639668D3115AA8 /* Pods.debug.xcconfig */,
				C1BA314FB55BFFFFDDB77F2E /* Pods.release.xcconfig */,
			);
			name = Pods;
			sourceTree = "<group>";
		};
		4729069209311C9BC55374BD /* Frameworks */ = {
			isa = PBXGroup;
			children = (
				5224240F1AE5B96A00795868 /* StoreKit.framework */,
				5224240D1AE5B96200795868 /* Security.framework */,
				5224240B1AE5B95500795868 /* CoreTelephony.framework */,
				522424091AE5B94C00795868 /* SystemConfiguration.framework */,
				522424071AE5B94000795868 /* QuartzCore.framework */,
				522424051AE5B92E00795868 /* CoreLocation.framework */,
				522424031AE5B91200795868 /* AdSupport.framework */,
				524037D01AE539DE00E12A96 /* libz.dylib */,
				6782EEA4628A06A5D583C063 /* libPods.a */,
			);
			name = Frameworks;
			sourceTree = "<group>";
		};
		521F15321AD403EC0049E225 /* Other */ = {
			isa = PBXGroup;
			children = (
				524B01AD1ABD252F00E183CB /* Categorys */,
				522423FD1AE5B73600795868 /* GDT */,
				524037CC1AE5399D00E12A96 /* UMENG */,
				52BA15641AEA0529004D5B55 /* EVCircularProgressView.h */,
				52BA15651AEA0529004D5B55 /* EVCircularProgressView.m */,
				522ACD5C1ADAA5AF00F12819 /* MKDownloader.h */,
				522ACD5D1ADAA5AF00F12819 /* MKDownloader.m */,
				521F15331AD4042C0049E225 /* MIBServer.h */,
				521F15341AD4042C0049E225 /* MIBServer.m */,
				52B463E01B08D6C400AE40AC /* UIImage+MIB.h */,
				52B463E11B08D6C400AE40AC /* UIImage+MIB.m */,
			);
			name = Other;
			sourceTree = "<group>";
		};
		522423FD1AE5B73600795868 /* GDT */ = {
			isa = PBXGroup;
			children = (
				522423FE1AE5B74800795868 /* GDTNativeAd.h */,
				522423FF1AE5B74800795868 /* libGDTMobSDK_v3.3.a */,
				522424001AE5B74800795868 /* GDTMobBannerView.h */,
				522424011AE5B74800795868 /* GDTMobInterstitial.h */,
			);
			name = GDT;
			sourceTree = "<group>";
		};
		52276C751B0B550700049815 /* LRC */ = {
			isa = PBXGroup;
			children = (
				52B3B3651ABE3CBD00C574A8 /* SYLrcView.h */,
				52B3B3661ABE3CBD00C574A8 /* SYLrcView.m */,
				522306AB1B0960D4000BA9D3 /* SYGradientView.h */,
				522306AC1B0960D4000BA9D3 /* SYGradientView.m */,
				521F28501B0D6226005921AA /* SYLrcMaskLayer.h */,
				521F28511B0D6226005921AA /* SYLrcMaskLayer.m */,
				52276C761B0B555B00049815 /* SYLrcMaskView.h */,
				52276C771B0B555B00049815 /* SYLrcMaskView.m */,
			);
			name = LRC;
			sourceTree = "<group>";
		};
		524037CC1AE5399D00E12A96 /* UMENG */ = {
			isa = PBXGroup;
			children = (
				524037CD1AE539B800E12A96 /* libMobClickLibrary.a */,
				524037CE1AE539B800E12A96 /* MobClick.h */,
			);
			name = UMENG;
			sourceTree = "<group>";
		};
		524B01A01ABD0FCB00E183CB /* View */ = {
			isa = PBXGroup;
			children = (
				52276C751B0B550700049815 /* LRC */,
				524B01AA1ABD194800E183CB /* SYTitleButton.h */,
				524B01AB1ABD194800E183CB /* SYTitleButton.m */,
				524B01B41ABD442600E183CB /* SYPlayerConsole.h */,
				524B01B51ABD442600E183CB /* SYPlayerConsole.m */,
				524B01B71ABD444F00E183CB /* SYPlayerConsole.xib */,
				52B3B36C1ABF881B00C574A8 /* SYSongCell.h */,
				52B3B36D1ABF881B00C574A8 /* SYSongCell.m */,
				52B3B36E1ABF881B00C574A8 /* SYSongCell.xib */,
				521F732F1AF7130E00700BBC /* SYRecordView.h */,
				521F73301AF7130E00700BBC /* SYRecordView.m */,
				522174F71B0C83E7004ADAE3 /* SYBackGroundScroll.h */,
				522174F81B0C83E7004ADAE3 /* SYBackGroundScroll.m */,
			);
			name = View;
			sourceTree = "<group>";
		};
		524B01A11ABD0FCF00E183CB /* Controller */ = {
			isa = PBXGroup;
			children = (
				524B019D1ABD072E00E183CB /* SYPlayingViewController.h */,
				524B019E1ABD072E00E183CB /* SYPlayingViewController.m */,
				52B14C721AE11CA9006F5F35 /* SYAudioController.h */,
				52B14C731AE11CA9006F5F35 /* SYAudioController.m */,
			);
			name = Controller;
			sourceTree = "<group>";
		};
		524B01A21ABD0FE300E183CB /* Model */ = {
			isa = PBXGroup;
			children = (
				52B3B3711ABFB79D00C574A8 /* SYSongModel.h */,
				52B3B3721ABFB79D00C574A8 /* SYSongModel.m */,
				522BB71A1ACD393300E834A4 /* SYPlayListModel.h */,
				522BB71B1ACD393300E834A4 /* SYPlayListModel.m */,
			);
			name = Model;
			sourceTree = "<group>";
		};
		524B01AD1ABD252F00E183CB /* Categorys */ = {
			isa = PBXGroup;
			children = (
				524B01B11ABD299700E183CB /* NSString+Tools.h */,
				524B01B21ABD299700E183CB /* NSString+Tools.m */,
			);
			name = Categorys;
			sourceTree = "<group>";
		};
		52B0B2141AFAF2F700B39977 /* RootController */ = {
			isa = PBXGroup;
			children = (
				52B0B21B1AFAF9E500B39977 /* Model */,
				52B0B2171AFAF3ED00B39977 /* View */,
				52B0B2161AFAF3CC00B39977 /* Controller */,
			);
			name = RootController;
			sourceTree = "<group>";
		};
		52B0B2151AFAF32A00B39977 /* PlayerViewController */ = {
			isa = PBXGroup;
			children = (
				524B01A21ABD0FE300E183CB /* Model */,
				524B01A11ABD0FCF00E183CB /* Controller */,
				524B01A01ABD0FCB00E183CB /* View */,
			);
			name = PlayerViewController;
			sourceTree = "<group>";
		};
		52B0B2161AFAF3CC00B39977 /* Controller */ = {
			isa = PBXGroup;
			children = (
				52B6B4011ABC5E9B000461BF /* MIBRootViewController.h */,
				52B6B4021ABC5E9B000461BF /* MIBRootViewController.m */,
			);
			name = Controller;
			sourceTree = "<group>";
		};
		52B0B2171AFAF3ED00B39977 /* View */ = {
			isa = PBXGroup;
			children = (
				52B0B2181AFAF44900B39977 /* SYCircleCell.h */,
				52B0B2191AFAF44900B39977 /* SYCircleCell.m */,
				522902471AFF503E00A6DDD0 /* SYCollectionViewLayout.h */,
				522902481AFF503E00A6DDD0 /* SYCollectionViewLayout.m */,
			);
			name = View;
			sourceTree = "<group>";
		};
		52B0B21B1AFAF9E500B39977 /* Model */ = {
			isa = PBXGroup;
			children = (
				52B0B21C1AFAFA1500B39977 /* SYCircleModel.h */,
				52B0B21D1AFAFA1500B39977 /* SYCircleModel.m */,
				522C058E1AFB67C60032BA84 /* VolumeList.plist */,
			);
			name = Model;
			sourceTree = "<group>";
		};
		52B6CC3E1A9BF53D00E043C0 = {
			isa = PBXGroup;
			children = (
				52B6CC491A9BF53D00E043C0 /* SYPlayer */,
				52B6CC631A9BF53D00E043C0 /* SYPlayerTests */,
				52B6CC481A9BF53D00E043C0 /* Products */,
				3F552767449B30BC6171A30D /* Pods */,
				4729069209311C9BC55374BD /* Frameworks */,
			);
			sourceTree = "<group>";
		};
		52B6CC481A9BF53D00E043C0 /* Products */ = {
			isa = PBXGroup;
			children = (
				52B6CC471A9BF53D00E043C0 /* SYPlayer.app */,
				52B6CC601A9BF53D00E043C0 /* SYPlayerTests.xctest */,
			);
			name = Products;
			sourceTree = "<group>";
		};
		52B6CC491A9BF53D00E043C0 /* SYPlayer */ = {
			isa = PBXGroup;
			children = (
				52B0B2141AFAF2F700B39977 /* RootController */,
				521F15321AD403EC0049E225 /* Other */,
				52B0B2151AFAF32A00B39977 /* PlayerViewController */,
				52B6CC4A1A9BF53D00E043C0 /* Supporting Files */,
			);
			path = SYPlayer;
			sourceTree = "<group>";
		};
		52B6CC4A1A9BF53D00E043C0 /* Supporting Files */ = {
			isa = PBXGroup;
			children = (
				52B6CC571A9BF53D00E043C0 /* Images.xcassets */,
				521F73271AF7091600700BBC /* mic */,
				521F73251AF4F16100700BBC /* sound */,
				522694C81AD79065003C2EFF /* song_list_第一册.plist */,
				522694C51AD79065003C2EFF /* song_list_第二册.plist */,
				522694C61AD79065003C2EFF /* song_list_第三册.plist */,
				522694C71AD79065003C2EFF /* song_list_第四册.plist */,
				52B1B3FF1AE71AD70044C796 /* 第三册 */,
				52B1B4001AE71AD70044C796 /* 第四册 */,
				52B1B4011AE71AD70044C796 /* 第一册 */,
				522BB89E1ACD6A1100E834A4 /* 第二册 */,
				522694C11AD54373003C2EFF /* root.plist */,
				522BB7181ACD321A00E834A4 /* nec_mp3_file_list.txt */,
				522ACD571ADA1D3100F12819 /* plan.txt */,
				52B6CC4E1A9BF53D00E043C0 /* AppDelegate.h */,
				52B6CC4F1A9BF53D00E043C0 /* AppDelegate.m */,
				52B6CC541A9BF53D00E043C0 /* Main.storyboard */,
				52B6CC591A9BF53D00E043C0 /* LaunchScreen.xib */,
				52B6CC4B1A9BF53D00E043C0 /* Info.plist */,
				52B6CC4C1A9BF53D00E043C0 /* main.m */,
				522ACD591ADAA45700F12819 /* Gloable.c */,
				522ACD5A1ADAA45700F12819 /* Gloable.h */,
			);
			name = "Supporting Files";
			sourceTree = "<group>";
		};
		52B6CC631A9BF53D00E043C0 /* SYPlayerTests */ = {
			isa = PBXGroup;
			children = (
				52B6CC661A9BF53D00E043C0 /* SYPlayerTests.m */,
				52B6CC641A9BF53D00E043C0 /* Supporting Files */,
			);
			path = SYPlayerTests;
			sourceTree = "<group>";
		};
		52B6CC641A9BF53D00E043C0 /* Supporting Files */ = {
			isa = PBXGroup;
			children = (
				52B6CC651A9BF53D00E043C0 /* Info.plist */,
			);
			name = "Supporting Files";
			sourceTree = "<group>";
		};
/* End PBXGroup section */

/* Begin PBXNativeTarget section */
		52B6CC461A9BF53D00E043C0 /* SYPlayer */ = {
			isa = PBXNativeTarget;
			buildConfigurationList = 52B6CC6A1A9BF53D00E043C0 /* Build configuration list for PBXNativeTarget "SYPlayer" */;
			buildPhases = (
				FDB37D870962FD8E7B77DC77 /* Check Pods Manifest.lock */,
				52B6CC431A9BF53D00E043C0 /* Sources */,
				52B6CC441A9BF53D00E043C0 /* Frameworks */,
				52B6CC451A9BF53D00E043C0 /* Resources */,
				20D16346E64CA0B13F9B6235 /* Copy Pods Resources */,
			);
			buildRules = (
			);
			dependencies = (
			);
			name = SYPlayer;
			productName = SYPlayer;
			productReference = 52B6CC471A9BF53D00E043C0 /* SYPlayer.app */;
			productType = "com.apple.product-type.application";
		};
		52B6CC5F1A9BF53D00E043C0 /* SYPlayerTests */ = {
			isa = PBXNativeTarget;
			buildConfigurationList = 52B6CC6D1A9BF53D00E043C0 /* Build configuration list for PBXNativeTarget "SYPlayerTests" */;
			buildPhases = (
				52B6CC5C1A9BF53D00E043C0 /* Sources */,
				52B6CC5D1A9BF53D00E043C0 /* Frameworks */,
				52B6CC5E1A9BF53D00E043C0 /* Resources */,
			);
			buildRules = (
			);
			dependencies = (
				52B6CC621A9BF53D00E043C0 /* PBXTargetDependency */,
			);
			name = SYPlayerTests;
			productName = SYPlayerTests;
			productReference = 52B6CC601A9BF53D00E043C0 /* SYPlayerTests.xctest */;
			productType = "com.apple.product-type.bundle.unit-test";
		};
/* End PBXNativeTarget section */

/* Begin PBXProject section */
		52B6CC3F1A9BF53D00E043C0 /* Project object */ = {
			isa = PBXProject;
			attributes = {
				LastUpgradeCheck = 0600;
				ORGANIZATIONNAME = YinYanhui;
				TargetAttributes = {
					52B6CC461A9BF53D00E043C0 = {
						CreatedOnToolsVersion = 6.0.1;
						DevelopmentTeam = P9E9N47422;
					};
					52B6CC5F1A9BF53D00E043C0 = {
						CreatedOnToolsVersion = 6.0.1;
						TestTargetID = 52B6CC461A9BF53D00E043C0;
					};
				};
			};
			buildConfigurationList = 52B6CC421A9BF53D00E043C0 /* Build configuration list for PBXProject "SYPlayer" */;
			compatibilityVersion = "Xcode 3.2";
			developmentRegion = English;
			hasScannedForEncodings = 0;
			knownRegions = (
				en,
				Base,
			);
			mainGroup = 52B6CC3E1A9BF53D00E043C0;
			productRefGroup = 52B6CC481A9BF53D00E043C0 /* Products */;
			projectDirPath = "";
			projectRoot = "";
			targets = (
				52B6CC461A9BF53D00E043C0 /* SYPlayer */,
				52B6CC5F1A9BF53D00E043C0 /* SYPlayerTests */,
			);
		};
/* End PBXProject section */

/* Begin PBXResourcesBuildPhase section */
		52B6CC451A9BF53D00E043C0 /* Resources */ = {
			isa = PBXResourcesBuildPhase;
			buildActionMask = 2147483647;
			files = (
				521F73281AF7091600700BBC /* mic in Resources */,
				522ACD581ADA1D3100F12819 /* plan.txt in Resources */,
				52B3B3701ABF881B00C574A8 /* SYSongCell.xib in Resources */,
				522C058F1AFB67C60032BA84 /* VolumeList.plist in Resources */,
				524B01B81ABD444F00E183CB /* SYPlayerConsole.xib in Resources */,
				52B1B4021AE71AD70044C796 /* 第三册 in Resources */,
				52B1B4031AE71AD70044C796 /* 第四册 in Resources */,
				522694CB1AD79065003C2EFF /* song_list_第四册.plist in Resources */,
				522BB89F1ACD6A1100E834A4 /* 第二册 in Resources */,
				52B6CC561A9BF53D00E043C0 /* Main.storyboard in Resources */,
				52B1B4041AE71AD70044C796 /* 第一册 in Resources */,
				522694CC1AD79065003C2EFF /* song_list_第一册.plist in Resources */,
				52B6CC5B1A9BF53D00E043C0 /* LaunchScreen.xib in Resources */,
				52B6CC581A9BF53D00E043C0 /* Images.xcassets in Resources */,
				522BB7191ACD321A00E834A4 /* nec_mp3_file_list.txt in Resources */,
				522694C31AD54373003C2EFF /* root.plist in Resources */,
				522694C91AD79065003C2EFF /* song_list_第二册.plist in Resources */,
				521F73261AF4F16100700BBC /* sound in Resources */,
				522694CA1AD79065003C2EFF /* song_list_第三册.plist in Resources */,
			);
			runOnlyForDeploymentPostprocessing = 0;
		};
		52B6CC5E1A9BF53D00E043C0 /* Resources */ = {
			isa = PBXResourcesBuildPhase;
			buildActionMask = 2147483647;
			files = (
			);
			runOnlyForDeploymentPostprocessing = 0;
		};
/* End PBXResourcesBuildPhase section */

/* Begin PBXShellScriptBuildPhase section */
		20D16346E64CA0B13F9B6235 /* Copy Pods Resources */ = {
			isa = PBXShellScriptBuildPhase;
			buildActionMask = 2147483647;
			files = (
			);
			inputPaths = (
			);
			name = "Copy Pods Resources";
			outputPaths = (
			);
			runOnlyForDeploymentPostprocessing = 0;
			shellPath = /bin/sh;
			shellScript = "\"${SRCROOT}/Pods/Target Support Files/Pods/Pods-resources.sh\"\n";
			showEnvVarsInLog = 0;
		};
		FDB37D870962FD8E7B77DC77 /* Check Pods Manifest.lock */ = {
			isa = PBXShellScriptBuildPhase;
			buildActionMask = 2147483647;
			files = (
			);
			inputPaths = (
			);
			name = "Check Pods Manifest.lock";
			outputPaths = (
			);
			runOnlyForDeploymentPostprocessing = 0;
			shellPath = /bin/sh;
			shellScript = "diff \"${PODS_ROOT}/../Podfile.lock\" \"${PODS_ROOT}/Manifest.lock\" > /dev/null\nif [[ $? != 0 ]] ; then\n    cat << EOM\nerror: The sandbox is not in sync with the Podfile.lock. Run 'pod install' or update your CocoaPods installation.\nEOM\n    exit 1\nfi\n";
			showEnvVarsInLog = 0;
		};
/* End PBXShellScriptBuildPhase section */

/* Begin PBXSourcesBuildPhase section */
		52B6CC431A9BF53D00E043C0 /* Sources */ = {
			isa = PBXSourcesBuildPhase;
			buildActionMask = 2147483647;
			files = (
				52B463E21B08D6C400AE40AC /* UIImage+MIB.m in Sources */,
				52B6B4031ABC5E9B000461BF /* MIBRootViewController.m in Sources */,
				52B3B3671ABE3CBD00C574A8 /* SYLrcView.m in Sources */,
				524B01B61ABD442600E183CB /* SYPlayerConsole.m in Sources */,
				52B0B21E1AFAFA1500B39977 /* SYCircleModel.m in Sources */,
				52BA15661AEA0529004D5B55 /* EVCircularProgressView.m in Sources */,
				524B01B31ABD299700E183CB /* NSString+Tools.m in Sources */,
				52B0B21A1AFAF44900B39977 /* SYCircleCell.m in Sources */,
				52B6CC501A9BF53D00E043C0 /* AppDelegate.m in Sources */,
				524B01AC1ABD194800E183CB /* SYTitleButton.m in Sources */,
				52B6CC4D1A9BF53D00E043C0 /* main.m in Sources */,
				52B3B3731ABFB79D00C574A8 /* SYSongModel.m in Sources */,
				521F28521B0D6226005921AA /* SYLrcMaskLayer.m in Sources */,
				52B14C741AE11CA9006F5F35 /* SYAudioController.m in Sources */,
				522902491AFF503E00A6DDD0 /* SYCollectionViewLayout.m in Sources */,
				52276C781B0B555B00049815 /* SYLrcMaskView.m in Sources */,
				524B019F1ABD072E00E183CB /* SYPlayingViewController.m in Sources */,
				522ACD5E1ADAA5AF00F12819 /* MKDownloader.m in Sources */,
				522306AD1B0960D4000BA9D3 /* SYGradientView.m in Sources */,
				522174F91B0C83E7004ADAE3 /* SYBackGroundScroll.m in Sources */,
				521F15351AD4042C0049E225 /* MIBServer.m in Sources */,
				522ACD5B1ADAA45700F12819 /* Gloable.c in Sources */,
				52B3B36F1ABF881B00C574A8 /* SYSongCell.m in Sources */,
				521F73311AF7130E00700BBC /* SYRecordView.m in Sources */,
				522BB71C1ACD393300E834A4 /* SYPlayListModel.m in Sources */,
			);
			runOnlyForDeploymentPostprocessing = 0;
		};
		52B6CC5C1A9BF53D00E043C0 /* Sources */ = {
			isa = PBXSourcesBuildPhase;
			buildActionMask = 2147483647;
			files = (
				52B6CC671A9BF53D00E043C0 /* SYPlayerTests.m in Sources */,
			);
			runOnlyForDeploymentPostprocessing = 0;
		};
/* End PBXSourcesBuildPhase section */

/* Begin PBXTargetDependency section */
		52B6CC621A9BF53D00E043C0 /* PBXTargetDependency */ = {
			isa = PBXTargetDependency;
			target = 52B6CC461A9BF53D00E043C0 /* SYPlayer */;
			targetProxy = 52B6CC611A9BF53D00E043C0 /* PBXContainerItemProxy */;
		};
/* End PBXTargetDependency section */

/* Begin PBXVariantGroup section */
		52B6CC541A9BF53D00E043C0 /* Main.storyboard */ = {
			isa = PBXVariantGroup;
			children = (
				52B6CC551A9BF53D00E043C0 /* Base */,
			);
			name = Main.storyboard;
			sourceTree = "<group>";
		};
		52B6CC591A9BF53D00E043C0 /* LaunchScreen.xib */ = {
			isa = PBXVariantGroup;
			children = (
				52B6CC5A1A9BF53D00E043C0 /* Base */,
			);
			name = LaunchScreen.xib;
			sourceTree = "<group>";
		};
/* End PBXVariantGroup section */

/* Begin XCBuildConfiguration section */
		52B6CC681A9BF53D00E043C0 /* Debug */ = {
			isa = XCBuildConfiguration;
			buildSettings = {
				ALWAYS_SEARCH_USER_PATHS = NO;
				CLANG_CXX_LANGUAGE_STANDARD = "gnu++0x";
				CLANG_CXX_LIBRARY = "libc++";
				CLANG_ENABLE_MODULES = YES;
				CLANG_ENABLE_OBJC_ARC = YES;
				CLANG_WARN_BOOL_CONVERSION = YES;
				CLANG_WARN_CONSTANT_CONVERSION = YES;
				CLANG_WARN_DIRECT_OBJC_ISA_USAGE = YES_ERROR;
				CLANG_WARN_EMPTY_BODY = YES;
				CLANG_WARN_ENUM_CONVERSION = YES;
				CLANG_WARN_INT_CONVERSION = YES;
				CLANG_WARN_OBJC_ROOT_CLASS = YES_ERROR;
				CLANG_WARN_UNREACHABLE_CODE = YES;
				CLANG_WARN__DUPLICATE_METHOD_MATCH = YES;
				"CODE_SIGN_IDENTITY[sdk=iphoneos*]" = "iPhone Developer";
				COPY_PHASE_STRIP = NO;
				ENABLE_STRICT_OBJC_MSGSEND = YES;
				GCC_C_LANGUAGE_STANDARD = gnu99;
				GCC_DYNAMIC_NO_PIC = NO;
				GCC_OPTIMIZATION_LEVEL = 0;
				GCC_PREPROCESSOR_DEFINITIONS = (
					"DEBUG=1",
					"$(inherited)",
				);
				GCC_SYMBOLS_PRIVATE_EXTERN = NO;
				GCC_WARN_64_TO_32_BIT_CONVERSION = YES;
				GCC_WARN_ABOUT_RETURN_TYPE = YES_ERROR;
				GCC_WARN_UNDECLARED_SELECTOR = YES;
				GCC_WARN_UNINITIALIZED_AUTOS = YES_AGGRESSIVE;
				GCC_WARN_UNUSED_FUNCTION = YES;
				GCC_WARN_UNUSED_VARIABLE = YES;
				IPHONEOS_DEPLOYMENT_TARGET = 8.0;
				MTL_ENABLE_DEBUG_INFO = YES;
				ONLY_ACTIVE_ARCH = YES;
				SDKROOT = iphoneos;
				TARGETED_DEVICE_FAMILY = "1,2";
			};
			name = Debug;
		};
		52B6CC691A9BF53D00E043C0 /* Release */ = {
			isa = XCBuildConfiguration;
			buildSettings = {
				ALWAYS_SEARCH_USER_PATHS = NO;
				CLANG_CXX_LANGUAGE_STANDARD = "gnu++0x";
				CLANG_CXX_LIBRARY = "libc++";
				CLANG_ENABLE_MODULES = YES;
				CLANG_ENABLE_OBJC_ARC = YES;
				CLANG_WARN_BOOL_CONVERSION = YES;
				CLANG_WARN_CONSTANT_CONVERSION = YES;
				CLANG_WARN_DIRECT_OBJC_ISA_USAGE = YES_ERROR;
				CLANG_WARN_EMPTY_BODY = YES;
				CLANG_WARN_ENUM_CONVERSION = YES;
				CLANG_WARN_INT_CONVERSION = YES;
				CLANG_WARN_OBJC_ROOT_CLASS = YES_ERROR;
				CLANG_WARN_UNREACHABLE_CODE = YES;
				CLANG_WARN__DUPLICATE_METHOD_MATCH = YES;
				"CODE_SIGN_IDENTITY[sdk=iphoneos*]" = "iPhone Developer";
				COPY_PHASE_STRIP = YES;
				ENABLE_NS_ASSERTIONS = NO;
				ENABLE_STRICT_OBJC_MSGSEND = YES;
				GCC_C_LANGUAGE_STANDARD = gnu99;
				GCC_WARN_64_TO_32_BIT_CONVERSION = YES;
				GCC_WARN_ABOUT_RETURN_TYPE = YES_ERROR;
				GCC_WARN_UNDECLARED_SELECTOR = YES;
				GCC_WARN_UNINITIALIZED_AUTOS = YES_AGGRESSIVE;
				GCC_WARN_UNUSED_FUNCTION = YES;
				GCC_WARN_UNUSED_VARIABLE = YES;
				IPHONEOS_DEPLOYMENT_TARGET = 8.0;
				MTL_ENABLE_DEBUG_INFO = NO;
				SDKROOT = iphoneos;
				TARGETED_DEVICE_FAMILY = "1,2";
				VALIDATE_PRODUCT = YES;
			};
			name = Release;
		};
		52B6CC6B1A9BF53D00E043C0 /* Debug */ = {
			isa = XCBuildConfiguration;
			baseConfigurationReference = 3E6801AC50639668D3115AA8 /* Pods.debug.xcconfig */;
			buildSettings = {
				ASSETCATALOG_COMPILER_APPICON_NAME = AppIcon;
				ASSETCATALOG_COMPILER_LAUNCHIMAGE_NAME = LaunchImage;
				CODE_SIGN_IDENTITY = "iPhone Developer: Yanhui Yin (HYB6X7HE9X)";
				INFOPLIST_FILE = SYPlayer/Info.plist;
				IPHONEOS_DEPLOYMENT_TARGET = 7.0;
				LD_RUNPATH_SEARCH_PATHS = "$(inherited) @executable_path/Frameworks";
				LIBRARY_SEARCH_PATHS = (
					"$(inherited)",
					"$(PROJECT_DIR)/SYPlayer",
				);
				PRODUCT_NAME = "$(TARGET_NAME)";
				PROVISIONING_PROFILE = "c8fad193-7195-4b48-af74-d00727e08f12";
				TARGETED_DEVICE_FAMILY = 1;
			};
			name = Debug;
		};
		52B6CC6C1A9BF53D00E043C0 /* Release */ = {
			isa = XCBuildConfiguration;
			baseConfigurationReference = C1BA314FB55BFFFFDDB77F2E /* Pods.release.xcconfig */;
			buildSettings = {
				ASSETCATALOG_COMPILER_APPICON_NAME = AppIcon;
				ASSETCATALOG_COMPILER_LAUNCHIMAGE_NAME = LaunchImage;
				CODE_SIGN_IDENTITY = "iPhone Distribution: Yanhui Yin (P9E9N47422)";
				INFOPLIST_FILE = SYPlayer/Info.plist;
				IPHONEOS_DEPLOYMENT_TARGET = 7.0;
				LD_RUNPATH_SEARCH_PATHS = "$(inherited) @executable_path/Frameworks";
				LIBRARY_SEARCH_PATHS = (
					"$(inherited)",
					"$(PROJECT_DIR)/SYPlayer",
				);
				PRODUCT_NAME = "$(TARGET_NAME)";
				PROVISIONING_PROFILE = "c8fad193-7195-4b48-af74-d00727e08f12";
				TARGETED_DEVICE_FAMILY = 1;
			};
			name = Release;
		};
		52B6CC6E1A9BF53D00E043C0 /* Debug */ = {
			isa = XCBuildConfiguration;
			buildSettings = {
				BUNDLE_LOADER = "$(TEST_HOST)";
				FRAMEWORK_SEARCH_PATHS = (
					"$(SDKROOT)/Developer/Library/Frameworks",
					"$(inherited)",
				);
				GCC_PREPROCESSOR_DEFINITIONS = (
					"DEBUG=1",
					"$(inherited)",
				);
				INFOPLIST_FILE = SYPlayerTests/Info.plist;
				LD_RUNPATH_SEARCH_PATHS = "$(inherited) @executable_path/Frameworks @loader_path/Frameworks";
				PRODUCT_NAME = "$(TARGET_NAME)";
				TEST_HOST = "$(BUILT_PRODUCTS_DIR)/SYPlayer.app/SYPlayer";
			};
			name = Debug;
		};
		52B6CC6F1A9BF53D00E043C0 /* Release */ = {
			isa = XCBuildConfiguration;
			buildSettings = {
				BUNDLE_LOADER = "$(TEST_HOST)";
				FRAMEWORK_SEARCH_PATHS = (
					"$(SDKROOT)/Developer/Library/Frameworks",
					"$(inherited)",
				);
				INFOPLIST_FILE = SYPlayerTests/Info.plist;
				LD_RUNPATH_SEARCH_PATHS = "$(inherited) @executable_path/Frameworks @loader_path/Frameworks";
				PRODUCT_NAME = "$(TARGET_NAME)";
				TEST_HOST = "$(BUILT_PRODUCTS_DIR)/SYPlayer.app/SYPlayer";
			};
			name = Release;
		};
/* End XCBuildConfiguration section */

/* Begin XCConfigurationList section */
		52B6CC421A9BF53D00E043C0 /* Build configuration list for PBXProject "SYPlayer" */ = {
			isa = XCConfigurationList;
			buildConfigurations = (
				52B6CC681A9BF53D00E043C0 /* Debug */,
				52B6CC691A9BF53D00E043C0 /* Release */,
			);
			defaultConfigurationIsVisible = 0;
			defaultConfigurationName = Release;
		};
		52B6CC6A1A9BF53D00E043C0 /* Build configuration list for PBXNativeTarget "SYPlayer" */ = {
			isa = XCConfigurationList;
			buildConfigurations = (
				52B6CC6B1A9BF53D00E043C0 /* Debug */,
				52B6CC6C1A9BF53D00E043C0 /* Release */,
			);
			defaultConfigurationIsVisible = 0;
			defaultConfigurationName = Release;
		};
		52B6CC6D1A9BF53D00E043C0 /* Build configuration list for PBXNativeTarget "SYPlayerTests" */ = {
			isa = XCConfigurationList;
			buildConfigurations = (
				52B6CC6E1A9BF53D00E043C0 /* Debug */,
				52B6CC6F1A9BF53D00E043C0 /* Release */,
			);
			defaultConfigurationIsVisible = 0;
			defaultConfigurationName = Release;
		};
/* End XCConfigurationList section */
	};
	rootObject = 52B6CC3F1A9BF53D00E043C0 /* Project object */;
}
