// !$*UTF8*$!
{
	archiveVersion = 1;
	classes = {
	};
	objectVersion = 46;
	objects = {

/* Begin PBXBuildFile section */
		5222CA6E1B1F13100016C4A1 /* SYOperationQueue.m in Sources */ = {isa = PBXBuildFile; fileRef = 5222CA6D1B1F13100016C4A1 /* SYOperationQueue.m */; };
		5222CA711B1F13700016C4A1 /* SYQueue.m in Sources */ = {isa = PBXBuildFile; fileRef = 5222CA701B1F13700016C4A1 /* SYQueue.m */; };
		522424041AE5B91200795868 /* AdSupport.framework in Frameworks */ = {isa = PBXBuildFile; fileRef = 522424031AE5B91200795868 /* AdSupport.framework */; settings = {ATTRIBUTES = (Weak, ); }; };
		522424061AE5B92E00795868 /* CoreLocation.framework in Frameworks */ = {isa = PBXBuildFile; fileRef = 522424051AE5B92E00795868 /* CoreLocation.framework */; };
		522424081AE5B94000795868 /* QuartzCore.framework in Frameworks */ = {isa = PBXBuildFile; fileRef = 522424071AE5B94000795868 /* QuartzCore.framework */; };
		5224240A1AE5B94C00795868 /* SystemConfiguration.framework in Frameworks */ = {isa = PBXBuildFile; fileRef = 522424091AE5B94C00795868 /* SystemConfiguration.framework */; };
		5224240C1AE5B95500795868 /* CoreTelephony.framework in Frameworks */ = {isa = PBXBuildFile; fileRef = 5224240B1AE5B95500795868 /* CoreTelephony.framework */; };
		5224240E1AE5B96200795868 /* Security.framework in Frameworks */ = {isa = PBXBuildFile; fileRef = 5224240D1AE5B96200795868 /* Security.framework */; };
		522424101AE5B96A00795868 /* StoreKit.framework in Frameworks */ = {isa = PBXBuildFile; fileRef = 5224240F1AE5B96A00795868 /* StoreKit.framework */; };
		524037D11AE539DE00E12A96 /* libz.dylib in Frameworks */ = {isa = PBXBuildFile; fileRef = 524037D01AE539DE00E12A96 /* libz.dylib */; };
		52B6CC4D1A9BF53D00E043C0 /* main.m in Sources */ = {isa = PBXBuildFile; fileRef = 52B6CC4C1A9BF53D00E043C0 /* main.m */; };
		52B6CC581A9BF53D00E043C0 /* Images.xcassets in Resources */ = {isa = PBXBuildFile; fileRef = 52B6CC571A9BF53D00E043C0 /* Images.xcassets */; };
		52B6CC671A9BF53D00E043C0 /* SYPlayerTests.m in Sources */ = {isa = PBXBuildFile; fileRef = 52B6CC661A9BF53D00E043C0 /* SYPlayerTests.m */; };
		52E4C7EE1B19615D00071FE8 /* SYCatcheTool.m in Sources */ = {isa = PBXBuildFile; fileRef = 52E4C7EC1B19615D00071FE8 /* SYCatcheTool.m */; };
		751258081B21CE7800ABD013 /* SYAlbum.m in Sources */ = {isa = PBXBuildFile; fileRef = 751257FF1B21CE7800ABD013 /* SYAlbum.m */; };
		751258091B21CE7800ABD013 /* SYAuthor.m in Sources */ = {isa = PBXBuildFile; fileRef = 751258011B21CE7800ABD013 /* SYAuthor.m */; };
		7512580B1B21CE7800ABD013 /* SYMediaInfo.m in Sources */ = {isa = PBXBuildFile; fileRef = 751258051B21CE7800ABD013 /* SYMediaInfo.m */; };
		7512580C1B21CE7800ABD013 /* SYModel.m in Sources */ = {isa = PBXBuildFile; fileRef = 751258071B21CE7800ABD013 /* SYModel.m */; };
		7512580F1B21CEAA00ABD013 /* SYSong.m in Sources */ = {isa = PBXBuildFile; fileRef = 7512580E1B21CEAA00ABD013 /* SYSong.m */; };
		751258121B21CEF300ABD013 /* SYAudioController.m in Sources */ = {isa = PBXBuildFile; fileRef = 751258111B21CEF300ABD013 /* SYAudioController.m */; };
		751258261B21D00B00ABD013 /* Gloable.c in Sources */ = {isa = PBXBuildFile; fileRef = 751258181B21D00B00ABD013 /* Gloable.c */; };
		751258271B21D00B00ABD013 /* LaunchScreen.xib in Resources */ = {isa = PBXBuildFile; fileRef = 7512581A1B21D00B00ABD013 /* LaunchScreen.xib */; };
		751258281B21D00B00ABD013 /* Main.storyboard in Resources */ = {isa = PBXBuildFile; fileRef = 7512581B1B21D00B00ABD013 /* Main.storyboard */; };
		7512582A1B21D00B00ABD013 /* nce_root.plist in Resources */ = {isa = PBXBuildFile; fileRef = 7512581D1B21D00B00ABD013 /* nce_root.plist */; };
		7512582B1B21D00B00ABD013 /* nec_mp3_file_list.txt in Resources */ = {isa = PBXBuildFile; fileRef = 7512581E1B21D00B00ABD013 /* nec_mp3_file_list.txt */; };
		7512582C1B21D00B00ABD013 /* plan.txt in Resources */ = {isa = PBXBuildFile; fileRef = 7512581F1B21D00B00ABD013 /* plan.txt */; };
		7512582F1B21D00B00ABD013 /* AppDelegate.m in Sources */ = {isa = PBXBuildFile; fileRef = 751258221B21D00B00ABD013 /* AppDelegate.m */; };
		751258481B21D11100ABD013 /* SYGradientView.m in Sources */ = {isa = PBXBuildFile; fileRef = 751258411B21D11100ABD013 /* SYGradientView.m */; };
		751258491B21D11100ABD013 /* SYLrcMaskLayer.m in Sources */ = {isa = PBXBuildFile; fileRef = 751258431B21D11100ABD013 /* SYLrcMaskLayer.m */; };
		7512584A1B21D11100ABD013 /* SYLrcMaskView.m in Sources */ = {isa = PBXBuildFile; fileRef = 751258451B21D11100ABD013 /* SYLrcMaskView.m */; };
		7512584B1B21D11100ABD013 /* SYLrcView.m in Sources */ = {isa = PBXBuildFile; fileRef = 751258471B21D11100ABD013 /* SYLrcView.m */; };
		751258591B21D16300ABD013 /* SYAlbumTableView.m in Sources */ = {isa = PBXBuildFile; fileRef = 7512584D1B21D16300ABD013 /* SYAlbumTableView.m */; };
		7512585A1B21D16300ABD013 /* SYBackGroundScroll.m in Sources */ = {isa = PBXBuildFile; fileRef = 7512584F1B21D16300ABD013 /* SYBackGroundScroll.m */; };
		7512585B1B21D16300ABD013 /* SYPlayerConsole.m in Sources */ = {isa = PBXBuildFile; fileRef = 751258511B21D16300ABD013 /* SYPlayerConsole.m */; };
		7512585C1B21D16300ABD013 /* SYPlayerConsole.xib in Resources */ = {isa = PBXBuildFile; fileRef = 751258521B21D16300ABD013 /* SYPlayerConsole.xib */; };
		7512585D1B21D16300ABD013 /* SYRecordView.m in Sources */ = {isa = PBXBuildFile; fileRef = 751258541B21D16300ABD013 /* SYRecordView.m */; };
		7512585E1B21D16300ABD013 /* SYSongCell.m in Sources */ = {isa = PBXBuildFile; fileRef = 751258561B21D16300ABD013 /* SYSongCell.m */; };
		7512585F1B21D16300ABD013 /* SYTitleButton.m in Sources */ = {isa = PBXBuildFile; fileRef = 751258581B21D16300ABD013 /* SYTitleButton.m */; };
		751258621B21D1A600ABD013 /* SYPlayingViewController.m in Sources */ = {isa = PBXBuildFile; fileRef = 751258611B21D1A600ABD013 /* SYPlayingViewController.m */; };
		751258691B21D24D00ABD013 /* SYRootViewController.m in Sources */ = {isa = PBXBuildFile; fileRef = 751258681B21D24D00ABD013 /* SYRootViewController.m */; };
		7512586D1B21D26B00ABD013 /* SYCircleModel.m in Sources */ = {isa = PBXBuildFile; fileRef = 7512586B1B21D26B00ABD013 /* SYCircleModel.m */; };
		7512586E1B21D26B00ABD013 /* VolumeList.plist in Resources */ = {isa = PBXBuildFile; fileRef = 7512586C1B21D26B00ABD013 /* VolumeList.plist */; };
		751258731B21D28100ABD013 /* SYCircleCell.m in Sources */ = {isa = PBXBuildFile; fileRef = 751258701B21D28100ABD013 /* SYCircleCell.m */; };
		751258741B21D28100ABD013 /* SYCollectionViewLayout.m in Sources */ = {isa = PBXBuildFile; fileRef = 751258721B21D28100ABD013 /* SYCollectionViewLayout.m */; };
		751258781B21D2DA00ABD013 /* EVCircularProgressView.m in Sources */ = {isa = PBXBuildFile; fileRef = 751258771B21D2DA00ABD013 /* EVCircularProgressView.m */; };
		751258811B21D36000ABD013 /* NSString+Tools.m in Sources */ = {isa = PBXBuildFile; fileRef = 7512587E1B21D36000ABD013 /* NSString+Tools.m */; };
		751258821B21D36000ABD013 /* UIImage+MIB.m in Sources */ = {isa = PBXBuildFile; fileRef = 751258801B21D36000ABD013 /* UIImage+MIB.m */; };
		751258871B21D37B00ABD013 /* libGDTMobSDK_v3.3.a in Frameworks */ = {isa = PBXBuildFile; fileRef = 751258861B21D37B00ABD013 /* libGDTMobSDK_v3.3.a */; };
		7512588E1B21D3A900ABD013 /* MIBServer.m in Sources */ = {isa = PBXBuildFile; fileRef = 751258891B21D3A900ABD013 /* MIBServer.m */; };
		7512588F1B21D3A900ABD013 /* MKDownloader.m in Sources */ = {isa = PBXBuildFile; fileRef = 7512588B1B21D3A900ABD013 /* MKDownloader.m */; };
		751258901B21D3A900ABD013 /* SYDropdownAlert.m in Sources */ = {isa = PBXBuildFile; fileRef = 7512588D1B21D3A900ABD013 /* SYDropdownAlert.m */; };
		751258931B21D3CA00ABD013 /* libMobClickLibrary.a in Frameworks */ = {isa = PBXBuildFile; fileRef = 751258911B21D3CA00ABD013 /* libMobClickLibrary.a */; };
		7512589A1B21D8AF00ABD013 /* Assets in Resources */ = {isa = PBXBuildFile; fileRef = 751258991B21D8AF00ABD013 /* Assets */; };
		7512589B1B21E00400ABD013 /* nce_root.db in Resources */ = {isa = PBXBuildFile; fileRef = 751258941B21D58400ABD013 /* nce_root.db */; };
		759A44731B24317100D7B677 /* Crashlytics.framework in Frameworks */ = {isa = PBXBuildFile; fileRef = 759A44721B24317100D7B677 /* Crashlytics.framework */; };
		CA50C99333C41E2EBAF497B9 /* libPods.a in Frameworks */ = {isa = PBXBuildFile; fileRef = 6782EEA4628A06A5D583C063 /* libPods.a */; };
/* End PBXBuildFile section */

/* Begin PBXContainerItemProxy section */
		52B6CC611A9BF53D00E043C0 /* PBXContainerItemProxy */ = {
			isa = PBXContainerItemProxy;
			containerPortal = 52B6CC3F1A9BF53D00E043C0 /* Project object */;
			proxyType = 1;
			remoteGlobalIDString = 52B6CC461A9BF53D00E043C0;
			remoteInfo = SYPlayer;
		};
/* End PBXContainerItemProxy section */

/* Begin PBXFileReference section */
		3E6801AC50639668D3115AA8 /* Pods.debug.xcconfig */ = {isa = PBXFileReference; includeInIndex = 1; lastKnownFileType = text.xcconfig; name = Pods.debug.xcconfig; path = "Pods/Target Support Files/Pods/Pods.debug.xcconfig"; sourceTree = "<group>"; };
		5222CA6C1B1F13100016C4A1 /* SYOperationQueue.h */ = {isa = PBXFileReference; fileEncoding = 4; lastKnownFileType = sourcecode.c.h; path = SYOperationQueue.h; sourceTree = "<group>"; };
		5222CA6D1B1F13100016C4A1 /* SYOperationQueue.m */ = {isa = PBXFileReference; fileEncoding = 4; lastKnownFileType = sourcecode.c.objc; path = SYOperationQueue.m; sourceTree = "<group>"; };
		5222CA6F1B1F13700016C4A1 /* SYQueue.h */ = {isa = PBXFileReference; fileEncoding = 4; lastKnownFileType = sourcecode.c.h; path = SYQueue.h; sourceTree = "<group>"; };
		5222CA701B1F13700016C4A1 /* SYQueue.m */ = {isa = PBXFileReference; fileEncoding = 4; lastKnownFileType = sourcecode.c.objc; path = SYQueue.m; sourceTree = "<group>"; };
		522424031AE5B91200795868 /* AdSupport.framework */ = {isa = PBXFileReference; lastKnownFileType = wrapper.framework; name = AdSupport.framework; path = System/Library/Frameworks/AdSupport.framework; sourceTree = SDKROOT; };
		522424051AE5B92E00795868 /* CoreLocation.framework */ = {isa = PBXFileReference; lastKnownFileType = wrapper.framework; name = CoreLocation.framework; path = System/Library/Frameworks/CoreLocation.framework; sourceTree = SDKROOT; };
		522424071AE5B94000795868 /* QuartzCore.framework */ = {isa = PBXFileReference; lastKnownFileType = wrapper.framework; name = QuartzCore.framework; path = System/Library/Frameworks/QuartzCore.framework; sourceTree = SDKROOT; };
		522424091AE5B94C00795868 /* SystemConfiguration.framework */ = {isa = PBXFileReference; lastKnownFileType = wrapper.framework; name = SystemConfiguration.framework; path = System/Library/Frameworks/SystemConfiguration.framework; sourceTree = SDKROOT; };
		5224240B1AE5B95500795868 /* CoreTelephony.framework */ = {isa = PBXFileReference; lastKnownFileType = wrapper.framework; name = CoreTelephony.framework; path = System/Library/Frameworks/CoreTelephony.framework; sourceTree = SDKROOT; };
		5224240D1AE5B96200795868 /* Security.framework */ = {isa = PBXFileReference; lastKnownFileType = wrapper.framework; name = Security.framework; path = System/Library/Frameworks/Security.framework; sourceTree = SDKROOT; };
		5224240F1AE5B96A00795868 /* StoreKit.framework */ = {isa = PBXFileReference; lastKnownFileType = wrapper.framework; name = StoreKit.framework; path = System/Library/Frameworks/StoreKit.framework; sourceTree = SDKROOT; };
		524037D01AE539DE00E12A96 /* libz.dylib */ = {isa = PBXFileReference; lastKnownFileType = "compiled.mach-o.dylib"; name = libz.dylib; path = usr/lib/libz.dylib; sourceTree = SDKROOT; };
		52B6CC471A9BF53D00E043C0 /* SYPlayer.app */ = {isa = PBXFileReference; explicitFileType = wrapper.application; includeInIndex = 0; path = SYPlayer.app; sourceTree = BUILT_PRODUCTS_DIR; };
		52B6CC4B1A9BF53D00E043C0 /* Info.plist */ = {isa = PBXFileReference; lastKnownFileType = text.plist.xml; path = Info.plist; sourceTree = "<group>"; };
		52B6CC4C1A9BF53D00E043C0 /* main.m */ = {isa = PBXFileReference; lastKnownFileType = sourcecode.c.objc; path = main.m; sourceTree = "<group>"; };
		52B6CC571A9BF53D00E043C0 /* Images.xcassets */ = {isa = PBXFileReference; lastKnownFileType = folder.assetcatalog; path = Images.xcassets; sourceTree = "<group>"; };
		52B6CC601A9BF53D00E043C0 /* SYPlayerTests.xctest */ = {isa = PBXFileReference; explicitFileType = wrapper.cfbundle; includeInIndex = 0; path = SYPlayerTests.xctest; sourceTree = BUILT_PRODUCTS_DIR; };
		52B6CC651A9BF53D00E043C0 /* Info.plist */ = {isa = PBXFileReference; lastKnownFileType = text.plist.xml; path = Info.plist; sourceTree = "<group>"; };
		52B6CC661A9BF53D00E043C0 /* SYPlayerTests.m */ = {isa = PBXFileReference; lastKnownFileType = sourcecode.c.objc; path = SYPlayerTests.m; sourceTree = "<group>"; };
		52E4C7EC1B19615D00071FE8 /* SYCatcheTool.m */ = {isa = PBXFileReference; fileEncoding = 4; lastKnownFileType = sourcecode.c.objc; path = SYCatcheTool.m; sourceTree = "<group>"; };
		52E4C7ED1B19615D00071FE8 /* SYCatcheTool.h */ = {isa = PBXFileReference; fileEncoding = 4; lastKnownFileType = sourcecode.c.h; path = SYCatcheTool.h; sourceTree = "<group>"; };
		6782EEA4628A06A5D583C063 /* libPods.a */ = {isa = PBXFileReference; explicitFileType = archive.ar; includeInIndex = 0; path = libPods.a; sourceTree = BUILT_PRODUCTS_DIR; };
		751257FE1B21CE7800ABD013 /* SYAlbum.h */ = {isa = PBXFileReference; fileEncoding = 4; lastKnownFileType = sourcecode.c.h; path = SYAlbum.h; sourceTree = "<group>"; };
		751257FF1B21CE7800ABD013 /* SYAlbum.m */ = {isa = PBXFileReference; fileEncoding = 4; lastKnownFileType = sourcecode.c.objc; path = SYAlbum.m; sourceTree = "<group>"; };
		751258001B21CE7800ABD013 /* SYAuthor.h */ = {isa = PBXFileReference; fileEncoding = 4; lastKnownFileType = sourcecode.c.h; path = SYAuthor.h; sourceTree = "<group>"; };
		751258011B21CE7800ABD013 /* SYAuthor.m */ = {isa = PBXFileReference; fileEncoding = 4; lastKnownFileType = sourcecode.c.objc; path = SYAuthor.m; sourceTree = "<group>"; };
		751258041B21CE7800ABD013 /* SYMediaInfo.h */ = {isa = PBXFileReference; fileEncoding = 4; lastKnownFileType = sourcecode.c.h; path = SYMediaInfo.h; sourceTree = "<group>"; };
		751258051B21CE7800ABD013 /* SYMediaInfo.m */ = {isa = PBXFileReference; fileEncoding = 4; lastKnownFileType = sourcecode.c.objc; path = SYMediaInfo.m; sourceTree = "<group>"; };
		751258061B21CE7800ABD013 /* SYModel.h */ = {isa = PBXFileReference; fileEncoding = 4; lastKnownFileType = sourcecode.c.h; path = SYModel.h; sourceTree = "<group>"; };
		751258071B21CE7800ABD013 /* SYModel.m */ = {isa = PBXFileReference; fileEncoding = 4; lastKnownFileType = sourcecode.c.objc; path = SYModel.m; sourceTree = "<group>"; };
		7512580D1B21CEAA00ABD013 /* SYSong.h */ = {isa = PBXFileReference; fileEncoding = 4; lastKnownFileType = sourcecode.c.h; path = SYSong.h; sourceTree = "<group>"; };
		7512580E1B21CEAA00ABD013 /* SYSong.m */ = {isa = PBXFileReference; fileEncoding = 4; lastKnownFileType = sourcecode.c.objc; path = SYSong.m; sourceTree = "<group>"; };
		751258101B21CEF300ABD013 /* SYAudioController.h */ = {isa = PBXFileReference; fileEncoding = 4; lastKnownFileType = sourcecode.c.h; path = SYAudioController.h; sourceTree = "<group>"; };
		751258111B21CEF300ABD013 /* SYAudioController.m */ = {isa = PBXFileReference; fileEncoding = 4; lastKnownFileType = sourcecode.c.objc; path = SYAudioController.m; sourceTree = "<group>"; };
		751258171B21D00B00ABD013 /* AppDelegate.h */ = {isa = PBXFileReference; fileEncoding = 4; lastKnownFileType = sourcecode.c.h; path = AppDelegate.h; sourceTree = "<group>"; };
		751258181B21D00B00ABD013 /* Gloable.c */ = {isa = PBXFileReference; fileEncoding = 4; lastKnownFileType = sourcecode.c.c; path = Gloable.c; sourceTree = "<group>"; };
		751258191B21D00B00ABD013 /* Gloable.h */ = {isa = PBXFileReference; fileEncoding = 4; lastKnownFileType = sourcecode.c.h; path = Gloable.h; sourceTree = "<group>"; };
		7512581A1B21D00B00ABD013 /* LaunchScreen.xib */ = {isa = PBXFileReference; fileEncoding = 4; lastKnownFileType = file.xib; path = LaunchScreen.xib; sourceTree = "<group>"; };
		7512581B1B21D00B00ABD013 /* Main.storyboard */ = {isa = PBXFileReference; fileEncoding = 4; lastKnownFileType = file.storyboard; path = Main.storyboard; sourceTree = "<group>"; };
		7512581D1B21D00B00ABD013 /* nce_root.plist */ = {isa = PBXFileReference; fileEncoding = 4; lastKnownFileType = text.plist.xml; path = nce_root.plist; sourceTree = "<group>"; };
		7512581E1B21D00B00ABD013 /* nec_mp3_file_list.txt */ = {isa = PBXFileReference; fileEncoding = 4; lastKnownFileType = text; path = nec_mp3_file_list.txt; sourceTree = "<group>"; };
		7512581F1B21D00B00ABD013 /* plan.txt */ = {isa = PBXFileReference; fileEncoding = 4; lastKnownFileType = text; path = plan.txt; sourceTree = "<group>"; };
		751258221B21D00B00ABD013 /* AppDelegate.m */ = {isa = PBXFileReference; fileEncoding = 4; lastKnownFileType = sourcecode.c.objc; path = AppDelegate.m; sourceTree = "<group>"; };
		751258401B21D11100ABD013 /* SYGradientView.h */ = {isa = PBXFileReference; fileEncoding = 4; lastKnownFileType = sourcecode.c.h; path = SYGradientView.h; sourceTree = "<group>"; };
		751258411B21D11100ABD013 /* SYGradientView.m */ = {isa = PBXFileReference; fileEncoding = 4; lastKnownFileType = sourcecode.c.objc; path = SYGradientView.m; sourceTree = "<group>"; };
		751258421B21D11100ABD013 /* SYLrcMaskLayer.h */ = {isa = PBXFileReference; fileEncoding = 4; lastKnownFileType = sourcecode.c.h; path = SYLrcMaskLayer.h; sourceTree = "<group>"; };
		751258431B21D11100ABD013 /* SYLrcMaskLayer.m */ = {isa = PBXFileReference; fileEncoding = 4; lastKnownFileType = sourcecode.c.objc; path = SYLrcMaskLayer.m; sourceTree = "<group>"; };
		751258441B21D11100ABD013 /* SYLrcMaskView.h */ = {isa = PBXFileReference; fileEncoding = 4; lastKnownFileType = sourcecode.c.h; path = SYLrcMaskView.h; sourceTree = "<group>"; };
		751258451B21D11100ABD013 /* SYLrcMaskView.m */ = {isa = PBXFileReference; fileEncoding = 4; lastKnownFileType = sourcecode.c.objc; path = SYLrcMaskView.m; sourceTree = "<group>"; };
		751258461B21D11100ABD013 /* SYLrcView.h */ = {isa = PBXFileReference; fileEncoding = 4; lastKnownFileType = sourcecode.c.h; path = SYLrcView.h; sourceTree = "<group>"; };
		751258471B21D11100ABD013 /* SYLrcView.m */ = {isa = PBXFileReference; fileEncoding = 4; lastKnownFileType = sourcecode.c.objc; path = SYLrcView.m; sourceTree = "<group>"; };
		7512584C1B21D16300ABD013 /* SYAlbumTableView.h */ = {isa = PBXFileReference; fileEncoding = 4; lastKnownFileType = sourcecode.c.h; path = SYAlbumTableView.h; sourceTree = "<group>"; };
		7512584D1B21D16300ABD013 /* SYAlbumTableView.m */ = {isa = PBXFileReference; fileEncoding = 4; lastKnownFileType = sourcecode.c.objc; path = SYAlbumTableView.m; sourceTree = "<group>"; };
		7512584E1B21D16300ABD013 /* SYBackGroundScroll.h */ = {isa = PBXFileReference; fileEncoding = 4; lastKnownFileType = sourcecode.c.h; path = SYBackGroundScroll.h; sourceTree = "<group>"; };
		7512584F1B21D16300ABD013 /* SYBackGroundScroll.m */ = {isa = PBXFileReference; fileEncoding = 4; lastKnownFileType = sourcecode.c.objc; path = SYBackGroundScroll.m; sourceTree = "<group>"; };
		751258501B21D16300ABD013 /* SYPlayerConsole.h */ = {isa = PBXFileReference; fileEncoding = 4; lastKnownFileType = sourcecode.c.h; path = SYPlayerConsole.h; sourceTree = "<group>"; };
		751258511B21D16300ABD013 /* SYPlayerConsole.m */ = {isa = PBXFileReference; fileEncoding = 4; lastKnownFileType = sourcecode.c.objc; path = SYPlayerConsole.m; sourceTree = "<group>"; };
		751258521B21D16300ABD013 /* SYPlayerConsole.xib */ = {isa = PBXFileReference; fileEncoding = 4; lastKnownFileType = file.xib; path = SYPlayerConsole.xib; sourceTree = "<group>"; };
		751258531B21D16300ABD013 /* SYRecordView.h */ = {isa = PBXFileReference; fileEncoding = 4; lastKnownFileType = sourcecode.c.h; path = SYRecordView.h; sourceTree = "<group>"; };
		751258541B21D16300ABD013 /* SYRecordView.m */ = {isa = PBXFileReference; fileEncoding = 4; lastKnownFileType = sourcecode.c.objc; path = SYRecordView.m; sourceTree = "<group>"; };
		751258551B21D16300ABD013 /* SYSongCell.h */ = {isa = PBXFileReference; fileEncoding = 4; lastKnownFileType = sourcecode.c.h; path = SYSongCell.h; sourceTree = "<group>"; };
		751258561B21D16300ABD013 /* SYSongCell.m */ = {isa = PBXFileReference; fileEncoding = 4; lastKnownFileType = sourcecode.c.objc; path = SYSongCell.m; sourceTree = "<group>"; };
		751258571B21D16300ABD013 /* SYTitleButton.h */ = {isa = PBXFileReference; fileEncoding = 4; lastKnownFileType = sourcecode.c.h; path = SYTitleButton.h; sourceTree = "<group>"; };
		751258581B21D16300ABD013 /* SYTitleButton.m */ = {isa = PBXFileReference; fileEncoding = 4; lastKnownFileType = sourcecode.c.objc; path = SYTitleButton.m; sourceTree = "<group>"; };
		751258601B21D1A600ABD013 /* SYPlayingViewController.h */ = {isa = PBXFileReference; fileEncoding = 4; lastKnownFileType = sourcecode.c.h; path = SYPlayingViewController.h; sourceTree = "<group>"; };
		751258611B21D1A600ABD013 /* SYPlayingViewController.m */ = {isa = PBXFileReference; fileEncoding = 4; lastKnownFileType = sourcecode.c.objc; path = SYPlayingViewController.m; sourceTree = "<group>"; };
		751258671B21D24D00ABD013 /* SYRootViewController.h */ = {isa = PBXFileReference; fileEncoding = 4; lastKnownFileType = sourcecode.c.h; path = SYRootViewController.h; sourceTree = "<group>"; };
		751258681B21D24D00ABD013 /* SYRootViewController.m */ = {isa = PBXFileReference; fileEncoding = 4; lastKnownFileType = sourcecode.c.objc; path = SYRootViewController.m; sourceTree = "<group>"; };
		7512586A1B21D26B00ABD013 /* SYCircleModel.h */ = {isa = PBXFileReference; fileEncoding = 4; lastKnownFileType = sourcecode.c.h; path = SYCircleModel.h; sourceTree = "<group>"; };
		7512586B1B21D26B00ABD013 /* SYCircleModel.m */ = {isa = PBXFileReference; fileEncoding = 4; lastKnownFileType = sourcecode.c.objc; path = SYCircleModel.m; sourceTree = "<group>"; };
		7512586C1B21D26B00ABD013 /* VolumeList.plist */ = {isa = PBXFileReference; fileEncoding = 4; lastKnownFileType = text.plist.xml; path = VolumeList.plist; sourceTree = "<group>"; };
		7512586F1B21D28100ABD013 /* SYCircleCell.h */ = {isa = PBXFileReference; fileEncoding = 4; lastKnownFileType = sourcecode.c.h; path = SYCircleCell.h; sourceTree = "<group>"; };
		751258701B21D28100ABD013 /* SYCircleCell.m */ = {isa = PBXFileReference; fileEncoding = 4; lastKnownFileType = sourcecode.c.objc; path = SYCircleCell.m; sourceTree = "<group>"; };
		751258711B21D28100ABD013 /* SYCollectionViewLayout.h */ = {isa = PBXFileReference; fileEncoding = 4; lastKnownFileType = sourcecode.c.h; path = SYCollectionViewLayout.h; sourceTree = "<group>"; };
		751258721B21D28100ABD013 /* SYCollectionViewLayout.m */ = {isa = PBXFileReference; fileEncoding = 4; lastKnownFileType = sourcecode.c.objc; path = SYCollectionViewLayout.m; sourceTree = "<group>"; };
		751258761B21D2DA00ABD013 /* EVCircularProgressView.h */ = {isa = PBXFileReference; fileEncoding = 4; lastKnownFileType = sourcecode.c.h; path = EVCircularProgressView.h; sourceTree = "<group>"; };
		751258771B21D2DA00ABD013 /* EVCircularProgressView.m */ = {isa = PBXFileReference; fileEncoding = 4; lastKnownFileType = sourcecode.c.objc; path = EVCircularProgressView.m; sourceTree = "<group>"; };
		7512587D1B21D36000ABD013 /* NSString+Tools.h */ = {isa = PBXFileReference; fileEncoding = 4; lastKnownFileType = sourcecode.c.h; path = "NSString+Tools.h"; sourceTree = "<group>"; };
		7512587E1B21D36000ABD013 /* NSString+Tools.m */ = {isa = PBXFileReference; fileEncoding = 4; lastKnownFileType = sourcecode.c.objc; path = "NSString+Tools.m"; sourceTree = "<group>"; };
		7512587F1B21D36000ABD013 /* UIImage+MIB.h */ = {isa = PBXFileReference; fileEncoding = 4; lastKnownFileType = sourcecode.c.h; path = "UIImage+MIB.h"; sourceTree = "<group>"; };
		751258801B21D36000ABD013 /* UIImage+MIB.m */ = {isa = PBXFileReference; fileEncoding = 4; lastKnownFileType = sourcecode.c.objc; path = "UIImage+MIB.m"; sourceTree = "<group>"; };
		751258831B21D37B00ABD013 /* GDTMobBannerView.h */ = {isa = PBXFileReference; fileEncoding = 4; lastKnownFileType = sourcecode.c.h; path = GDTMobBannerView.h; sourceTree = "<group>"; };
		751258841B21D37B00ABD013 /* GDTMobInterstitial.h */ = {isa = PBXFileReference; fileEncoding = 4; lastKnownFileType = sourcecode.c.h; path = GDTMobInterstitial.h; sourceTree = "<group>"; };
		751258851B21D37B00ABD013 /* GDTNativeAd.h */ = {isa = PBXFileReference; fileEncoding = 4; lastKnownFileType = sourcecode.c.h; path = GDTNativeAd.h; sourceTree = "<group>"; };
		751258861B21D37B00ABD013 /* libGDTMobSDK_v3.3.a */ = {isa = PBXFileReference; lastKnownFileType = archive.ar; path = libGDTMobSDK_v3.3.a; sourceTree = "<group>"; };
		751258881B21D3A900ABD013 /* MIBServer.h */ = {isa = PBXFileReference; fileEncoding = 4; lastKnownFileType = sourcecode.c.h; path = MIBServer.h; sourceTree = "<group>"; };
		751258891B21D3A900ABD013 /* MIBServer.m */ = {isa = PBXFileReference; fileEncoding = 4; lastKnownFileType = sourcecode.c.objc; path = MIBServer.m; sourceTree = "<group>"; };
		7512588A1B21D3A900ABD013 /* MKDownloader.h */ = {isa = PBXFileReference; fileEncoding = 4; lastKnownFileType = sourcecode.c.h; path = MKDownloader.h; sourceTree = "<group>"; };
		7512588B1B21D3A900ABD013 /* MKDownloader.m */ = {isa = PBXFileReference; fileEncoding = 4; lastKnownFileType = sourcecode.c.objc; path = MKDownloader.m; sourceTree = "<group>"; };
		7512588C1B21D3A900ABD013 /* SYDropdownAlert.h */ = {isa = PBXFileReference; fileEncoding = 4; lastKnownFileType = sourcecode.c.h; path = SYDropdownAlert.h; sourceTree = "<group>"; };
		7512588D1B21D3A900ABD013 /* SYDropdownAlert.m */ = {isa = PBXFileReference; fileEncoding = 4; lastKnownFileType = sourcecode.c.objc; path = SYDropdownAlert.m; sourceTree = "<group>"; };
		751258911B21D3CA00ABD013 /* libMobClickLibrary.a */ = {isa = PBXFileReference; lastKnownFileType = archive.ar; path = libMobClickLibrary.a; sourceTree = "<group>"; };
		751258921B21D3CA00ABD013 /* MobClick.h */ = {isa = PBXFileReference; fileEncoding = 4; lastKnownFileType = sourcecode.c.h; path = MobClick.h; sourceTree = "<group>"; };
		751258941B21D58400ABD013 /* nce_root.db */ = {isa = PBXFileReference; lastKnownFileType = file; path = nce_root.db; sourceTree = "<group>"; };
		751258981B21D67600ABD013 /* root.txt */ = {isa = PBXFileReference; lastKnownFileType = text; path = root.txt; sourceTree = "<group>"; };
		751258991B21D8AF00ABD013 /* Assets */ = {isa = PBXFileReference; lastKnownFileType = folder; path = Assets; sourceTree = "<group>"; };
		759A44721B24317100D7B677 /* Crashlytics.framework */ = {isa = PBXFileReference; lastKnownFileType = wrapper.framework; path = Crashlytics.framework; sourceTree = "<group>"; };
		C1BA314FB55BFFFFDDB77F2E /* Pods.release.xcconfig */ = {isa = PBXFileReference; includeInIndex = 1; lastKnownFileType = text.xcconfig; name = Pods.release.xcconfig; path = "Pods/Target Support Files/Pods/Pods.release.xcconfig"; sourceTree = "<group>"; };
/* End PBXFileReference section */

/* Begin PBXFrameworksBuildPhase section */
		52B6CC441A9BF53D00E043C0 /* Frameworks */ = {
			isa = PBXFrameworksBuildPhase;
			buildActionMask = 2147483647;
			files = (
				522424101AE5B96A00795868 /* StoreKit.framework in Frameworks */,
				5224240E1AE5B96200795868 /* Security.framework in Frameworks */,
				751258931B21D3CA00ABD013 /* libMobClickLibrary.a in Frameworks */,
				5224240C1AE5B95500795868 /* CoreTelephony.framework in Frameworks */,
				5224240A1AE5B94C00795868 /* SystemConfiguration.framework in Frameworks */,
				751258871B21D37B00ABD013 /* libGDTMobSDK_v3.3.a in Frameworks */,
				522424081AE5B94000795868 /* QuartzCore.framework in Frameworks */,
				522424061AE5B92E00795868 /* CoreLocation.framework in Frameworks */,
				522424041AE5B91200795868 /* AdSupport.framework in Frameworks */,
				524037D11AE539DE00E12A96 /* libz.dylib in Frameworks */,
				759A44731B24317100D7B677 /* Crashlytics.framework in Frameworks */,
				CA50C99333C41E2EBAF497B9 /* libPods.a in Frameworks */,
			);
			runOnlyForDeploymentPostprocessing = 0;
		};
		52B6CC5D1A9BF53D00E043C0 /* Frameworks */ = {
			isa = PBXFrameworksBuildPhase;
			buildActionMask = 2147483647;
			files = (
			);
			runOnlyForDeploymentPostprocessing = 0;
		};
/* End PBXFrameworksBuildPhase section */

/* Begin PBXGroup section */
		3F552767449B30BC6171A30D /* Pods */ = {
			isa = PBXGroup;
			children = (
				3E6801AC50639668D3115AA8 /* Pods.debug.xcconfig */,
				C1BA314FB55BFFFFDDB77F2E /* Pods.release.xcconfig */,
			);
			name = Pods;
			sourceTree = "<group>";
		};
		4729069209311C9BC55374BD /* Frameworks */ = {
			isa = PBXGroup;
			children = (
				759A44721B24317100D7B677 /* Crashlytics.framework */,
				5224240F1AE5B96A00795868 /* StoreKit.framework */,
				5224240D1AE5B96200795868 /* Security.framework */,
				5224240B1AE5B95500795868 /* CoreTelephony.framework */,
				522424091AE5B94C00795868 /* SystemConfiguration.framework */,
				522424071AE5B94000795868 /* QuartzCore.framework */,
				522424051AE5B92E00795868 /* CoreLocation.framework */,
				522424031AE5B91200795868 /* AdSupport.framework */,
				524037D01AE539DE00E12A96 /* libz.dylib */,
				6782EEA4628A06A5D583C063 /* libPods.a */,
			);
			name = Frameworks;
			sourceTree = "<group>";
		};
		52B6CC3E1A9BF53D00E043C0 = {
			isa = PBXGroup;
			children = (
				52B6CC491A9BF53D00E043C0 /* SYPlayer */,
				52B6CC631A9BF53D00E043C0 /* SYPlayerTests */,
				52B6CC481A9BF53D00E043C0 /* Products */,
				3F552767449B30BC6171A30D /* Pods */,
				4729069209311C9BC55374BD /* Frameworks */,
			);
			sourceTree = "<group>";
		};
		52B6CC481A9BF53D00E043C0 /* Products */ = {
			isa = PBXGroup;
			children = (
				52B6CC471A9BF53D00E043C0 /* SYPlayer.app */,
				52B6CC601A9BF53D00E043C0 /* SYPlayerTests.xctest */,
			);
			name = Products;
			sourceTree = "<group>";
		};
		52B6CC491A9BF53D00E043C0 /* SYPlayer */ = {
			isa = PBXGroup;
			children = (
				751258751B21D2B500ABD013 /* Other */,
				751258631B21D1FD00ABD013 /* SYRootController */,
				751258301B21D07500ABD013 /* SYPlayingViewController */,
				751257FB1B21CD7200ABD013 /* SYAudioController */,
				52B6CC4A1A9BF53D00E043C0 /* Supporting Files */,
			);
			path = SYPlayer;
			sourceTree = "<group>";
		};
		52B6CC4A1A9BF53D00E043C0 /* Supporting Files */ = {
			isa = PBXGroup;
			children = (
				751258991B21D8AF00ABD013 /* Assets */,
				751258171B21D00B00ABD013 /* AppDelegate.h */,
				751258221B21D00B00ABD013 /* AppDelegate.m */,
				751258181B21D00B00ABD013 /* Gloable.c */,
				751258191B21D00B00ABD013 /* Gloable.h */,
				7512581A1B21D00B00ABD013 /* LaunchScreen.xib */,
				7512581B1B21D00B00ABD013 /* Main.storyboard */,
				7512581D1B21D00B00ABD013 /* nce_root.plist */,
				7512581E1B21D00B00ABD013 /* nec_mp3_file_list.txt */,
				7512581F1B21D00B00ABD013 /* plan.txt */,
				52B6CC571A9BF53D00E043C0 /* Images.xcassets */,
				52B6CC4B1A9BF53D00E043C0 /* Info.plist */,
				751258981B21D67600ABD013 /* root.txt */,
				751258941B21D58400ABD013 /* nce_root.db */,
				52B6CC4C1A9BF53D00E043C0 /* main.m */,
			);
			name = "Supporting Files";
			sourceTree = "<group>";
		};
		52B6CC631A9BF53D00E043C0 /* SYPlayerTests */ = {
			isa = PBXGroup;
			children = (
				52B6CC661A9BF53D00E043C0 /* SYPlayerTests.m */,
				52B6CC641A9BF53D00E043C0 /* Supporting Files */,
			);
			path = SYPlayerTests;
			sourceTree = "<group>";
		};
		52B6CC641A9BF53D00E043C0 /* Supporting Files */ = {
			isa = PBXGroup;
			children = (
				52B6CC651A9BF53D00E043C0 /* Info.plist */,
			);
			name = "Supporting Files";
			sourceTree = "<group>";
		};
		52E4C7EB1B19614900071FE8 /* Tools */ = {
			isa = PBXGroup;
			children = (
				52E4C7ED1B19615D00071FE8 /* SYCatcheTool.h */,
				52E4C7EC1B19615D00071FE8 /* SYCatcheTool.m */,
				5222CA6C1B1F13100016C4A1 /* SYOperationQueue.h */,
				5222CA6D1B1F13100016C4A1 /* SYOperationQueue.m */,
				5222CA6F1B1F13700016C4A1 /* SYQueue.h */,
				5222CA701B1F13700016C4A1 /* SYQueue.m */,
				751258881B21D3A900ABD013 /* MIBServer.h */,
				751258891B21D3A900ABD013 /* MIBServer.m */,
				7512588A1B21D3A900ABD013 /* MKDownloader.h */,
				7512588B1B21D3A900ABD013 /* MKDownloader.m */,
				7512588C1B21D3A900ABD013 /* SYDropdownAlert.h */,
				7512588D1B21D3A900ABD013 /* SYDropdownAlert.m */,
			);
			name = Tools;
			sourceTree = "<group>";
		};
		751257FB1B21CD7200ABD013 /* SYAudioController */ = {
			isa = PBXGroup;
			children = (
				751258131B21CEF900ABD013 /* Controller */,
				751257FC1B21CD9A00ABD013 /* Model */,
			);
			name = SYAudioController;
			sourceTree = "<group>";
		};
		751257FC1B21CD9A00ABD013 /* Model */ = {
			isa = PBXGroup;
			children = (
				751257FE1B21CE7800ABD013 /* SYAlbum.h */,
				751257FF1B21CE7800ABD013 /* SYAlbum.m */,
				751258001B21CE7800ABD013 /* SYAuthor.h */,
				751258011B21CE7800ABD013 /* SYAuthor.m */,
				751258041B21CE7800ABD013 /* SYMediaInfo.h */,
				751258051B21CE7800ABD013 /* SYMediaInfo.m */,
				751258061B21CE7800ABD013 /* SYModel.h */,
				751258071B21CE7800ABD013 /* SYModel.m */,
				7512580D1B21CEAA00ABD013 /* SYSong.h */,
				7512580E1B21CEAA00ABD013 /* SYSong.m */,
			);
			name = Model;
			sourceTree = "<group>";
		};
		751258131B21CEF900ABD013 /* Controller */ = {
			isa = PBXGroup;
			children = (
				751258101B21CEF300ABD013 /* SYAudioController.h */,
				751258111B21CEF300ABD013 /* SYAudioController.m */,
			);
			name = Controller;
			sourceTree = "<group>";
		};
		751258301B21D07500ABD013 /* SYPlayingViewController */ = {
			isa = PBXGroup;
			children = (
				751258331B21D09900ABD013 /* Controller */,
				751258321B21D09700ABD013 /* View */,
			);
			name = SYPlayingViewController;
			sourceTree = "<group>";
		};
		751258311B21D08F00ABD013 /* LRC */ = {
			isa = PBXGroup;
			children = (
				751258401B21D11100ABD013 /* SYGradientView.h */,
				751258411B21D11100ABD013 /* SYGradientView.m */,
				751258421B21D11100ABD013 /* SYLrcMaskLayer.h */,
				751258431B21D11100ABD013 /* SYLrcMaskLayer.m */,
				751258441B21D11100ABD013 /* SYLrcMaskView.h */,
				751258451B21D11100ABD013 /* SYLrcMaskView.m */,
				751258461B21D11100ABD013 /* SYLrcView.h */,
				751258471B21D11100ABD013 /* SYLrcView.m */,
			);
			name = LRC;
			sourceTree = "<group>";
		};
		751258321B21D09700ABD013 /* View */ = {
			isa = PBXGroup;
			children = (
				751258311B21D08F00ABD013 /* LRC */,
				7512584C1B21D16300ABD013 /* SYAlbumTableView.h */,
				7512584D1B21D16300ABD013 /* SYAlbumTableView.m */,
				7512584E1B21D16300ABD013 /* SYBackGroundScroll.h */,
				7512584F1B21D16300ABD013 /* SYBackGroundScroll.m */,
				751258501B21D16300ABD013 /* SYPlayerConsole.h */,
				751258511B21D16300ABD013 /* SYPlayerConsole.m */,
				751258521B21D16300ABD013 /* SYPlayerConsole.xib */,
				751258531B21D16300ABD013 /* SYRecordView.h */,
				751258541B21D16300ABD013 /* SYRecordView.m */,
				751258551B21D16300ABD013 /* SYSongCell.h */,
				751258561B21D16300ABD013 /* SYSongCell.m */,
				751258571B21D16300ABD013 /* SYTitleButton.h */,
				751258581B21D16300ABD013 /* SYTitleButton.m */,
			);
			name = View;
			sourceTree = "<group>";
		};
		751258331B21D09900ABD013 /* Controller */ = {
			isa = PBXGroup;
			children = (
				751258601B21D1A600ABD013 /* SYPlayingViewController.h */,
				751258611B21D1A600ABD013 /* SYPlayingViewController.m */,
			);
			name = Controller;
			sourceTree = "<group>";
		};
		751258631B21D1FD00ABD013 /* SYRootController */ = {
			isa = PBXGroup;
			children = (
				751258661B21D20C00ABD013 /* Controller */,
				751258651B21D20900ABD013 /* Model */,
				751258641B21D20200ABD013 /* View */,
			);
			name = SYRootController;
			sourceTree = "<group>";
		};
		751258641B21D20200ABD013 /* View */ = {
			isa = PBXGroup;
			children = (
				7512586F1B21D28100ABD013 /* SYCircleCell.h */,
				751258701B21D28100ABD013 /* SYCircleCell.m */,
				751258711B21D28100ABD013 /* SYCollectionViewLayout.h */,
				751258721B21D28100ABD013 /* SYCollectionViewLayout.m */,
			);
			name = View;
			sourceTree = "<group>";
		};
		751258651B21D20900ABD013 /* Model */ = {
			isa = PBXGroup;
			children = (
				7512586A1B21D26B00ABD013 /* SYCircleModel.h */,
				7512586B1B21D26B00ABD013 /* SYCircleModel.m */,
				7512586C1B21D26B00ABD013 /* VolumeList.plist */,
			);
			name = Model;
			sourceTree = "<group>";
		};
		751258661B21D20C00ABD013 /* Controller */ = {
			isa = PBXGroup;
			children = (
				751258671B21D24D00ABD013 /* SYRootViewController.h */,
				751258681B21D24D00ABD013 /* SYRootViewController.m */,
			);
			name = Controller;
			sourceTree = "<group>";
		};
		751258751B21D2B500ABD013 /* Other */ = {
			isa = PBXGroup;
			children = (
				52E4C7EB1B19614900071FE8 /* Tools */,
				7512587C1B21D31400ABD013 /* Categorys */,
				7512587B1B21D31100ABD013 /* GDT */,
				7512587A1B21D30E00ABD013 /* UMENG */,
				751258791B21D2F200ABD013 /* View */,
			);
			name = Other;
			sourceTree = "<group>";
		};
		751258791B21D2F200ABD013 /* View */ = {
			isa = PBXGroup;
			children = (
				751258761B21D2DA00ABD013 /* EVCircularProgressView.h */,
				751258771B21D2DA00ABD013 /* EVCircularProgressView.m */,
			);
			name = View;
			sourceTree = "<group>";
		};
		7512587A1B21D30E00ABD013 /* UMENG */ = {
			isa = PBXGroup;
			children = (
				751258911B21D3CA00ABD013 /* libMobClickLibrary.a */,
				751258921B21D3CA00ABD013 /* MobClick.h */,
			);
			name = UMENG;
			sourceTree = "<group>";
		};
		7512587B1B21D31100ABD013 /* GDT */ = {
			isa = PBXGroup;
			children = (
				751258831B21D37B00ABD013 /* GDTMobBannerView.h */,
				751258841B21D37B00ABD013 /* GDTMobInterstitial.h */,
				751258851B21D37B00ABD013 /* GDTNativeAd.h */,
				751258861B21D37B00ABD013 /* libGDTMobSDK_v3.3.a */,
			);
			name = GDT;
			sourceTree = "<group>";
		};
		7512587C1B21D31400ABD013 /* Categorys */ = {
			isa = PBXGroup;
			children = (
				7512587D1B21D36000ABD013 /* NSString+Tools.h */,
				7512587E1B21D36000ABD013 /* NSString+Tools.m */,
				7512587F1B21D36000ABD013 /* UIImage+MIB.h */,
				751258801B21D36000ABD013 /* UIImage+MIB.m */,
			);
			name = Categorys;
			sourceTree = "<group>";
		};
/* End PBXGroup section */

/* Begin PBXNativeTarget section */
		52B6CC461A9BF53D00E043C0 /* SYPlayer */ = {
			isa = PBXNativeTarget;
			buildConfigurationList = 52B6CC6A1A9BF53D00E043C0 /* Build configuration list for PBXNativeTarget "SYPlayer" */;
			buildPhases = (
				FDB37D870962FD8E7B77DC77 /* Check Pods Manifest.lock */,
				52B6CC431A9BF53D00E043C0 /* Sources */,
				52B6CC441A9BF53D00E043C0 /* Frameworks */,
				52B6CC451A9BF53D00E043C0 /* Resources */,
				20D16346E64CA0B13F9B6235 /* Copy Pods Resources */,
				756127851B242DCD00373CEC /* ShellScript */,
			);
			buildRules = (
			);
			dependencies = (
			);
			name = SYPlayer;
			productName = SYPlayer;
			productReference = 52B6CC471A9BF53D00E043C0 /* SYPlayer.app */;
			productType = "com.apple.product-type.application";
		};
		52B6CC5F1A9BF53D00E043C0 /* SYPlayerTests */ = {
			isa = PBXNativeTarget;
			buildConfigurationList = 52B6CC6D1A9BF53D00E043C0 /* Build configuration list for PBXNativeTarget "SYPlayerTests" */;
			buildPhases = (
				52B6CC5C1A9BF53D00E043C0 /* Sources */,
				52B6CC5D1A9BF53D00E043C0 /* Frameworks */,
				52B6CC5E1A9BF53D00E043C0 /* Resources */,
			);
			buildRules = (
			);
			dependencies = (
				52B6CC621A9BF53D00E043C0 /* PBXTargetDependency */,
			);
			name = SYPlayerTests;
			productName = SYPlayerTests;
			productReference = 52B6CC601A9BF53D00E043C0 /* SYPlayerTests.xctest */;
			productType = "com.apple.product-type.bundle.unit-test";
		};
/* End PBXNativeTarget section */

/* Begin PBXProject section */
		52B6CC3F1A9BF53D00E043C0 /* Project object */ = {
			isa = PBXProject;
			attributes = {
				LastUpgradeCheck = 0600;
				ORGANIZATIONNAME = YinYanhui;
				TargetAttributes = {
					52B6CC461A9BF53D00E043C0 = {
						CreatedOnToolsVersion = 6.0.1;
						DevelopmentTeam = P9E9N47422;
					};
					52B6CC5F1A9BF53D00E043C0 = {
						CreatedOnToolsVersion = 6.0.1;
						TestTargetID = 52B6CC461A9BF53D00E043C0;
					};
				};
			};
			buildConfigurationList = 52B6CC421A9BF53D00E043C0 /* Build configuration list for PBXProject "SYPlayer" */;
			compatibilityVersion = "Xcode 3.2";
			developmentRegion = English;
			hasScannedForEncodings = 0;
			knownRegions = (
				en,
				Base,
			);
			mainGroup = 52B6CC3E1A9BF53D00E043C0;
			productRefGroup = 52B6CC481A9BF53D00E043C0 /* Products */;
			projectDirPath = "";
			projectRoot = "";
			targets = (
				52B6CC461A9BF53D00E043C0 /* SYPlayer */,
				52B6CC5F1A9BF53D00E043C0 /* SYPlayerTests */,
			);
		};
/* End PBXProject section */

/* Begin PBXResourcesBuildPhase section */
		52B6CC451A9BF53D00E043C0 /* Resources */ = {
			isa = PBXResourcesBuildPhase;
			buildActionMask = 2147483647;
			files = (
				7512589B1B21E00400ABD013 /* nce_root.db in Resources */,
				7512586E1B21D26B00ABD013 /* VolumeList.plist in Resources */,
				7512582B1B21D00B00ABD013 /* nec_mp3_file_list.txt in Resources */,
				52B6CC581A9BF53D00E043C0 /* Images.xcassets in Resources */,
				7512585C1B21D16300ABD013 /* SYPlayerConsole.xib in Resources */,
				751258271B21D00B00ABD013 /* LaunchScreen.xib in Resources */,
				7512589A1B21D8AF00ABD013 /* Assets in Resources */,
				751258281B21D00B00ABD013 /* Main.storyboard in Resources */,
				7512582A1B21D00B00ABD013 /* nce_root.plist in Resources */,
				7512582C1B21D00B00ABD013 /* plan.txt in Resources */,
			);
			runOnlyForDeploymentPostprocessing = 0;
		};
		52B6CC5E1A9BF53D00E043C0 /* Resources */ = {
			isa = PBXResourcesBuildPhase;
			buildActionMask = 2147483647;
			files = (
			);
			runOnlyForDeploymentPostprocessing = 0;
		};
/* End PBXResourcesBuildPhase section */

/* Begin PBXShellScriptBuildPhase section */
		20D16346E64CA0B13F9B6235 /* Copy Pods Resources */ = {
			isa = PBXShellScriptBuildPhase;
			buildActionMask = 2147483647;
			files = (
			);
			inputPaths = (
			);
			name = "Copy Pods Resources";
			outputPaths = (
			);
			runOnlyForDeploymentPostprocessing = 0;
			shellPath = /bin/sh;
			shellScript = "\"${SRCROOT}/Pods/Target Support Files/Pods/Pods-resources.sh\"\n";
			showEnvVarsInLog = 0;
		};
		756127851B242DCD00373CEC /* ShellScript */ = {
			isa = PBXShellScriptBuildPhase;
			buildActionMask = 12;
			files = (
			);
			inputPaths = (
			);
			outputPaths = (
			);
			runOnlyForDeploymentPostprocessing = 0;
			shellPath = /bin/sh;
			shellScript = "./Crashlytics.framework/run 95a455f149ee437632f8d7be182c078e93746625 e49bc748bc3c694f2b22c61ef726a02996adaccb36c2c5d8a89fd3860bd238d5";
		};
		FDB37D870962FD8E7B77DC77 /* Check Pods Manifest.lock */ = {
			isa = PBXShellScriptBuildPhase;
			buildActionMask = 2147483647;
			files = (
			);
			inputPaths = (
			);
			name = "Check Pods Manifest.lock";
			outputPaths = (
			);
			runOnlyForDeploymentPostprocessing = 0;
			shellPath = /bin/sh;
			shellScript = "diff \"${PODS_ROOT}/../Podfile.lock\" \"${PODS_ROOT}/Manifest.lock\" > /dev/null\nif [[ $? != 0 ]] ; then\n    cat << EOM\nerror: The sandbox is not in sync with the Podfile.lock. Run 'pod install' or update your CocoaPods installation.\nEOM\n    exit 1\nfi\n";
			showEnvVarsInLog = 0;
		};
/* End PBXShellScriptBuildPhase section */

/* Begin PBXSourcesBuildPhase section */
		52B6CC431A9BF53D00E043C0 /* Sources */ = {
			isa = PBXSourcesBuildPhase;
			buildActionMask = 2147483647;
			files = (
				7512585B1B21D16300ABD013 /* SYPlayerConsole.m in Sources */,
				7512580B1B21CE7800ABD013 /* SYMediaInfo.m in Sources */,
				751258621B21D1A600ABD013 /* SYPlayingViewController.m in Sources */,
				7512588F1B21D3A900ABD013 /* MKDownloader.m in Sources */,
				751258491B21D11100ABD013 /* SYLrcMaskLayer.m in Sources */,
				751258081B21CE7800ABD013 /* SYAlbum.m in Sources */,
				5222CA6E1B1F13100016C4A1 /* SYOperationQueue.m in Sources */,
				751258781B21D2DA00ABD013 /* EVCircularProgressView.m in Sources */,
				751258901B21D3A900ABD013 /* SYDropdownAlert.m in Sources */,
				7512585D1B21D16300ABD013 /* SYRecordView.m in Sources */,
				751258691B21D24D00ABD013 /* SYRootViewController.m in Sources */,
				751258741B21D28100ABD013 /* SYCollectionViewLayout.m in Sources */,
				7512588E1B21D3A900ABD013 /* MIBServer.m in Sources */,
				52B6CC4D1A9BF53D00E043C0 /* main.m in Sources */,
				751258091B21CE7800ABD013 /* SYAuthor.m in Sources */,
				7512586D1B21D26B00ABD013 /* SYCircleModel.m in Sources */,
				751258261B21D00B00ABD013 /* Gloable.c in Sources */,
				7512584B1B21D11100ABD013 /* SYLrcView.m in Sources */,
				7512585A1B21D16300ABD013 /* SYBackGroundScroll.m in Sources */,
				751258731B21D28100ABD013 /* SYCircleCell.m in Sources */,
				7512585F1B21D16300ABD013 /* SYTitleButton.m in Sources */,
				751258481B21D11100ABD013 /* SYGradientView.m in Sources */,
				7512585E1B21D16300ABD013 /* SYSongCell.m in Sources */,
				751258821B21D36000ABD013 /* UIImage+MIB.m in Sources */,
				7512584A1B21D11100ABD013 /* SYLrcMaskView.m in Sources */,
				751258591B21D16300ABD013 /* SYAlbumTableView.m in Sources */,
				751258121B21CEF300ABD013 /* SYAudioController.m in Sources */,
				7512580C1B21CE7800ABD013 /* SYModel.m in Sources */,
				52E4C7EE1B19615D00071FE8 /* SYCatcheTool.m in Sources */,
				5222CA711B1F13700016C4A1 /* SYQueue.m in Sources */,
				751258811B21D36000ABD013 /* NSString+Tools.m in Sources */,
				7512580F1B21CEAA00ABD013 /* SYSong.m in Sources */,
				7512582F1B21D00B00ABD013 /* AppDelegate.m in Sources */,
			);
			runOnlyForDeploymentPostprocessing = 0;
		};
		52B6CC5C1A9BF53D00E043C0 /* Sources */ = {
			isa = PBXSourcesBuildPhase;
			buildActionMask = 2147483647;
			files = (
				52B6CC671A9BF53D00E043C0 /* SYPlayerTests.m in Sources */,
			);
			runOnlyForDeploymentPostprocessing = 0;
		};
/* End PBXSourcesBuildPhase section */

/* Begin PBXTargetDependency section */
		52B6CC621A9BF53D00E043C0 /* PBXTargetDependency */ = {
			isa = PBXTargetDependency;
			target = 52B6CC461A9BF53D00E043C0 /* SYPlayer */;
			targetProxy = 52B6CC611A9BF53D00E043C0 /* PBXContainerItemProxy */;
		};
/* End PBXTargetDependency section */

/* Begin XCBuildConfiguration section */
		52B6CC681A9BF53D00E043C0 /* Debug */ = {
			isa = XCBuildConfiguration;
			buildSettings = {
				ALWAYS_SEARCH_USER_PATHS = NO;
				CLANG_CXX_LANGUAGE_STANDARD = "gnu++0x";
				CLANG_CXX_LIBRARY = "libc++";
				CLANG_ENABLE_MODULES = YES;
				CLANG_ENABLE_OBJC_ARC = YES;
				CLANG_WARN_BOOL_CONVERSION = YES;
				CLANG_WARN_CONSTANT_CONVERSION = YES;
				CLANG_WARN_DIRECT_OBJC_ISA_USAGE = YES_ERROR;
				CLANG_WARN_EMPTY_BODY = YES;
				CLANG_WARN_ENUM_CONVERSION = YES;
				CLANG_WARN_INT_CONVERSION = YES;
				CLANG_WARN_OBJC_ROOT_CLASS = YES_ERROR;
				CLANG_WARN_UNREACHABLE_CODE = YES;
				CLANG_WARN__DUPLICATE_METHOD_MATCH = YES;
				"CODE_SIGN_IDENTITY[sdk=iphoneos*]" = "iPhone Developer";
				COPY_PHASE_STRIP = NO;
				ENABLE_STRICT_OBJC_MSGSEND = YES;
				GCC_C_LANGUAGE_STANDARD = gnu99;
				GCC_DYNAMIC_NO_PIC = NO;
				GCC_OPTIMIZATION_LEVEL = 0;
				GCC_PREPROCESSOR_DEFINITIONS = (
					"DEBUG=1",
					"$(inherited)",
				);
				GCC_SYMBOLS_PRIVATE_EXTERN = NO;
				GCC_WARN_64_TO_32_BIT_CONVERSION = YES;
				GCC_WARN_ABOUT_RETURN_TYPE = YES_ERROR;
				GCC_WARN_UNDECLARED_SELECTOR = YES;
				GCC_WARN_UNINITIALIZED_AUTOS = YES_AGGRESSIVE;
				GCC_WARN_UNUSED_FUNCTION = YES;
				GCC_WARN_UNUSED_VARIABLE = YES;
				IPHONEOS_DEPLOYMENT_TARGET = 8.0;
				MTL_ENABLE_DEBUG_INFO = YES;
				ONLY_ACTIVE_ARCH = YES;
				SDKROOT = iphoneos;
				TARGETED_DEVICE_FAMILY = "1,2";
			};
			name = Debug;
		};
		52B6CC691A9BF53D00E043C0 /* Release */ = {
			isa = XCBuildConfiguration;
			buildSettings = {
				ALWAYS_SEARCH_USER_PATHS = NO;
				CLANG_CXX_LANGUAGE_STANDARD = "gnu++0x";
				CLANG_CXX_LIBRARY = "libc++";
				CLANG_ENABLE_MODULES = YES;
				CLANG_ENABLE_OBJC_ARC = YES;
				CLANG_WARN_BOOL_CONVERSION = YES;
				CLANG_WARN_CONSTANT_CONVERSION = YES;
				CLANG_WARN_DIRECT_OBJC_ISA_USAGE = YES_ERROR;
				CLANG_WARN_EMPTY_BODY = YES;
				CLANG_WARN_ENUM_CONVERSION = YES;
				CLANG_WARN_INT_CONVERSION = YES;
				CLANG_WARN_OBJC_ROOT_CLASS = YES_ERROR;
				CLANG_WARN_UNREACHABLE_CODE = YES;
				CLANG_WARN__DUPLICATE_METHOD_MATCH = YES;
				"CODE_SIGN_IDENTITY[sdk=iphoneos*]" = "iPhone Developer";
				COPY_PHASE_STRIP = YES;
				ENABLE_NS_ASSERTIONS = NO;
				ENABLE_STRICT_OBJC_MSGSEND = YES;
				GCC_C_LANGUAGE_STANDARD = gnu99;
				GCC_WARN_64_TO_32_BIT_CONVERSION = YES;
				GCC_WARN_ABOUT_RETURN_TYPE = YES_ERROR;
				GCC_WARN_UNDECLARED_SELECTOR = YES;
				GCC_WARN_UNINITIALIZED_AUTOS = YES_AGGRESSIVE;
				GCC_WARN_UNUSED_FUNCTION = YES;
				GCC_WARN_UNUSED_VARIABLE = YES;
				IPHONEOS_DEPLOYMENT_TARGET = 8.0;
				MTL_ENABLE_DEBUG_INFO = NO;
				SDKROOT = iphoneos;
				TARGETED_DEVICE_FAMILY = "1,2";
				VALIDATE_PRODUCT = YES;
			};
			name = Release;
		};
		52B6CC6B1A9BF53D00E043C0 /* Debug */ = {
			isa = XCBuildConfiguration;
			baseConfigurationReference = 3E6801AC50639668D3115AA8 /* Pods.debug.xcconfig */;
			buildSettings = {
				ASSETCATALOG_COMPILER_APPICON_NAME = AppIcon;
				ASSETCATALOG_COMPILER_LAUNCHIMAGE_NAME = LaunchImage;
				CODE_SIGN_IDENTITY = "iPhone Developer";
				"CODE_SIGN_IDENTITY[sdk=iphoneos*]" = "iPhone Developer";
				FRAMEWORK_SEARCH_PATHS = (
					"$(inherited)",
					"$(PROJECT_DIR)/SYPlayer",
					"$(PROJECT_DIR)",
				);
				INFOPLIST_FILE = SYPlayer/Info.plist;
				IPHONEOS_DEPLOYMENT_TARGET = 7.0;
				LD_RUNPATH_SEARCH_PATHS = "$(inherited) @executable_path/Frameworks";
				LIBRARY_SEARCH_PATHS = (
					"$(inherited)",
					"$(PROJECT_DIR)/SYPlayer",
					"$(PROJECT_DIR)/SYPlayer/Other/GDT",
					"$(PROJECT_DIR)/SYPlayer/Other/UMENG",
				);
				PRODUCT_NAME = "$(TARGET_NAME)";
				PROVISIONING_PROFILE = "";
				TARGETED_DEVICE_FAMILY = 1;
			};
			name = Debug;
		};
		52B6CC6C1A9BF53D00E043C0 /* Release */ = {
			isa = XCBuildConfiguration;
			baseConfigurationReference = C1BA314FB55BFFFFDDB77F2E /* Pods.release.xcconfig */;
			buildSettings = {
				ASSETCATALOG_COMPILER_APPICON_NAME = AppIcon;
				ASSETCATALOG_COMPILER_LAUNCHIMAGE_NAME = LaunchImage;
				CODE_SIGN_IDENTITY = "iPhone Developer";
				"CODE_SIGN_IDENTITY[sdk=iphoneos*]" = "iPhone Developer";
				FRAMEWORK_SEARCH_PATHS = (
					"$(inherited)",
					"$(PROJECT_DIR)/SYPlayer",
					"$(PROJECT_DIR)",
				);
				INFOPLIST_FILE = SYPlayer/Info.plist;
				IPHONEOS_DEPLOYMENT_TARGET = 7.0;
				LD_RUNPATH_SEARCH_PATHS = "$(inherited) @executable_path/Frameworks";
				LIBRARY_SEARCH_PATHS = (
					"$(inherited)",
					"$(PROJECT_DIR)/SYPlayer",
					"$(PROJECT_DIR)/SYPlayer/Other/GDT",
					"$(PROJECT_DIR)/SYPlayer/Other/UMENG",
				);
				PRODUCT_NAME = "$(TARGET_NAME)";
				PROVISIONING_PROFILE = "";
				TARGETED_DEVICE_FAMILY = 1;
			};
			name = Release;
		};
		52B6CC6E1A9BF53D00E043C0 /* Debug */ = {
			isa = XCBuildConfiguration;
			buildSettings = {
				BUNDLE_LOADER = "$(TEST_HOST)";
				FRAMEWORK_SEARCH_PATHS = (
					"$(SDKROOT)/Developer/Library/Frameworks",
					"$(inherited)",
				);
				GCC_PREPROCESSOR_DEFINITIONS = (
					"DEBUG=1",
					"$(inherited)",
				);
				INFOPLIST_FILE = SYPlayerTests/Info.plist;
				LD_RUNPATH_SEARCH_PATHS = "$(inherited) @executable_path/Frameworks @loader_path/Frameworks";
				PRODUCT_NAME = "$(TARGET_NAME)";
				TEST_HOST = "$(BUILT_PRODUCTS_DIR)/SYPlayer.app/SYPlayer";
			};
			name = Debug;
		};
		52B6CC6F1A9BF53D00E043C0 /* Release */ = {
			isa = XCBuildConfiguration;
			buildSettings = {
				BUNDLE_LOADER = "$(TEST_HOST)";
				FRAMEWORK_SEARCH_PATHS = (
					"$(SDKROOT)/Developer/Library/Frameworks",
					"$(inherited)",
				);
				INFOPLIST_FILE = SYPlayerTests/Info.plist;
				LD_RUNPATH_SEARCH_PATHS = "$(inherited) @executable_path/Frameworks @loader_path/Frameworks";
				PRODUCT_NAME = "$(TARGET_NAME)";
				TEST_HOST = "$(BUILT_PRODUCTS_DIR)/SYPlayer.app/SYPlayer";
			};
			name = Release;
		};
/* End XCBuildConfiguration section */

/* Begin XCConfigurationList section */
		52B6CC421A9BF53D00E043C0 /* Build configuration list for PBXProject "SYPlayer" */ = {
			isa = XCConfigurationList;
			buildConfigurations = (
				52B6CC681A9BF53D00E043C0 /* Debug */,
				52B6CC691A9BF53D00E043C0 /* Release */,
			);
			defaultConfigurationIsVisible = 0;
			defaultConfigurationName = Release;
		};
		52B6CC6A1A9BF53D00E043C0 /* Build configuration list for PBXNativeTarget "SYPlayer" */ = {
			isa = XCConfigurationList;
			buildConfigurations = (
				52B6CC6B1A9BF53D00E043C0 /* Debug */,
				52B6CC6C1A9BF53D00E043C0 /* Release */,
			);
			defaultConfigurationIsVisible = 0;
			defaultConfigurationName = Release;
		};
		52B6CC6D1A9BF53D00E043C0 /* Build configuration list for PBXNativeTarget "SYPlayerTests" */ = {
			isa = XCConfigurationList;
			buildConfigurations = (
				52B6CC6E1A9BF53D00E043C0 /* Debug */,
				52B6CC6F1A9BF53D00E043C0 /* Release */,
			);
			defaultConfigurationIsVisible = 0;
			defaultConfigurationName = Release;
		};
/* End XCConfigurationList section */
	};
	rootObject = 52B6CC3F1A9BF53D00E043C0 /* Project object */;
}
